
Microsoft Visual Studio Solution File, Format Version 12.00
# Visual Studio Version 16
VisualStudioVersion = 16.0.30709.64
MinimumVisualStudioVersion = 10.0.40219.1
Project("{2150E333-8FDC-42A3-9474-1A3956D46DE8}") = "Platforms", "Platforms", "{ABFA86EB-9746-4E40-88E0-45434E45B36C}"
EndProject
Project("{FAE04EC0-301F-11D3-BF4B-00C04F79EFBC}") = "DigitalSpeakerAssistant.Droid", "DigitalSpeakerAssistant\DigitalSpeakerAssistant.Droid\DigitalSpeakerAssistant.Droid.csproj", "{0B300ED7-0617-4D0F-9A22-33E3CB3FF0F5}"
EndProject
Project("{FAE04EC0-301F-11D3-BF4B-00C04F79EFBC}") = "DigitalSpeakerAssistant.iOS", "DigitalSpeakerAssistant\DigitalSpeakerAssistant.iOS\DigitalSpeakerAssistant.iOS.csproj", "{14010820-8DD7-4E91-98F8-4EB2602439C1}"
EndProject
Project("{FAE04EC0-301F-11D3-BF4B-00C04F79EFBC}") = "DigitalSpeakerAssistant.UWP", "DigitalSpeakerAssistant\DigitalSpeakerAssistant.UWP\DigitalSpeakerAssistant.UWP.csproj", "{42AB8991-D588-4392-9545-68E63AE45850}"
EndProject
Project("{9A19103F-16F7-4668-BE54-9A1E7A4F7556}") = "DigitalSpeakerAssistant.Wasm", "DigitalSpeakerAssistant\DigitalSpeakerAssistant.Wasm\DigitalSpeakerAssistant.Wasm.csproj", "{3F53BF9A-4134-4183-A9AA-E13F76BF927C}"
EndProject
Project("{FAE04EC0-301F-11D3-BF4B-00C04F79EFBC}") = "DigitalSpeakerAssistant.macOS", "DigitalSpeakerAssistant\DigitalSpeakerAssistant.macOS\DigitalSpeakerAssistant.macOS.csproj", "{B527ED9F-6AB2-4EBC-8DF3-AE46843B54EB}"
EndProject
Project("{9A19103F-16F7-4668-BE54-9A1E7A4F7556}") = "DigitalSpeakerAssistant.Skia.Wpf.Host", "DigitalSpeakerAssistant\DigitalSpeakerAssistant.Skia.Wpf.Host\DigitalSpeakerAssistant.Skia.Wpf.Host.csproj", "{CAFC35AF-8558-4A3B-A219-8113735BCF52}"
EndProject
Project("{9A19103F-16F7-4668-BE54-9A1E7A4F7556}") = "DigitalSpeakerAssistant.Skia.Wpf", "DigitalSpeakerAssistant\DigitalSpeakerAssistant.Skia.Wpf\DigitalSpeakerAssistant.Skia.Wpf.csproj", "{9FEC8963-FB86-4B25-9A5D-31A45234F343}"
EndProject
Project("{9A19103F-16F7-4668-BE54-9A1E7A4F7556}") = "DigitalSpeakerAssistant.Skia.Gtk", "DigitalSpeakerAssistant\DigitalSpeakerAssistant.Skia.Gtk\DigitalSpeakerAssistant.Skia.Gtk.csproj", "{8CAB47D6-0F28-4C18-A439-4BF70CBD7F84}"
EndProject
Project("{9A19103F-16F7-4668-BE54-9A1E7A4F7556}") = "DigitalSpeakerAssistant.Skia.Tizen", "DigitalSpeakerAssistant\DigitalSpeakerAssistant.Skia.Tizen\DigitalSpeakerAssistant.Skia.Tizen.csproj", "{1E9DD5FC-7C7B-4419-9E67-D22EA5365D6F}"
EndProject
Project("{D954291E-2A0B-460D-934E-DC6B0785DB48}") = "DigitalSpeakerAssistant.Shared", "DigitalSpeakerAssistant\DigitalSpeakerAssistant.Shared\DigitalSpeakerAssistant.Shared.shproj", "{6279C845-92F8-4333-AB99-3D213163593C}"
EndProject
Global
	GlobalSection(SharedMSBuildProjectFiles) = preSolution
		DigitalSpeakerAssistant\DigitalSpeakerAssistant.Shared\DigitalSpeakerAssistant.Shared.projitems*{0b300ed7-0617-4d0f-9a22-33e3cb3ff0f5}*SharedItemsImports = 4
		DigitalSpeakerAssistant\DigitalSpeakerAssistant.Shared\DigitalSpeakerAssistant.Shared.projitems*{14010820-8dd7-4e91-98f8-4eb2602439c1}*SharedItemsImports = 4
		DigitalSpeakerAssistant\DigitalSpeakerAssistant.Shared\DigitalSpeakerAssistant.Shared.projitems*{1e9dd5fc-7c7b-4419-9e67-d22ea5365d6f}*SharedItemsImports = 5
		DigitalSpeakerAssistant\DigitalSpeakerAssistant.Shared\DigitalSpeakerAssistant.Shared.projitems*{3f53bf9a-4134-4183-a9aa-e13f76bf927c}*SharedItemsImports = 5
		DigitalSpeakerAssistant\DigitalSpeakerAssistant.Shared\DigitalSpeakerAssistant.Shared.projitems*{42ab8991-d588-4392-9545-68e63ae45850}*SharedItemsImports = 4
		DigitalSpeakerAssistant\DigitalSpeakerAssistant.Shared\DigitalSpeakerAssistant.Shared.projitems*{6279c845-92f8-4333-ab99-3d213163593c}*SharedItemsImports = 13
		DigitalSpeakerAssistant\DigitalSpeakerAssistant.Shared\DigitalSpeakerAssistant.Shared.projitems*{8cab47d6-0f28-4c18-a439-4bf70cbd7f84}*SharedItemsImports = 5
		DigitalSpeakerAssistant\DigitalSpeakerAssistant.Shared\DigitalSpeakerAssistant.Shared.projitems*{9fec8963-fb86-4b25-9a5d-31a45234f343}*SharedItemsImports = 5
		DigitalSpeakerAssistant\DigitalSpeakerAssistant.Shared\DigitalSpeakerAssistant.Shared.projitems*{b527ed9f-6ab2-4ebc-8df3-ae46843b54eb}*SharedItemsImports = 4
	EndGlobalSection
	GlobalSection(SolutionConfigurationPlatforms) = preSolution
		Ad-Hoc|Any CPU = Ad-Hoc|Any CPU
		Ad-Hoc|ARM = Ad-Hoc|ARM
		Ad-Hoc|ARM64 = Ad-Hoc|ARM64
		Ad-Hoc|iPhone = Ad-Hoc|iPhone
		Ad-Hoc|iPhoneSimulator = Ad-Hoc|iPhoneSimulator
		Ad-Hoc|x64 = Ad-Hoc|x64
		Ad-Hoc|x86 = Ad-Hoc|x86
		AppStore|Any CPU = AppStore|Any CPU
		AppStore|ARM = AppStore|ARM
		AppStore|ARM64 = AppStore|ARM64
		AppStore|iPhone = AppStore|iPhone
		AppStore|iPhoneSimulator = AppStore|iPhoneSimulator
		AppStore|x64 = AppStore|x64
		AppStore|x86 = AppStore|x86
		Debug|Any CPU = Debug|Any CPU
		Debug|ARM = Debug|ARM
		Debug|ARM64 = Debug|ARM64
		Debug|iPhone = Debug|iPhone
		Debug|iPhoneSimulator = Debug|iPhoneSimulator
		Debug|x64 = Debug|x64
		Debug|x86 = Debug|x86
		Release|Any CPU = Release|Any CPU
		Release|ARM = Release|ARM
		Release|ARM64 = Release|ARM64
		Release|iPhone = Release|iPhone
		Release|iPhoneSimulator = Release|iPhoneSimulator
		Release|x64 = Release|x64
		Release|x86 = Release|x86
	EndGlobalSection
	GlobalSection(ProjectConfigurationPlatforms) = postSolution
		{0B300ED7-0617-4D0F-9A22-33E3CB3FF0F5}.Ad-Hoc|Any CPU.ActiveCfg = Debug|Any CPU
		{0B300ED7-0617-4D0F-9A22-33E3CB3FF0F5}.Ad-Hoc|Any CPU.Build.0 = Debug|Any CPU
		{0B300ED7-0617-4D0F-9A22-33E3CB3FF0F5}.Ad-Hoc|Any CPU.Deploy.0 = Debug|Any CPU
		{0B300ED7-0617-4D0F-9A22-33E3CB3FF0F5}.Ad-Hoc|ARM.ActiveCfg = Debug|Any CPU
		{0B300ED7-0617-4D0F-9A22-33E3CB3FF0F5}.Ad-Hoc|ARM.Build.0 = Debug|Any CPU
		{0B300ED7-0617-4D0F-9A22-33E3CB3FF0F5}.Ad-Hoc|ARM.Deploy.0 = Debug|Any CPU
		{0B300ED7-0617-4D0F-9A22-33E3CB3FF0F5}.Ad-Hoc|ARM64.ActiveCfg = Debug|Any CPU
		{0B300ED7-0617-4D0F-9A22-33E3CB3FF0F5}.Ad-Hoc|ARM64.Build.0 = Debug|Any CPU
		{0B300ED7-0617-4D0F-9A22-33E3CB3FF0F5}.Ad-Hoc|ARM64.Deploy.0 = Debug|Any CPU
		{0B300ED7-0617-4D0F-9A22-33E3CB3FF0F5}.Ad-Hoc|iPhone.ActiveCfg = Debug|Any CPU
		{0B300ED7-0617-4D0F-9A22-33E3CB3FF0F5}.Ad-Hoc|iPhone.Build.0 = Debug|Any CPU
		{0B300ED7-0617-4D0F-9A22-33E3CB3FF0F5}.Ad-Hoc|iPhone.Deploy.0 = Debug|Any CPU
		{0B300ED7-0617-4D0F-9A22-33E3CB3FF0F5}.Ad-Hoc|iPhoneSimulator.ActiveCfg = Debug|Any CPU
		{0B300ED7-0617-4D0F-9A22-33E3CB3FF0F5}.Ad-Hoc|iPhoneSimulator.Build.0 = Debug|Any CPU
		{0B300ED7-0617-4D0F-9A22-33E3CB3FF0F5}.Ad-Hoc|iPhoneSimulator.Deploy.0 = Debug|Any CPU
		{0B300ED7-0617-4D0F-9A22-33E3CB3FF0F5}.Ad-Hoc|x64.ActiveCfg = Debug|Any CPU
		{0B300ED7-0617-4D0F-9A22-33E3CB3FF0F5}.Ad-Hoc|x64.Build.0 = Debug|Any CPU
		{0B300ED7-0617-4D0F-9A22-33E3CB3FF0F5}.Ad-Hoc|x64.Deploy.0 = Debug|Any CPU
		{0B300ED7-0617-4D0F-9A22-33E3CB3FF0F5}.Ad-Hoc|x86.ActiveCfg = Debug|Any CPU
		{0B300ED7-0617-4D0F-9A22-33E3CB3FF0F5}.Ad-Hoc|x86.Build.0 = Debug|Any CPU
		{0B300ED7-0617-4D0F-9A22-33E3CB3FF0F5}.Ad-Hoc|x86.Deploy.0 = Debug|Any CPU
		{0B300ED7-0617-4D0F-9A22-33E3CB3FF0F5}.AppStore|Any CPU.ActiveCfg = Debug|Any CPU
		{0B300ED7-0617-4D0F-9A22-33E3CB3FF0F5}.AppStore|Any CPU.Build.0 = Debug|Any CPU
		{0B300ED7-0617-4D0F-9A22-33E3CB3FF0F5}.AppStore|Any CPU.Deploy.0 = Debug|Any CPU
		{0B300ED7-0617-4D0F-9A22-33E3CB3FF0F5}.AppStore|ARM.ActiveCfg = Debug|Any CPU
		{0B300ED7-0617-4D0F-9A22-33E3CB3FF0F5}.AppStore|ARM.Build.0 = Debug|Any CPU
		{0B300ED7-0617-4D0F-9A22-33E3CB3FF0F5}.AppStore|ARM.Deploy.0 = Debug|Any CPU
		{0B300ED7-0617-4D0F-9A22-33E3CB3FF0F5}.AppStore|ARM64.ActiveCfg = Debug|Any CPU
		{0B300ED7-0617-4D0F-9A22-33E3CB3FF0F5}.AppStore|ARM64.Build.0 = Debug|Any CPU
		{0B300ED7-0617-4D0F-9A22-33E3CB3FF0F5}.AppStore|ARM64.Deploy.0 = Debug|Any CPU
		{0B300ED7-0617-4D0F-9A22-33E3CB3FF0F5}.AppStore|iPhone.ActiveCfg = Debug|Any CPU
		{0B300ED7-0617-4D0F-9A22-33E3CB3FF0F5}.AppStore|iPhone.Build.0 = Debug|Any CPU
		{0B300ED7-0617-4D0F-9A22-33E3CB3FF0F5}.AppStore|iPhone.Deploy.0 = Debug|Any CPU
		{0B300ED7-0617-4D0F-9A22-33E3CB3FF0F5}.AppStore|iPhoneSimulator.ActiveCfg = Debug|Any CPU
		{0B300ED7-0617-4D0F-9A22-33E3CB3FF0F5}.AppStore|iPhoneSimulator.Build.0 = Debug|Any CPU
		{0B300ED7-0617-4D0F-9A22-33E3CB3FF0F5}.AppStore|iPhoneSimulator.Deploy.0 = Debug|Any CPU
		{0B300ED7-0617-4D0F-9A22-33E3CB3FF0F5}.AppStore|x64.ActiveCfg = Debug|Any CPU
		{0B300ED7-0617-4D0F-9A22-33E3CB3FF0F5}.AppStore|x64.Build.0 = Debug|Any CPU
		{0B300ED7-0617-4D0F-9A22-33E3CB3FF0F5}.AppStore|x64.Deploy.0 = Debug|Any CPU
		{0B300ED7-0617-4D0F-9A22-33E3CB3FF0F5}.AppStore|x86.ActiveCfg = Debug|Any CPU
		{0B300ED7-0617-4D0F-9A22-33E3CB3FF0F5}.AppStore|x86.Build.0 = Debug|Any CPU
		{0B300ED7-0617-4D0F-9A22-33E3CB3FF0F5}.AppStore|x86.Deploy.0 = Debug|Any CPU
		{0B300ED7-0617-4D0F-9A22-33E3CB3FF0F5}.Debug|Any CPU.ActiveCfg = Debug|Any CPU
		{0B300ED7-0617-4D0F-9A22-33E3CB3FF0F5}.Debug|Any CPU.Build.0 = Debug|Any CPU
		{0B300ED7-0617-4D0F-9A22-33E3CB3FF0F5}.Debug|Any CPU.Deploy.0 = Debug|Any CPU
		{0B300ED7-0617-4D0F-9A22-33E3CB3FF0F5}.Debug|ARM.ActiveCfg = Debug|Any CPU
		{0B300ED7-0617-4D0F-9A22-33E3CB3FF0F5}.Debug|ARM.Build.0 = Debug|Any CPU
		{0B300ED7-0617-4D0F-9A22-33E3CB3FF0F5}.Debug|ARM.Deploy.0 = Debug|Any CPU
		{0B300ED7-0617-4D0F-9A22-33E3CB3FF0F5}.Debug|ARM64.ActiveCfg = Debug|Any CPU
		{0B300ED7-0617-4D0F-9A22-33E3CB3FF0F5}.Debug|ARM64.Build.0 = Debug|Any CPU
		{0B300ED7-0617-4D0F-9A22-33E3CB3FF0F5}.Debug|ARM64.Deploy.0 = Debug|Any CPU
		{0B300ED7-0617-4D0F-9A22-33E3CB3FF0F5}.Debug|iPhone.ActiveCfg = Debug|Any CPU
		{0B300ED7-0617-4D0F-9A22-33E3CB3FF0F5}.Debug|iPhone.Build.0 = Debug|Any CPU
		{0B300ED7-0617-4D0F-9A22-33E3CB3FF0F5}.Debug|iPhone.Deploy.0 = Debug|Any CPU
		{0B300ED7-0617-4D0F-9A22-33E3CB3FF0F5}.Debug|iPhoneSimulator.ActiveCfg = Debug|Any CPU
		{0B300ED7-0617-4D0F-9A22-33E3CB3FF0F5}.Debug|iPhoneSimulator.Build.0 = Debug|Any CPU
		{0B300ED7-0617-4D0F-9A22-33E3CB3FF0F5}.Debug|iPhoneSimulator.Deploy.0 = Debug|Any CPU
		{0B300ED7-0617-4D0F-9A22-33E3CB3FF0F5}.Debug|x64.ActiveCfg = Debug|Any CPU
		{0B300ED7-0617-4D0F-9A22-33E3CB3FF0F5}.Debug|x64.Build.0 = Debug|Any CPU
		{0B300ED7-0617-4D0F-9A22-33E3CB3FF0F5}.Debug|x64.Deploy.0 = Debug|Any CPU
		{0B300ED7-0617-4D0F-9A22-33E3CB3FF0F5}.Debug|x86.ActiveCfg = Debug|Any CPU
		{0B300ED7-0617-4D0F-9A22-33E3CB3FF0F5}.Debug|x86.Build.0 = Debug|Any CPU
		{0B300ED7-0617-4D0F-9A22-33E3CB3FF0F5}.Debug|x86.Deploy.0 = Debug|Any CPU
		{0B300ED7-0617-4D0F-9A22-33E3CB3FF0F5}.Release|Any CPU.ActiveCfg = Release|Any CPU
		{0B300ED7-0617-4D0F-9A22-33E3CB3FF0F5}.Release|Any CPU.Build.0 = Release|Any CPU
		{0B300ED7-0617-4D0F-9A22-33E3CB3FF0F5}.Release|Any CPU.Deploy.0 = Release|Any CPU
		{0B300ED7-0617-4D0F-9A22-33E3CB3FF0F5}.Release|ARM.ActiveCfg = Release|Any CPU
		{0B300ED7-0617-4D0F-9A22-33E3CB3FF0F5}.Release|ARM.Build.0 = Release|Any CPU
		{0B300ED7-0617-4D0F-9A22-33E3CB3FF0F5}.Release|ARM.Deploy.0 = Release|Any CPU
		{0B300ED7-0617-4D0F-9A22-33E3CB3FF0F5}.Release|ARM64.ActiveCfg = Release|Any CPU
		{0B300ED7-0617-4D0F-9A22-33E3CB3FF0F5}.Release|ARM64.Build.0 = Release|Any CPU
		{0B300ED7-0617-4D0F-9A22-33E3CB3FF0F5}.Release|ARM64.Deploy.0 = Release|Any CPU
		{0B300ED7-0617-4D0F-9A22-33E3CB3FF0F5}.Release|iPhone.ActiveCfg = Release|Any CPU
		{0B300ED7-0617-4D0F-9A22-33E3CB3FF0F5}.Release|iPhone.Build.0 = Release|Any CPU
		{0B300ED7-0617-4D0F-9A22-33E3CB3FF0F5}.Release|iPhone.Deploy.0 = Release|Any CPU
		{0B300ED7-0617-4D0F-9A22-33E3CB3FF0F5}.Release|iPhoneSimulator.ActiveCfg = Release|Any CPU
		{0B300ED7-0617-4D0F-9A22-33E3CB3FF0F5}.Release|iPhoneSimulator.Build.0 = Release|Any CPU
		{0B300ED7-0617-4D0F-9A22-33E3CB3FF0F5}.Release|iPhoneSimulator.Deploy.0 = Release|Any CPU
		{0B300ED7-0617-4D0F-9A22-33E3CB3FF0F5}.Release|x64.ActiveCfg = Release|Any CPU
		{0B300ED7-0617-4D0F-9A22-33E3CB3FF0F5}.Release|x64.Build.0 = Release|Any CPU
		{0B300ED7-0617-4D0F-9A22-33E3CB3FF0F5}.Release|x64.Deploy.0 = Release|Any CPU
		{0B300ED7-0617-4D0F-9A22-33E3CB3FF0F5}.Release|x86.ActiveCfg = Release|Any CPU
		{0B300ED7-0617-4D0F-9A22-33E3CB3FF0F5}.Release|x86.Build.0 = Release|Any CPU
		{0B300ED7-0617-4D0F-9A22-33E3CB3FF0F5}.Release|x86.Deploy.0 = Release|Any CPU
		{14010820-8DD7-4E91-98F8-4EB2602439C1}.Ad-Hoc|Any CPU.ActiveCfg = Ad-Hoc|iPhoneSimulator
		{14010820-8DD7-4E91-98F8-4EB2602439C1}.Ad-Hoc|ARM.ActiveCfg = Ad-Hoc|iPhoneSimulator
		{14010820-8DD7-4E91-98F8-4EB2602439C1}.Ad-Hoc|ARM64.ActiveCfg = Ad-Hoc|iPhoneSimulator
		{14010820-8DD7-4E91-98F8-4EB2602439C1}.Ad-Hoc|iPhone.ActiveCfg = Ad-Hoc|iPhone
		{14010820-8DD7-4E91-98F8-4EB2602439C1}.Ad-Hoc|iPhone.Build.0 = Ad-Hoc|iPhone
		{14010820-8DD7-4E91-98F8-4EB2602439C1}.Ad-Hoc|iPhoneSimulator.ActiveCfg = Ad-Hoc|iPhoneSimulator
		{14010820-8DD7-4E91-98F8-4EB2602439C1}.Ad-Hoc|iPhoneSimulator.Build.0 = Ad-Hoc|iPhoneSimulator
		{14010820-8DD7-4E91-98F8-4EB2602439C1}.Ad-Hoc|x64.ActiveCfg = Ad-Hoc|iPhoneSimulator
		{14010820-8DD7-4E91-98F8-4EB2602439C1}.Ad-Hoc|x86.ActiveCfg = Ad-Hoc|iPhoneSimulator
		{14010820-8DD7-4E91-98F8-4EB2602439C1}.AppStore|Any CPU.ActiveCfg = AppStore|iPhoneSimulator
		{14010820-8DD7-4E91-98F8-4EB2602439C1}.AppStore|ARM.ActiveCfg = AppStore|iPhoneSimulator
		{14010820-8DD7-4E91-98F8-4EB2602439C1}.AppStore|ARM64.ActiveCfg = AppStore|iPhoneSimulator
		{14010820-8DD7-4E91-98F8-4EB2602439C1}.AppStore|iPhone.ActiveCfg = AppStore|iPhone
		{14010820-8DD7-4E91-98F8-4EB2602439C1}.AppStore|iPhone.Build.0 = AppStore|iPhone
		{14010820-8DD7-4E91-98F8-4EB2602439C1}.AppStore|iPhoneSimulator.ActiveCfg = AppStore|iPhoneSimulator
		{14010820-8DD7-4E91-98F8-4EB2602439C1}.AppStore|iPhoneSimulator.Build.0 = AppStore|iPhoneSimulator
		{14010820-8DD7-4E91-98F8-4EB2602439C1}.AppStore|x64.ActiveCfg = AppStore|iPhoneSimulator
		{14010820-8DD7-4E91-98F8-4EB2602439C1}.AppStore|x86.ActiveCfg = AppStore|iPhoneSimulator
		{14010820-8DD7-4E91-98F8-4EB2602439C1}.Debug|Any CPU.ActiveCfg = Debug|iPhoneSimulator
		{14010820-8DD7-4E91-98F8-4EB2602439C1}.Debug|ARM.ActiveCfg = Debug|iPhoneSimulator
		{14010820-8DD7-4E91-98F8-4EB2602439C1}.Debug|ARM64.ActiveCfg = Debug|iPhoneSimulator
		{14010820-8DD7-4E91-98F8-4EB2602439C1}.Debug|iPhone.ActiveCfg = Debug|iPhone
		{14010820-8DD7-4E91-98F8-4EB2602439C1}.Debug|iPhone.Build.0 = Debug|iPhone
		{14010820-8DD7-4E91-98F8-4EB2602439C1}.Debug|iPhoneSimulator.ActiveCfg = Debug|iPhoneSimulator
		{14010820-8DD7-4E91-98F8-4EB2602439C1}.Debug|iPhoneSimulator.Build.0 = Debug|iPhoneSimulator
		{14010820-8DD7-4E91-98F8-4EB2602439C1}.Debug|x64.ActiveCfg = Debug|iPhoneSimulator
		{14010820-8DD7-4E91-98F8-4EB2602439C1}.Debug|x86.ActiveCfg = Debug|iPhoneSimulator
		{14010820-8DD7-4E91-98F8-4EB2602439C1}.Release|Any CPU.ActiveCfg = Release|iPhoneSimulator
		{14010820-8DD7-4E91-98F8-4EB2602439C1}.Release|ARM.ActiveCfg = Release|iPhoneSimulator
		{14010820-8DD7-4E91-98F8-4EB2602439C1}.Release|ARM64.ActiveCfg = Release|iPhoneSimulator
		{14010820-8DD7-4E91-98F8-4EB2602439C1}.Release|iPhone.ActiveCfg = Release|iPhone
		{14010820-8DD7-4E91-98F8-4EB2602439C1}.Release|iPhone.Build.0 = Release|iPhone
		{14010820-8DD7-4E91-98F8-4EB2602439C1}.Release|iPhoneSimulator.ActiveCfg = Release|iPhoneSimulator
		{14010820-8DD7-4E91-98F8-4EB2602439C1}.Release|iPhoneSimulator.Build.0 = Release|iPhoneSimulator
		{14010820-8DD7-4E91-98F8-4EB2602439C1}.Release|x64.ActiveCfg = Release|iPhoneSimulator
		{14010820-8DD7-4E91-98F8-4EB2602439C1}.Release|x86.ActiveCfg = Release|iPhoneSimulator
		{42AB8991-D588-4392-9545-68E63AE45850}.Ad-Hoc|Any CPU.ActiveCfg = Debug|x86
		{42AB8991-D588-4392-9545-68E63AE45850}.Ad-Hoc|Any CPU.Build.0 = Debug|x86
		{42AB8991-D588-4392-9545-68E63AE45850}.Ad-Hoc|Any CPU.Deploy.0 = Debug|x86
		{42AB8991-D588-4392-9545-68E63AE45850}.Ad-Hoc|ARM.ActiveCfg = Debug|ARM
		{42AB8991-D588-4392-9545-68E63AE45850}.Ad-Hoc|ARM.Build.0 = Debug|ARM
		{42AB8991-D588-4392-9545-68E63AE45850}.Ad-Hoc|ARM.Deploy.0 = Debug|ARM
		{42AB8991-D588-4392-9545-68E63AE45850}.Ad-Hoc|ARM64.ActiveCfg = Debug|ARM64
		{42AB8991-D588-4392-9545-68E63AE45850}.Ad-Hoc|ARM64.Build.0 = Debug|ARM64
		{42AB8991-D588-4392-9545-68E63AE45850}.Ad-Hoc|ARM64.Deploy.0 = Debug|ARM64
		{42AB8991-D588-4392-9545-68E63AE45850}.Ad-Hoc|iPhone.ActiveCfg = Debug|x86
		{42AB8991-D588-4392-9545-68E63AE45850}.Ad-Hoc|iPhone.Build.0 = Debug|x86
		{42AB8991-D588-4392-9545-68E63AE45850}.Ad-Hoc|iPhone.Deploy.0 = Debug|x86
		{42AB8991-D588-4392-9545-68E63AE45850}.Ad-Hoc|iPhoneSimulator.ActiveCfg = Debug|x86
		{42AB8991-D588-4392-9545-68E63AE45850}.Ad-Hoc|iPhoneSimulator.Build.0 = Debug|x86
		{42AB8991-D588-4392-9545-68E63AE45850}.Ad-Hoc|iPhoneSimulator.Deploy.0 = Debug|x86
		{42AB8991-D588-4392-9545-68E63AE45850}.Ad-Hoc|x64.ActiveCfg = Debug|x64
		{42AB8991-D588-4392-9545-68E63AE45850}.Ad-Hoc|x64.Build.0 = Debug|x64
		{42AB8991-D588-4392-9545-68E63AE45850}.Ad-Hoc|x64.Deploy.0 = Debug|x64
		{42AB8991-D588-4392-9545-68E63AE45850}.Ad-Hoc|x86.ActiveCfg = Debug|x86
		{42AB8991-D588-4392-9545-68E63AE45850}.Ad-Hoc|x86.Build.0 = Debug|x86
		{42AB8991-D588-4392-9545-68E63AE45850}.Ad-Hoc|x86.Deploy.0 = Debug|x86
		{42AB8991-D588-4392-9545-68E63AE45850}.AppStore|Any CPU.ActiveCfg = Debug|x86
		{42AB8991-D588-4392-9545-68E63AE45850}.AppStore|Any CPU.Build.0 = Debug|x86
		{42AB8991-D588-4392-9545-68E63AE45850}.AppStore|Any CPU.Deploy.0 = Debug|x86
		{42AB8991-D588-4392-9545-68E63AE45850}.AppStore|ARM.ActiveCfg = Debug|ARM
		{42AB8991-D588-4392-9545-68E63AE45850}.AppStore|ARM.Build.0 = Debug|ARM
		{42AB8991-D588-4392-9545-68E63AE45850}.AppStore|ARM.Deploy.0 = Debug|ARM
		{42AB8991-D588-4392-9545-68E63AE45850}.AppStore|ARM64.ActiveCfg = Debug|ARM64
		{42AB8991-D588-4392-9545-68E63AE45850}.AppStore|ARM64.Build.0 = Debug|ARM64
		{42AB8991-D588-4392-9545-68E63AE45850}.AppStore|ARM64.Deploy.0 = Debug|ARM64
		{42AB8991-D588-4392-9545-68E63AE45850}.AppStore|iPhone.ActiveCfg = Debug|x86
		{42AB8991-D588-4392-9545-68E63AE45850}.AppStore|iPhone.Build.0 = Debug|x86
		{42AB8991-D588-4392-9545-68E63AE45850}.AppStore|iPhone.Deploy.0 = Debug|x86
		{42AB8991-D588-4392-9545-68E63AE45850}.AppStore|iPhoneSimulator.ActiveCfg = Debug|x86
		{42AB8991-D588-4392-9545-68E63AE45850}.AppStore|iPhoneSimulator.Build.0 = Debug|x86
		{42AB8991-D588-4392-9545-68E63AE45850}.AppStore|iPhoneSimulator.Deploy.0 = Debug|x86
		{42AB8991-D588-4392-9545-68E63AE45850}.AppStore|x64.ActiveCfg = Debug|x64
		{42AB8991-D588-4392-9545-68E63AE45850}.AppStore|x64.Build.0 = Debug|x64
		{42AB8991-D588-4392-9545-68E63AE45850}.AppStore|x64.Deploy.0 = Debug|x64
		{42AB8991-D588-4392-9545-68E63AE45850}.AppStore|x86.ActiveCfg = Debug|x86
		{42AB8991-D588-4392-9545-68E63AE45850}.AppStore|x86.Build.0 = Debug|x86
		{42AB8991-D588-4392-9545-68E63AE45850}.AppStore|x86.Deploy.0 = Debug|x86
		{42AB8991-D588-4392-9545-68E63AE45850}.Debug|Any CPU.ActiveCfg = Debug|x86
		{42AB8991-D588-4392-9545-68E63AE45850}.Debug|ARM.ActiveCfg = Debug|ARM
		{42AB8991-D588-4392-9545-68E63AE45850}.Debug|ARM.Build.0 = Debug|ARM
		{42AB8991-D588-4392-9545-68E63AE45850}.Debug|ARM.Deploy.0 = Debug|ARM
		{42AB8991-D588-4392-9545-68E63AE45850}.Debug|ARM64.ActiveCfg = Debug|ARM64
		{42AB8991-D588-4392-9545-68E63AE45850}.Debug|ARM64.Build.0 = Debug|ARM64
		{42AB8991-D588-4392-9545-68E63AE45850}.Debug|ARM64.Deploy.0 = Debug|ARM64
		{42AB8991-D588-4392-9545-68E63AE45850}.Debug|iPhone.ActiveCfg = Debug|x86
		{42AB8991-D588-4392-9545-68E63AE45850}.Debug|iPhoneSimulator.ActiveCfg = Debug|x86
		{42AB8991-D588-4392-9545-68E63AE45850}.Debug|x64.ActiveCfg = Debug|x64
		{42AB8991-D588-4392-9545-68E63AE45850}.Debug|x64.Build.0 = Debug|x64
		{42AB8991-D588-4392-9545-68E63AE45850}.Debug|x64.Deploy.0 = Debug|x64
		{42AB8991-D588-4392-9545-68E63AE45850}.Debug|x86.ActiveCfg = Debug|x86
		{42AB8991-D588-4392-9545-68E63AE45850}.Debug|x86.Build.0 = Debug|x86
		{42AB8991-D588-4392-9545-68E63AE45850}.Debug|x86.Deploy.0 = Debug|x86
		{42AB8991-D588-4392-9545-68E63AE45850}.Release|Any CPU.ActiveCfg = Release|x86
		{42AB8991-D588-4392-9545-68E63AE45850}.Release|ARM.ActiveCfg = Release|ARM
		{42AB8991-D588-4392-9545-68E63AE45850}.Release|ARM.Build.0 = Release|ARM
		{42AB8991-D588-4392-9545-68E63AE45850}.Release|ARM.Deploy.0 = Release|ARM
		{42AB8991-D588-4392-9545-68E63AE45850}.Release|ARM64.ActiveCfg = Release|ARM64
		{42AB8991-D588-4392-9545-68E63AE45850}.Release|ARM64.Build.0 = Release|ARM64
		{42AB8991-D588-4392-9545-68E63AE45850}.Release|ARM64.Deploy.0 = Release|ARM64
		{42AB8991-D588-4392-9545-68E63AE45850}.Release|iPhone.ActiveCfg = Release|x86
		{42AB8991-D588-4392-9545-68E63AE45850}.Release|iPhoneSimulator.ActiveCfg = Release|x86
		{42AB8991-D588-4392-9545-68E63AE45850}.Release|x64.ActiveCfg = Release|x64
		{42AB8991-D588-4392-9545-68E63AE45850}.Release|x64.Build.0 = Release|x64
		{42AB8991-D588-4392-9545-68E63AE45850}.Release|x64.Deploy.0 = Release|x64
		{42AB8991-D588-4392-9545-68E63AE45850}.Release|x86.ActiveCfg = Release|x86
		{42AB8991-D588-4392-9545-68E63AE45850}.Release|x86.Build.0 = Release|x86
		{42AB8991-D588-4392-9545-68E63AE45850}.Release|x86.Deploy.0 = Release|x86
		{3F53BF9A-4134-4183-A9AA-E13F76BF927C}.Ad-Hoc|Any CPU.ActiveCfg = Debug|Any CPU
		{3F53BF9A-4134-4183-A9AA-E13F76BF927C}.Ad-Hoc|Any CPU.Build.0 = Debug|Any CPU
		{3F53BF9A-4134-4183-A9AA-E13F76BF927C}.Ad-Hoc|ARM.ActiveCfg = Debug|Any CPU
		{3F53BF9A-4134-4183-A9AA-E13F76BF927C}.Ad-Hoc|ARM.Build.0 = Debug|Any CPU
		{3F53BF9A-4134-4183-A9AA-E13F76BF927C}.Ad-Hoc|ARM64.ActiveCfg = Debug|Any CPU
		{3F53BF9A-4134-4183-A9AA-E13F76BF927C}.Ad-Hoc|ARM64.Build.0 = Debug|Any CPU
		{3F53BF9A-4134-4183-A9AA-E13F76BF927C}.Ad-Hoc|iPhone.ActiveCfg = Debug|Any CPU
		{3F53BF9A-4134-4183-A9AA-E13F76BF927C}.Ad-Hoc|iPhone.Build.0 = Debug|Any CPU
		{3F53BF9A-4134-4183-A9AA-E13F76BF927C}.Ad-Hoc|iPhoneSimulator.ActiveCfg = Debug|Any CPU
		{3F53BF9A-4134-4183-A9AA-E13F76BF927C}.Ad-Hoc|iPhoneSimulator.Build.0 = Debug|Any CPU
		{3F53BF9A-4134-4183-A9AA-E13F76BF927C}.Ad-Hoc|x64.ActiveCfg = Debug|Any CPU
		{3F53BF9A-4134-4183-A9AA-E13F76BF927C}.Ad-Hoc|x64.Build.0 = Debug|Any CPU
		{3F53BF9A-4134-4183-A9AA-E13F76BF927C}.Ad-Hoc|x86.ActiveCfg = Debug|Any CPU
		{3F53BF9A-4134-4183-A9AA-E13F76BF927C}.Ad-Hoc|x86.Build.0 = Debug|Any CPU
		{3F53BF9A-4134-4183-A9AA-E13F76BF927C}.AppStore|Any CPU.ActiveCfg = Debug|Any CPU
		{3F53BF9A-4134-4183-A9AA-E13F76BF927C}.AppStore|Any CPU.Build.0 = Debug|Any CPU
		{3F53BF9A-4134-4183-A9AA-E13F76BF927C}.AppStore|ARM.ActiveCfg = Debug|Any CPU
		{3F53BF9A-4134-4183-A9AA-E13F76BF927C}.AppStore|ARM.Build.0 = Debug|Any CPU
		{3F53BF9A-4134-4183-A9AA-E13F76BF927C}.AppStore|ARM64.ActiveCfg = Debug|Any CPU
		{3F53BF9A-4134-4183-A9AA-E13F76BF927C}.AppStore|ARM64.Build.0 = Debug|Any CPU
		{3F53BF9A-4134-4183-A9AA-E13F76BF927C}.AppStore|iPhone.ActiveCfg = Debug|Any CPU
		{3F53BF9A-4134-4183-A9AA-E13F76BF927C}.AppStore|iPhone.Build.0 = Debug|Any CPU
		{3F53BF9A-4134-4183-A9AA-E13F76BF927C}.AppStore|iPhoneSimulator.ActiveCfg = Debug|Any CPU
		{3F53BF9A-4134-4183-A9AA-E13F76BF927C}.AppStore|iPhoneSimulator.Build.0 = Debug|Any CPU
		{3F53BF9A-4134-4183-A9AA-E13F76BF927C}.AppStore|x64.ActiveCfg = Debug|Any CPU
		{3F53BF9A-4134-4183-A9AA-E13F76BF927C}.AppStore|x64.Build.0 = Debug|Any CPU
		{3F53BF9A-4134-4183-A9AA-E13F76BF927C}.AppStore|x86.ActiveCfg = Debug|Any CPU
		{3F53BF9A-4134-4183-A9AA-E13F76BF927C}.AppStore|x86.Build.0 = Debug|Any CPU
		{3F53BF9A-4134-4183-A9AA-E13F76BF927C}.Debug|Any CPU.ActiveCfg = Debug|Any CPU
		{3F53BF9A-4134-4183-A9AA-E13F76BF927C}.Debug|Any CPU.Build.0 = Debug|Any CPU
		{3F53BF9A-4134-4183-A9AA-E13F76BF927C}.Debug|ARM.ActiveCfg = Debug|Any CPU
		{3F53BF9A-4134-4183-A9AA-E13F76BF927C}.Debug|ARM.Build.0 = Debug|Any CPU
		{3F53BF9A-4134-4183-A9AA-E13F76BF927C}.Debug|ARM64.ActiveCfg = Debug|Any CPU
		{3F53BF9A-4134-4183-A9AA-E13F76BF927C}.Debug|ARM64.Build.0 = Debug|Any CPU
		{3F53BF9A-4134-4183-A9AA-E13F76BF927C}.Debug|iPhone.ActiveCfg = Debug|Any CPU
		{3F53BF9A-4134-4183-A9AA-E13F76BF927C}.Debug|iPhone.Build.0 = Debug|Any CPU
		{3F53BF9A-4134-4183-A9AA-E13F76BF927C}.Debug|iPhoneSimulator.ActiveCfg = Debug|Any CPU
		{3F53BF9A-4134-4183-A9AA-E13F76BF927C}.Debug|iPhoneSimulator.Build.0 = Debug|Any CPU
		{3F53BF9A-4134-4183-A9AA-E13F76BF927C}.Debug|x64.ActiveCfg = Debug|Any CPU
		{3F53BF9A-4134-4183-A9AA-E13F76BF927C}.Debug|x64.Build.0 = Debug|Any CPU
		{3F53BF9A-4134-4183-A9AA-E13F76BF927C}.Debug|x86.ActiveCfg = Debug|Any CPU
		{3F53BF9A-4134-4183-A9AA-E13F76BF927C}.Debug|x86.Build.0 = Debug|Any CPU
		{3F53BF9A-4134-4183-A9AA-E13F76BF927C}.Release|Any CPU.ActiveCfg = Release|Any CPU
		{3F53BF9A-4134-4183-A9AA-E13F76BF927C}.Release|Any CPU.Build.0 = Release|Any CPU
		{3F53BF9A-4134-4183-A9AA-E13F76BF927C}.Release|ARM.ActiveCfg = Release|Any CPU
		{3F53BF9A-4134-4183-A9AA-E13F76BF927C}.Release|ARM.Build.0 = Release|Any CPU
		{3F53BF9A-4134-4183-A9AA-E13F76BF927C}.Release|ARM64.ActiveCfg = Release|Any CPU
		{3F53BF9A-4134-4183-A9AA-E13F76BF927C}.Release|ARM64.Build.0 = Release|Any CPU
		{3F53BF9A-4134-4183-A9AA-E13F76BF927C}.Release|iPhone.ActiveCfg = Release|Any CPU
		{3F53BF9A-4134-4183-A9AA-E13F76BF927C}.Release|iPhone.Build.0 = Release|Any CPU
		{3F53BF9A-4134-4183-A9AA-E13F76BF927C}.Release|iPhoneSimulator.ActiveCfg = Release|Any CPU
		{3F53BF9A-4134-4183-A9AA-E13F76BF927C}.Release|iPhoneSimulator.Build.0 = Release|Any CPU
		{3F53BF9A-4134-4183-A9AA-E13F76BF927C}.Release|x64.ActiveCfg = Release|Any CPU
		{3F53BF9A-4134-4183-A9AA-E13F76BF927C}.Release|x64.Build.0 = Release|Any CPU
		{3F53BF9A-4134-4183-A9AA-E13F76BF927C}.Release|x86.ActiveCfg = Release|Any CPU
		{3F53BF9A-4134-4183-A9AA-E13F76BF927C}.Release|x86.Build.0 = Release|Any CPU
		{B527ED9F-6AB2-4EBC-8DF3-AE46843B54EB}.Ad-Hoc|Any CPU.ActiveCfg = Debug|iPhoneSimulator
		{B527ED9F-6AB2-4EBC-8DF3-AE46843B54EB}.Ad-Hoc|Any CPU.Build.0 = Debug|iPhoneSimulator
		{B527ED9F-6AB2-4EBC-8DF3-AE46843B54EB}.Ad-Hoc|ARM.ActiveCfg = Debug|iPhoneSimulator
		{B527ED9F-6AB2-4EBC-8DF3-AE46843B54EB}.Ad-Hoc|ARM.Build.0 = Debug|iPhoneSimulator
		{B527ED9F-6AB2-4EBC-8DF3-AE46843B54EB}.Ad-Hoc|ARM64.ActiveCfg = Debug|iPhoneSimulator
		{B527ED9F-6AB2-4EBC-8DF3-AE46843B54EB}.Ad-Hoc|ARM64.Build.0 = Debug|iPhoneSimulator
		{B527ED9F-6AB2-4EBC-8DF3-AE46843B54EB}.Ad-Hoc|iPhone.ActiveCfg = Debug|iPhoneSimulator
		{B527ED9F-6AB2-4EBC-8DF3-AE46843B54EB}.Ad-Hoc|iPhone.Build.0 = Debug|iPhoneSimulator
		{B527ED9F-6AB2-4EBC-8DF3-AE46843B54EB}.Ad-Hoc|iPhoneSimulator.ActiveCfg = Debug|iPhoneSimulator
		{B527ED9F-6AB2-4EBC-8DF3-AE46843B54EB}.Ad-Hoc|iPhoneSimulator.Build.0 = Debug|iPhoneSimulator
		{B527ED9F-6AB2-4EBC-8DF3-AE46843B54EB}.Ad-Hoc|x64.ActiveCfg = Debug|iPhoneSimulator
		{B527ED9F-6AB2-4EBC-8DF3-AE46843B54EB}.Ad-Hoc|x64.Build.0 = Debug|iPhoneSimulator
		{B527ED9F-6AB2-4EBC-8DF3-AE46843B54EB}.Ad-Hoc|x86.ActiveCfg = Debug|iPhoneSimulator
		{B527ED9F-6AB2-4EBC-8DF3-AE46843B54EB}.Ad-Hoc|x86.Build.0 = Debug|iPhoneSimulator
		{B527ED9F-6AB2-4EBC-8DF3-AE46843B54EB}.AppStore|Any CPU.ActiveCfg = Debug|iPhoneSimulator
		{B527ED9F-6AB2-4EBC-8DF3-AE46843B54EB}.AppStore|Any CPU.Build.0 = Debug|iPhoneSimulator
		{B527ED9F-6AB2-4EBC-8DF3-AE46843B54EB}.AppStore|ARM.ActiveCfg = Debug|iPhoneSimulator
		{B527ED9F-6AB2-4EBC-8DF3-AE46843B54EB}.AppStore|ARM.Build.0 = Debug|iPhoneSimulator
		{B527ED9F-6AB2-4EBC-8DF3-AE46843B54EB}.AppStore|ARM64.ActiveCfg = Debug|iPhoneSimulator
		{B527ED9F-6AB2-4EBC-8DF3-AE46843B54EB}.AppStore|ARM64.Build.0 = Debug|iPhoneSimulator
		{B527ED9F-6AB2-4EBC-8DF3-AE46843B54EB}.AppStore|iPhone.ActiveCfg = Debug|iPhoneSimulator
		{B527ED9F-6AB2-4EBC-8DF3-AE46843B54EB}.AppStore|iPhone.Build.0 = Debug|iPhoneSimulator
		{B527ED9F-6AB2-4EBC-8DF3-AE46843B54EB}.AppStore|iPhoneSimulator.ActiveCfg = Debug|iPhoneSimulator
		{B527ED9F-6AB2-4EBC-8DF3-AE46843B54EB}.AppStore|iPhoneSimulator.Build.0 = Debug|iPhoneSimulator
		{B527ED9F-6AB2-4EBC-8DF3-AE46843B54EB}.AppStore|x64.ActiveCfg = Debug|iPhoneSimulator
		{B527ED9F-6AB2-4EBC-8DF3-AE46843B54EB}.AppStore|x64.Build.0 = Debug|iPhoneSimulator
		{B527ED9F-6AB2-4EBC-8DF3-AE46843B54EB}.AppStore|x86.ActiveCfg = Debug|iPhoneSimulator
		{B527ED9F-6AB2-4EBC-8DF3-AE46843B54EB}.AppStore|x86.Build.0 = Debug|iPhoneSimulator
		{B527ED9F-6AB2-4EBC-8DF3-AE46843B54EB}.Debug|Any CPU.ActiveCfg = Debug|iPhoneSimulator
		{B527ED9F-6AB2-4EBC-8DF3-AE46843B54EB}.Debug|ARM.ActiveCfg = Debug|iPhoneSimulator
		{B527ED9F-6AB2-4EBC-8DF3-AE46843B54EB}.Debug|ARM64.ActiveCfg = Debug|iPhoneSimulator
		{B527ED9F-6AB2-4EBC-8DF3-AE46843B54EB}.Debug|iPhone.ActiveCfg = Debug|iPhoneSimulator
		{B527ED9F-6AB2-4EBC-8DF3-AE46843B54EB}.Debug|iPhoneSimulator.ActiveCfg = Debug|iPhoneSimulator
		{B527ED9F-6AB2-4EBC-8DF3-AE46843B54EB}.Debug|iPhoneSimulator.Build.0 = Debug|iPhoneSimulator
		{B527ED9F-6AB2-4EBC-8DF3-AE46843B54EB}.Debug|x64.ActiveCfg = Debug|iPhoneSimulator
		{B527ED9F-6AB2-4EBC-8DF3-AE46843B54EB}.Debug|x86.ActiveCfg = Debug|iPhoneSimulator
		{B527ED9F-6AB2-4EBC-8DF3-AE46843B54EB}.Release|Any CPU.ActiveCfg = Release|iPhoneSimulator
		{B527ED9F-6AB2-4EBC-8DF3-AE46843B54EB}.Release|ARM.ActiveCfg = Release|iPhoneSimulator
		{B527ED9F-6AB2-4EBC-8DF3-AE46843B54EB}.Release|ARM64.ActiveCfg = Release|iPhoneSimulator
		{B527ED9F-6AB2-4EBC-8DF3-AE46843B54EB}.Release|iPhone.ActiveCfg = Release|iPhoneSimulator
		{B527ED9F-6AB2-4EBC-8DF3-AE46843B54EB}.Release|iPhoneSimulator.ActiveCfg = Release|iPhoneSimulator
		{B527ED9F-6AB2-4EBC-8DF3-AE46843B54EB}.Release|iPhoneSimulator.Build.0 = Release|iPhoneSimulator
		{B527ED9F-6AB2-4EBC-8DF3-AE46843B54EB}.Release|x64.ActiveCfg = Release|iPhoneSimulator
		{B527ED9F-6AB2-4EBC-8DF3-AE46843B54EB}.Release|x86.ActiveCfg = Release|iPhoneSimulator
		{CAFC35AF-8558-4A3B-A219-8113735BCF52}.Ad-Hoc|Any CPU.ActiveCfg = Debug|Any CPU
		{CAFC35AF-8558-4A3B-A219-8113735BCF52}.Ad-Hoc|Any CPU.Build.0 = Debug|Any CPU
		{CAFC35AF-8558-4A3B-A219-8113735BCF52}.Ad-Hoc|ARM.ActiveCfg = Debug|Any CPU
		{CAFC35AF-8558-4A3B-A219-8113735BCF52}.Ad-Hoc|ARM.Build.0 = Debug|Any CPU
		{CAFC35AF-8558-4A3B-A219-8113735BCF52}.Ad-Hoc|ARM64.ActiveCfg = Debug|Any CPU
		{CAFC35AF-8558-4A3B-A219-8113735BCF52}.Ad-Hoc|ARM64.Build.0 = Debug|Any CPU
		{CAFC35AF-8558-4A3B-A219-8113735BCF52}.Ad-Hoc|iPhone.ActiveCfg = Debug|Any CPU
		{CAFC35AF-8558-4A3B-A219-8113735BCF52}.Ad-Hoc|iPhone.Build.0 = Debug|Any CPU
		{CAFC35AF-8558-4A3B-A219-8113735BCF52}.Ad-Hoc|iPhoneSimulator.ActiveCfg = Debug|Any CPU
		{CAFC35AF-8558-4A3B-A219-8113735BCF52}.Ad-Hoc|iPhoneSimulator.Build.0 = Debug|Any CPU
		{CAFC35AF-8558-4A3B-A219-8113735BCF52}.Ad-Hoc|x64.ActiveCfg = Debug|Any CPU
		{CAFC35AF-8558-4A3B-A219-8113735BCF52}.Ad-Hoc|x64.Build.0 = Debug|Any CPU
		{CAFC35AF-8558-4A3B-A219-8113735BCF52}.Ad-Hoc|x86.ActiveCfg = Debug|Any CPU
		{CAFC35AF-8558-4A3B-A219-8113735BCF52}.Ad-Hoc|x86.Build.0 = Debug|Any CPU
		{CAFC35AF-8558-4A3B-A219-8113735BCF52}.AppStore|Any CPU.ActiveCfg = Debug|Any CPU
		{CAFC35AF-8558-4A3B-A219-8113735BCF52}.AppStore|Any CPU.Build.0 = Debug|Any CPU
		{CAFC35AF-8558-4A3B-A219-8113735BCF52}.AppStore|ARM.ActiveCfg = Debug|Any CPU
		{CAFC35AF-8558-4A3B-A219-8113735BCF52}.AppStore|ARM.Build.0 = Debug|Any CPU
		{CAFC35AF-8558-4A3B-A219-8113735BCF52}.AppStore|ARM64.ActiveCfg = Debug|Any CPU
		{CAFC35AF-8558-4A3B-A219-8113735BCF52}.AppStore|ARM64.Build.0 = Debug|Any CPU
		{CAFC35AF-8558-4A3B-A219-8113735BCF52}.AppStore|iPhone.ActiveCfg = Debug|Any CPU
		{CAFC35AF-8558-4A3B-A219-8113735BCF52}.AppStore|iPhone.Build.0 = Debug|Any CPU
		{CAFC35AF-8558-4A3B-A219-8113735BCF52}.AppStore|iPhoneSimulator.ActiveCfg = Debug|Any CPU
		{CAFC35AF-8558-4A3B-A219-8113735BCF52}.AppStore|iPhoneSimulator.Build.0 = Debug|Any CPU
		{CAFC35AF-8558-4A3B-A219-8113735BCF52}.AppStore|x64.ActiveCfg = Debug|Any CPU
		{CAFC35AF-8558-4A3B-A219-8113735BCF52}.AppStore|x64.Build.0 = Debug|Any CPU
		{CAFC35AF-8558-4A3B-A219-8113735BCF52}.AppStore|x86.ActiveCfg = Debug|Any CPU
		{CAFC35AF-8558-4A3B-A219-8113735BCF52}.AppStore|x86.Build.0 = Debug|Any CPU
		{CAFC35AF-8558-4A3B-A219-8113735BCF52}.Debug|Any CPU.ActiveCfg = Debug|Any CPU
		{CAFC35AF-8558-4A3B-A219-8113735BCF52}.Debug|Any CPU.Build.0 = Debug|Any CPU
		{CAFC35AF-8558-4A3B-A219-8113735BCF52}.Debug|ARM.ActiveCfg = Debug|Any CPU
		{CAFC35AF-8558-4A3B-A219-8113735BCF52}.Debug|ARM.Build.0 = Debug|Any CPU
		{CAFC35AF-8558-4A3B-A219-8113735BCF52}.Debug|ARM64.ActiveCfg = Debug|Any CPU
		{CAFC35AF-8558-4A3B-A219-8113735BCF52}.Debug|ARM64.Build.0 = Debug|Any CPU
		{CAFC35AF-8558-4A3B-A219-8113735BCF52}.Debug|iPhone.ActiveCfg = Debug|Any CPU
		{CAFC35AF-8558-4A3B-A219-8113735BCF52}.Debug|iPhone.Build.0 = Debug|Any CPU
		{CAFC35AF-8558-4A3B-A219-8113735BCF52}.Debug|iPhoneSimulator.ActiveCfg = Debug|Any CPU
		{CAFC35AF-8558-4A3B-A219-8113735BCF52}.Debug|iPhoneSimulator.Build.0 = Debug|Any CPU
		{CAFC35AF-8558-4A3B-A219-8113735BCF52}.Debug|x64.ActiveCfg = Debug|Any CPU
		{CAFC35AF-8558-4A3B-A219-8113735BCF52}.Debug|x64.Build.0 = Debug|Any CPU
		{CAFC35AF-8558-4A3B-A219-8113735BCF52}.Debug|x86.ActiveCfg = Debug|Any CPU
		{CAFC35AF-8558-4A3B-A219-8113735BCF52}.Debug|x86.Build.0 = Debug|Any CPU
		{CAFC35AF-8558-4A3B-A219-8113735BCF52}.Release|Any CPU.ActiveCfg = Release|Any CPU
		{CAFC35AF-8558-4A3B-A219-8113735BCF52}.Release|Any CPU.Build.0 = Release|Any CPU
		{CAFC35AF-8558-4A3B-A219-8113735BCF52}.Release|ARM.ActiveCfg = Release|Any CPU
		{CAFC35AF-8558-4A3B-A219-8113735BCF52}.Release|ARM.Build.0 = Release|Any CPU
		{CAFC35AF-8558-4A3B-A219-8113735BCF52}.Release|ARM64.ActiveCfg = Release|Any CPU
		{CAFC35AF-8558-4A3B-A219-8113735BCF52}.Release|ARM64.Build.0 = Release|Any CPU
		{CAFC35AF-8558-4A3B-A219-8113735BCF52}.Release|iPhone.ActiveCfg = Release|Any CPU
		{CAFC35AF-8558-4A3B-A219-8113735BCF52}.Release|iPhone.Build.0 = Release|Any CPU
		{CAFC35AF-8558-4A3B-A219-8113735BCF52}.Release|iPhoneSimulator.ActiveCfg = Release|Any CPU
		{CAFC35AF-8558-4A3B-A219-8113735BCF52}.Release|iPhoneSimulator.Build.0 = Release|Any CPU
		{CAFC35AF-8558-4A3B-A219-8113735BCF52}.Release|x64.ActiveCfg = Release|Any CPU
		{CAFC35AF-8558-4A3B-A219-8113735BCF52}.Release|x64.Build.0 = Release|Any CPU
		{CAFC35AF-8558-4A3B-A219-8113735BCF52}.Release|x86.ActiveCfg = Release|Any CPU
		{CAFC35AF-8558-4A3B-A219-8113735BCF52}.Release|x86.Build.0 = Release|Any CPU
		{9FEC8963-FB86-4B25-9A5D-31A45234F343}.Ad-Hoc|Any CPU.ActiveCfg = Debug|Any CPU
		{9FEC8963-FB86-4B25-9A5D-31A45234F343}.Ad-Hoc|Any CPU.Build.0 = Debug|Any CPU
		{9FEC8963-FB86-4B25-9A5D-31A45234F343}.Ad-Hoc|ARM.ActiveCfg = Debug|Any CPU
		{9FEC8963-FB86-4B25-9A5D-31A45234F343}.Ad-Hoc|ARM.Build.0 = Debug|Any CPU
		{9FEC8963-FB86-4B25-9A5D-31A45234F343}.Ad-Hoc|ARM64.ActiveCfg = Debug|Any CPU
		{9FEC8963-FB86-4B25-9A5D-31A45234F343}.Ad-Hoc|ARM64.Build.0 = Debug|Any CPU
		{9FEC8963-FB86-4B25-9A5D-31A45234F343}.Ad-Hoc|iPhone.ActiveCfg = Debug|Any CPU
		{9FEC8963-FB86-4B25-9A5D-31A45234F343}.Ad-Hoc|iPhone.Build.0 = Debug|Any CPU
		{9FEC8963-FB86-4B25-9A5D-31A45234F343}.Ad-Hoc|iPhoneSimulator.ActiveCfg = Debug|Any CPU
		{9FEC8963-FB86-4B25-9A5D-31A45234F343}.Ad-Hoc|iPhoneSimulator.Build.0 = Debug|Any CPU
		{9FEC8963-FB86-4B25-9A5D-31A45234F343}.Ad-Hoc|x64.ActiveCfg = Debug|Any CPU
		{9FEC8963-FB86-4B25-9A5D-31A45234F343}.Ad-Hoc|x64.Build.0 = Debug|Any CPU
		{9FEC8963-FB86-4B25-9A5D-31A45234F343}.Ad-Hoc|x86.ActiveCfg = Debug|Any CPU
		{9FEC8963-FB86-4B25-9A5D-31A45234F343}.Ad-Hoc|x86.Build.0 = Debug|Any CPU
		{9FEC8963-FB86-4B25-9A5D-31A45234F343}.AppStore|Any CPU.ActiveCfg = Debug|Any CPU
		{9FEC8963-FB86-4B25-9A5D-31A45234F343}.AppStore|Any CPU.Build.0 = Debug|Any CPU
		{9FEC8963-FB86-4B25-9A5D-31A45234F343}.AppStore|ARM.ActiveCfg = Debug|Any CPU
		{9FEC8963-FB86-4B25-9A5D-31A45234F343}.AppStore|ARM.Build.0 = Debug|Any CPU
		{9FEC8963-FB86-4B25-9A5D-31A45234F343}.AppStore|ARM64.ActiveCfg = Debug|Any CPU
		{9FEC8963-FB86-4B25-9A5D-31A45234F343}.AppStore|ARM64.Build.0 = Debug|Any CPU
		{9FEC8963-FB86-4B25-9A5D-31A45234F343}.AppStore|iPhone.ActiveCfg = Debug|Any CPU
		{9FEC8963-FB86-4B25-9A5D-31A45234F343}.AppStore|iPhone.Build.0 = Debug|Any CPU
		{9FEC8963-FB86-4B25-9A5D-31A45234F343}.AppStore|iPhoneSimulator.ActiveCfg = Debug|Any CPU
		{9FEC8963-FB86-4B25-9A5D-31A45234F343}.AppStore|iPhoneSimulator.Build.0 = Debug|Any CPU
		{9FEC8963-FB86-4B25-9A5D-31A45234F343}.AppStore|x64.ActiveCfg = Debug|Any CPU
		{9FEC8963-FB86-4B25-9A5D-31A45234F343}.AppStore|x64.Build.0 = Debug|Any CPU
		{9FEC8963-FB86-4B25-9A5D-31A45234F343}.AppStore|x86.ActiveCfg = Debug|Any CPU
		{9FEC8963-FB86-4B25-9A5D-31A45234F343}.AppStore|x86.Build.0 = Debug|Any CPU
		{9FEC8963-FB86-4B25-9A5D-31A45234F343}.Debug|Any CPU.ActiveCfg = Debug|Any CPU
		{9FEC8963-FB86-4B25-9A5D-31A45234F343}.Debug|Any CPU.Build.0 = Debug|Any CPU
		{9FEC8963-FB86-4B25-9A5D-31A45234F343}.Debug|ARM.ActiveCfg = Debug|Any CPU
		{9FEC8963-FB86-4B25-9A5D-31A45234F343}.Debug|ARM.Build.0 = Debug|Any CPU
		{9FEC8963-FB86-4B25-9A5D-31A45234F343}.Debug|ARM64.ActiveCfg = Debug|Any CPU
		{9FEC8963-FB86-4B25-9A5D-31A45234F343}.Debug|ARM64.Build.0 = Debug|Any CPU
		{9FEC8963-FB86-4B25-9A5D-31A45234F343}.Debug|iPhone.ActiveCfg = Debug|Any CPU
		{9FEC8963-FB86-4B25-9A5D-31A45234F343}.Debug|iPhone.Build.0 = Debug|Any CPU
		{9FEC8963-FB86-4B25-9A5D-31A45234F343}.Debug|iPhoneSimulator.ActiveCfg = Debug|Any CPU
		{9FEC8963-FB86-4B25-9A5D-31A45234F343}.Debug|iPhoneSimulator.Build.0 = Debug|Any CPU
		{9FEC8963-FB86-4B25-9A5D-31A45234F343}.Debug|x64.ActiveCfg = Debug|Any CPU
		{9FEC8963-FB86-4B25-9A5D-31A45234F343}.Debug|x64.Build.0 = Debug|Any CPU
		{9FEC8963-FB86-4B25-9A5D-31A45234F343}.Debug|x86.ActiveCfg = Debug|Any CPU
		{9FEC8963-FB86-4B25-9A5D-31A45234F343}.Debug|x86.Build.0 = Debug|Any CPU
		{9FEC8963-FB86-4B25-9A5D-31A45234F343}.Release|Any CPU.ActiveCfg = Release|Any CPU
		{9FEC8963-FB86-4B25-9A5D-31A45234F343}.Release|Any CPU.Build.0 = Release|Any CPU
		{9FEC8963-FB86-4B25-9A5D-31A45234F343}.Release|ARM.ActiveCfg = Release|Any CPU
		{9FEC8963-FB86-4B25-9A5D-31A45234F343}.Release|ARM.Build.0 = Release|Any CPU
		{9FEC8963-FB86-4B25-9A5D-31A45234F343}.Release|ARM64.ActiveCfg = Release|Any CPU
		{9FEC8963-FB86-4B25-9A5D-31A45234F343}.Release|ARM64.Build.0 = Release|Any CPU
		{9FEC8963-FB86-4B25-9A5D-31A45234F343}.Release|iPhone.ActiveCfg = Release|Any CPU
		{9FEC8963-FB86-4B25-9A5D-31A45234F343}.Release|iPhone.Build.0 = Release|Any CPU
		{9FEC8963-FB86-4B25-9A5D-31A45234F343}.Release|iPhoneSimulator.ActiveCfg = Release|Any CPU
		{9FEC8963-FB86-4B25-9A5D-31A45234F343}.Release|iPhoneSimulator.Build.0 = Release|Any CPU
		{9FEC8963-FB86-4B25-9A5D-31A45234F343}.Release|x64.ActiveCfg = Release|Any CPU
		{9FEC8963-FB86-4B25-9A5D-31A45234F343}.Release|x64.Build.0 = Release|Any CPU
		{9FEC8963-FB86-4B25-9A5D-31A45234F343}.Release|x86.ActiveCfg = Release|Any CPU
		{9FEC8963-FB86-4B25-9A5D-31A45234F343}.Release|x86.Build.0 = Release|Any CPU
		{8CAB47D6-0F28-4C18-A439-4BF70CBD7F84}.Ad-Hoc|Any CPU.ActiveCfg = Debug|Any CPU
		{8CAB47D6-0F28-4C18-A439-4BF70CBD7F84}.Ad-Hoc|Any CPU.Build.0 = Debug|Any CPU
		{8CAB47D6-0F28-4C18-A439-4BF70CBD7F84}.Ad-Hoc|ARM.ActiveCfg = Debug|Any CPU
		{8CAB47D6-0F28-4C18-A439-4BF70CBD7F84}.Ad-Hoc|ARM.Build.0 = Debug|Any CPU
		{8CAB47D6-0F28-4C18-A439-4BF70CBD7F84}.Ad-Hoc|ARM64.ActiveCfg = Debug|Any CPU
		{8CAB47D6-0F28-4C18-A439-4BF70CBD7F84}.Ad-Hoc|ARM64.Build.0 = Debug|Any CPU
		{8CAB47D6-0F28-4C18-A439-4BF70CBD7F84}.Ad-Hoc|iPhone.ActiveCfg = Debug|Any CPU
		{8CAB47D6-0F28-4C18-A439-4BF70CBD7F84}.Ad-Hoc|iPhone.Build.0 = Debug|Any CPU
		{8CAB47D6-0F28-4C18-A439-4BF70CBD7F84}.Ad-Hoc|iPhoneSimulator.ActiveCfg = Debug|Any CPU
		{8CAB47D6-0F28-4C18-A439-4BF70CBD7F84}.Ad-Hoc|iPhoneSimulator.Build.0 = Debug|Any CPU
		{8CAB47D6-0F28-4C18-A439-4BF70CBD7F84}.Ad-Hoc|x64.ActiveCfg = Debug|Any CPU
		{8CAB47D6-0F28-4C18-A439-4BF70CBD7F84}.Ad-Hoc|x64.Build.0 = Debug|Any CPU
		{8CAB47D6-0F28-4C18-A439-4BF70CBD7F84}.Ad-Hoc|x86.ActiveCfg = Debug|Any CPU
		{8CAB47D6-0F28-4C18-A439-4BF70CBD7F84}.Ad-Hoc|x86.Build.0 = Debug|Any CPU
		{8CAB47D6-0F28-4C18-A439-4BF70CBD7F84}.AppStore|Any CPU.ActiveCfg = Debug|Any CPU
		{8CAB47D6-0F28-4C18-A439-4BF70CBD7F84}.AppStore|Any CPU.Build.0 = Debug|Any CPU
		{8CAB47D6-0F28-4C18-A439-4BF70CBD7F84}.AppStore|ARM.ActiveCfg = Debug|Any CPU
		{8CAB47D6-0F28-4C18-A439-4BF70CBD7F84}.AppStore|ARM.Build.0 = Debug|Any CPU
		{8CAB47D6-0F28-4C18-A439-4BF70CBD7F84}.AppStore|ARM64.ActiveCfg = Debug|Any CPU
		{8CAB47D6-0F28-4C18-A439-4BF70CBD7F84}.AppStore|ARM64.Build.0 = Debug|Any CPU
		{8CAB47D6-0F28-4C18-A439-4BF70CBD7F84}.AppStore|iPhone.ActiveCfg = Debug|Any CPU
		{8CAB47D6-0F28-4C18-A439-4BF70CBD7F84}.AppStore|iPhone.Build.0 = Debug|Any CPU
		{8CAB47D6-0F28-4C18-A439-4BF70CBD7F84}.AppStore|iPhoneSimulator.ActiveCfg = Debug|Any CPU
		{8CAB47D6-0F28-4C18-A439-4BF70CBD7F84}.AppStore|iPhoneSimulator.Build.0 = Debug|Any CPU
		{8CAB47D6-0F28-4C18-A439-4BF70CBD7F84}.AppStore|x64.ActiveCfg = Debug|Any CPU
		{8CAB47D6-0F28-4C18-A439-4BF70CBD7F84}.AppStore|x64.Build.0 = Debug|Any CPU
		{8CAB47D6-0F28-4C18-A439-4BF70CBD7F84}.AppStore|x86.ActiveCfg = Debug|Any CPU
		{8CAB47D6-0F28-4C18-A439-4BF70CBD7F84}.AppStore|x86.Build.0 = Debug|Any CPU
		{8CAB47D6-0F28-4C18-A439-4BF70CBD7F84}.Debug|Any CPU.ActiveCfg = Debug|Any CPU
		{8CAB47D6-0F28-4C18-A439-4BF70CBD7F84}.Debug|Any CPU.Build.0 = Debug|Any CPU
		{8CAB47D6-0F28-4C18-A439-4BF70CBD7F84}.Debug|ARM.ActiveCfg = Debug|Any CPU
		{8CAB47D6-0F28-4C18-A439-4BF70CBD7F84}.Debug|ARM.Build.0 = Debug|Any CPU
		{8CAB47D6-0F28-4C18-A439-4BF70CBD7F84}.Debug|ARM64.ActiveCfg = Debug|Any CPU
		{8CAB47D6-0F28-4C18-A439-4BF70CBD7F84}.Debug|ARM64.Build.0 = Debug|Any CPU
		{8CAB47D6-0F28-4C18-A439-4BF70CBD7F84}.Debug|iPhone.ActiveCfg = Debug|Any CPU
		{8CAB47D6-0F28-4C18-A439-4BF70CBD7F84}.Debug|iPhone.Build.0 = Debug|Any CPU
		{8CAB47D6-0F28-4C18-A439-4BF70CBD7F84}.Debug|iPhoneSimulator.ActiveCfg = Debug|Any CPU
		{8CAB47D6-0F28-4C18-A439-4BF70CBD7F84}.Debug|iPhoneSimulator.Build.0 = Debug|Any CPU
		{8CAB47D6-0F28-4C18-A439-4BF70CBD7F84}.Debug|x64.ActiveCfg = Debug|Any CPU
		{8CAB47D6-0F28-4C18-A439-4BF70CBD7F84}.Debug|x64.Build.0 = Debug|Any CPU
		{8CAB47D6-0F28-4C18-A439-4BF70CBD7F84}.Debug|x86.ActiveCfg = Debug|Any CPU
		{8CAB47D6-0F28-4C18-A439-4BF70CBD7F84}.Debug|x86.Build.0 = Debug|Any CPU
		{8CAB47D6-0F28-4C18-A439-4BF70CBD7F84}.Release|Any CPU.ActiveCfg = Release|Any CPU
		{8CAB47D6-0F28-4C18-A439-4BF70CBD7F84}.Release|Any CPU.Build.0 = Release|Any CPU
		{8CAB47D6-0F28-4C18-A439-4BF70CBD7F84}.Release|ARM.ActiveCfg = Release|Any CPU
		{8CAB47D6-0F28-4C18-A439-4BF70CBD7F84}.Release|ARM.Build.0 = Release|Any CPU
		{8CAB47D6-0F28-4C18-A439-4BF70CBD7F84}.Release|ARM64.ActiveCfg = Release|Any CPU
		{8CAB47D6-0F28-4C18-A439-4BF70CBD7F84}.Release|ARM64.Build.0 = Release|Any CPU
		{8CAB47D6-0F28-4C18-A439-4BF70CBD7F84}.Release|iPhone.ActiveCfg = Release|Any CPU
		{8CAB47D6-0F28-4C18-A439-4BF70CBD7F84}.Release|iPhone.Build.0 = Release|Any CPU
		{8CAB47D6-0F28-4C18-A439-4BF70CBD7F84}.Release|iPhoneSimulator.ActiveCfg = Release|Any CPU
		{8CAB47D6-0F28-4C18-A439-4BF70CBD7F84}.Release|iPhoneSimulator.Build.0 = Release|Any CPU
		{8CAB47D6-0F28-4C18-A439-4BF70CBD7F84}.Release|x64.ActiveCfg = Release|Any CPU
		{8CAB47D6-0F28-4C18-A439-4BF70CBD7F84}.Release|x64.Build.0 = Release|Any CPU
		{8CAB47D6-0F28-4C18-A439-4BF70CBD7F84}.Release|x86.ActiveCfg = Release|Any CPU
		{8CAB47D6-0F28-4C18-A439-4BF70CBD7F84}.Release|x86.Build.0 = Release|Any CPU
		{1E9DD5FC-7C7B-4419-9E67-D22EA5365D6F}.Ad-Hoc|Any CPU.ActiveCfg = Debug|Any CPU
		{1E9DD5FC-7C7B-4419-9E67-D22EA5365D6F}.Ad-Hoc|Any CPU.Build.0 = Debug|Any CPU
		{1E9DD5FC-7C7B-4419-9E67-D22EA5365D6F}.Ad-Hoc|ARM.ActiveCfg = Debug|Any CPU
		{1E9DD5FC-7C7B-4419-9E67-D22EA5365D6F}.Ad-Hoc|ARM.Build.0 = Debug|Any CPU
		{1E9DD5FC-7C7B-4419-9E67-D22EA5365D6F}.Ad-Hoc|ARM64.ActiveCfg = Debug|Any CPU
		{1E9DD5FC-7C7B-4419-9E67-D22EA5365D6F}.Ad-Hoc|ARM64.Build.0 = Debug|Any CPU
		{1E9DD5FC-7C7B-4419-9E67-D22EA5365D6F}.Ad-Hoc|iPhone.ActiveCfg = Debug|Any CPU
		{1E9DD5FC-7C7B-4419-9E67-D22EA5365D6F}.Ad-Hoc|iPhone.Build.0 = Debug|Any CPU
		{1E9DD5FC-7C7B-4419-9E67-D22EA5365D6F}.Ad-Hoc|iPhoneSimulator.ActiveCfg = Debug|Any CPU
		{1E9DD5FC-7C7B-4419-9E67-D22EA5365D6F}.Ad-Hoc|iPhoneSimulator.Build.0 = Debug|Any CPU
		{1E9DD5FC-7C7B-4419-9E67-D22EA5365D6F}.Ad-Hoc|x64.ActiveCfg = Debug|Any CPU
		{1E9DD5FC-7C7B-4419-9E67-D22EA5365D6F}.Ad-Hoc|x64.Build.0 = Debug|Any CPU
		{1E9DD5FC-7C7B-4419-9E67-D22EA5365D6F}.Ad-Hoc|x86.ActiveCfg = Debug|Any CPU
		{1E9DD5FC-7C7B-4419-9E67-D22EA5365D6F}.Ad-Hoc|x86.Build.0 = Debug|Any CPU
		{1E9DD5FC-7C7B-4419-9E67-D22EA5365D6F}.AppStore|Any CPU.ActiveCfg = Debug|Any CPU
		{1E9DD5FC-7C7B-4419-9E67-D22EA5365D6F}.AppStore|Any CPU.Build.0 = Debug|Any CPU
		{1E9DD5FC-7C7B-4419-9E67-D22EA5365D6F}.AppStore|ARM.ActiveCfg = Debug|Any CPU
		{1E9DD5FC-7C7B-4419-9E67-D22EA5365D6F}.AppStore|ARM.Build.0 = Debug|Any CPU
		{1E9DD5FC-7C7B-4419-9E67-D22EA5365D6F}.AppStore|ARM64.ActiveCfg = Debug|Any CPU
		{1E9DD5FC-7C7B-4419-9E67-D22EA5365D6F}.AppStore|ARM64.Build.0 = Debug|Any CPU
		{1E9DD5FC-7C7B-4419-9E67-D22EA5365D6F}.AppStore|iPhone.ActiveCfg = Debug|Any CPU
		{1E9DD5FC-7C7B-4419-9E67-D22EA5365D6F}.AppStore|iPhone.Build.0 = Debug|Any CPU
		{1E9DD5FC-7C7B-4419-9E67-D22EA5365D6F}.AppStore|iPhoneSimulator.ActiveCfg = Debug|Any CPU
		{1E9DD5FC-7C7B-4419-9E67-D22EA5365D6F}.AppStore|iPhoneSimulator.Build.0 = Debug|Any CPU
		{1E9DD5FC-7C7B-4419-9E67-D22EA5365D6F}.AppStore|x64.ActiveCfg = Debug|Any CPU
		{1E9DD5FC-7C7B-4419-9E67-D22EA5365D6F}.AppStore|x64.Build.0 = Debug|Any CPU
		{1E9DD5FC-7C7B-4419-9E67-D22EA5365D6F}.AppStore|x86.ActiveCfg = Debug|Any CPU
		{1E9DD5FC-7C7B-4419-9E67-D22EA5365D6F}.AppStore|x86.Build.0 = Debug|Any CPU
		{1E9DD5FC-7C7B-4419-9E67-D22EA5365D6F}.Debug|Any CPU.ActiveCfg = Debug|Any CPU
		{1E9DD5FC-7C7B-4419-9E67-D22EA5365D6F}.Debug|Any CPU.Build.0 = Debug|Any CPU
		{1E9DD5FC-7C7B-4419-9E67-D22EA5365D6F}.Debug|ARM.ActiveCfg = Debug|Any CPU
		{1E9DD5FC-7C7B-4419-9E67-D22EA5365D6F}.Debug|ARM.Build.0 = Debug|Any CPU
		{1E9DD5FC-7C7B-4419-9E67-D22EA5365D6F}.Debug|ARM64.ActiveCfg = Debug|Any CPU
		{1E9DD5FC-7C7B-4419-9E67-D22EA5365D6F}.Debug|ARM64.Build.0 = Debug|Any CPU
		{1E9DD5FC-7C7B-4419-9E67-D22EA5365D6F}.Debug|iPhone.ActiveCfg = Debug|Any CPU
		{1E9DD5FC-7C7B-4419-9E67-D22EA5365D6F}.Debug|iPhone.Build.0 = Debug|Any CPU
		{1E9DD5FC-7C7B-4419-9E67-D22EA5365D6F}.Debug|iPhoneSimulator.ActiveCfg = Debug|Any CPU
		{1E9DD5FC-7C7B-4419-9E67-D22EA5365D6F}.Debug|iPhoneSimulator.Build.0 = Debug|Any CPU
		{1E9DD5FC-7C7B-4419-9E67-D22EA5365D6F}.Debug|x64.ActiveCfg = Debug|Any CPU
		{1E9DD5FC-7C7B-4419-9E67-D22EA5365D6F}.Debug|x64.Build.0 = Debug|Any CPU
		{1E9DD5FC-7C7B-4419-9E67-D22EA5365D6F}.Debug|x86.ActiveCfg = Debug|Any CPU
		{1E9DD5FC-7C7B-4419-9E67-D22EA5365D6F}.Debug|x86.Build.0 = Debug|Any CPU
		{1E9DD5FC-7C7B-4419-9E67-D22EA5365D6F}.Release|Any CPU.ActiveCfg = Release|Any CPU
		{1E9DD5FC-7C7B-4419-9E67-D22EA5365D6F}.Release|Any CPU.Build.0 = Release|Any CPU
		{1E9DD5FC-7C7B-4419-9E67-D22EA5365D6F}.Release|ARM.ActiveCfg = Release|Any CPU
		{1E9DD5FC-7C7B-4419-9E67-D22EA5365D6F}.Release|ARM.Build.0 = Release|Any CPU
		{1E9DD5FC-7C7B-4419-9E67-D22EA5365D6F}.Release|ARM64.ActiveCfg = Release|Any CPU
		{1E9DD5FC-7C7B-4419-9E67-D22EA5365D6F}.Release|ARM64.Build.0 = Release|Any CPU
		{1E9DD5FC-7C7B-4419-9E67-D22EA5365D6F}.Release|iPhone.ActiveCfg = Release|Any CPU
		{1E9DD5FC-7C7B-4419-9E67-D22EA5365D6F}.Release|iPhone.Build.0 = Release|Any CPU
		{1E9DD5FC-7C7B-4419-9E67-D22EA5365D6F}.Release|iPhoneSimulator.ActiveCfg = Release|Any CPU
		{1E9DD5FC-7C7B-4419-9E67-D22EA5365D6F}.Release|iPhoneSimulator.Build.0 = Release|Any CPU
		{1E9DD5FC-7C7B-4419-9E67-D22EA5365D6F}.Release|x64.ActiveCfg = Release|Any CPU
		{1E9DD5FC-7C7B-4419-9E67-D22EA5365D6F}.Release|x64.Build.0 = Release|Any CPU
		{1E9DD5FC-7C7B-4419-9E67-D22EA5365D6F}.Release|x86.ActiveCfg = Release|Any CPU
		{1E9DD5FC-7C7B-4419-9E67-D22EA5365D6F}.Release|x86.Build.0 = Release|Any CPU
	EndGlobalSection
	GlobalSection(SolutionProperties) = preSolution
		HideSolutionNode = FALSE
	EndGlobalSection
	GlobalSection(NestedProjects) = preSolution
		{0B300ED7-0617-4D0F-9A22-33E3CB3FF0F5} = {ABFA86EB-9746-4E40-88E0-45434E45B36C}
		{14010820-8DD7-4E91-98F8-4EB2602439C1} = {ABFA86EB-9746-4E40-88E0-45434E45B36C}
		{42AB8991-D588-4392-9545-68E63AE45850} = {ABFA86EB-9746-4E40-88E0-45434E45B36C}
		{3F53BF9A-4134-4183-A9AA-E13F76BF927C} = {ABFA86EB-9746-4E40-88E0-45434E45B36C}
		{B527ED9F-6AB2-4EBC-8DF3-AE46843B54EB} = {ABFA86EB-9746-4E40-88E0-45434E45B36C}
		{CAFC35AF-8558-4A3B-A219-8113735BCF52} = {ABFA86EB-9746-4E40-88E0-45434E45B36C}
		{9FEC8963-FB86-4B25-9A5D-31A45234F343} = {ABFA86EB-9746-4E40-88E0-45434E45B36C}
		{8CAB47D6-0F28-4C18-A439-4BF70CBD7F84} = {ABFA86EB-9746-4E40-88E0-45434E45B36C}
		{1E9DD5FC-7C7B-4419-9E67-D22EA5365D6F} = {ABFA86EB-9746-4E40-88E0-45434E45B36C}
	EndGlobalSection
	GlobalSection(ExtensibilityGlobals) = postSolution
		SolutionGuid = {0EA3C6DE-D69E-4F19-8C48-B2738AE2C6D7}
	EndGlobalSection
EndGlobal
