
Microsoft Visual Studio Solution File, Format Version 12.00
# Visual Studio Version 16
VisualStudioVersion = 16.0.30709.64
MinimumVisualStudioVersion = 10.0.40219.1
Project("{2150E333-8FDC-42A3-9474-1A3956D46DE8}") = "Platforms", "Platforms", "{D59034A7-B113-4B75-B3DE-7D860578866B}"
EndProject
Project("{FAE04EC0-301F-11D3-BF4B-00C04F79EFBC}") = "UnoPlatformSpecific.Droid", "UnoPlatformSpecific\UnoPlatformSpecific.Droid\UnoPlatformSpecific.Droid.csproj", "{2B38CB9A-7EBA-4757-AA49-5CF36999B636}"
EndProject
Project("{FAE04EC0-301F-11D3-BF4B-00C04F79EFBC}") = "UnoPlatformSpecific.iOS", "UnoPlatformSpecific\UnoPlatformSpecific.iOS\UnoPlatformSpecific.iOS.csproj", "{82AB9537-AE0F-4F39-B4D1-8697CE8AFC91}"
EndProject
Project("{FAE04EC0-301F-11D3-BF4B-00C04F79EFBC}") = "UnoPlatformSpecific.UWP", "UnoPlatformSpecific\UnoPlatformSpecific.UWP\UnoPlatformSpecific.UWP.csproj", "{A066E98D-1E7F-4097-8EFA-8831E5C4E406}"
EndProject
Project("{9A19103F-16F7-4668-BE54-9A1E7A4F7556}") = "UnoPlatformSpecific.Wasm", "UnoPlatformSpecific\UnoPlatformSpecific.Wasm\UnoPlatformSpecific.Wasm.csproj", "{A8E4C2DA-672C-48AC-A9AD-9C78F5CD0C93}"
EndProject
Project("{FAE04EC0-301F-11D3-BF4B-00C04F79EFBC}") = "UnoPlatformSpecific.macOS", "UnoPlatformSpecific\UnoPlatformSpecific.macOS\UnoPlatformSpecific.macOS.csproj", "{2423F5A9-9476-41F8-8621-159CC30C051B}"
EndProject
Project("{9A19103F-16F7-4668-BE54-9A1E7A4F7556}") = "UnoPlatformSpecific.Skia.Wpf.Host", "UnoPlatformSpecific\UnoPlatformSpecific.Skia.Wpf.Host\UnoPlatformSpecific.Skia.Wpf.Host.csproj", "{0970E795-FA97-4D9D-870C-87C6D88AADD6}"
EndProject
Project("{9A19103F-16F7-4668-BE54-9A1E7A4F7556}") = "UnoPlatformSpecific.Skia.Wpf", "UnoPlatformSpecific\UnoPlatformSpecific.Skia.Wpf\UnoPlatformSpecific.Skia.Wpf.csproj", "{64FCB819-D1EF-4AD6-8D86-38C0D562ABF8}"
EndProject
Project("{9A19103F-16F7-4668-BE54-9A1E7A4F7556}") = "UnoPlatformSpecific.Skia.Gtk", "UnoPlatformSpecific\UnoPlatformSpecific.Skia.Gtk\UnoPlatformSpecific.Skia.Gtk.csproj", "{54A077A3-A3BF-4F95-88B2-07D50EDCE177}"
EndProject
Project("{9A19103F-16F7-4668-BE54-9A1E7A4F7556}") = "UnoPlatformSpecific.Skia.Tizen", "UnoPlatformSpecific\UnoPlatformSpecific.Skia.Tizen\UnoPlatformSpecific.Skia.Tizen.csproj", "{902CAE56-9BA5-4FC9-80F9-35BA0B7F17F2}"
EndProject
Project("{D954291E-2A0B-460D-934E-DC6B0785DB48}") = "UnoPlatformSpecific.Shared", "UnoPlatformSpecific\UnoPlatformSpecific.Shared\UnoPlatformSpecific.Shared.shproj", "{6279C845-92F8-4333-AB99-3D213163593C}"
EndProject
Global
	GlobalSection(SharedMSBuildProjectFiles) = preSolution
		UnoPlatformSpecific\UnoPlatformSpecific.Shared\UnoPlatformSpecific.Shared.projitems*{2423f5a9-9476-41f8-8621-159cc30c051b}*SharedItemsImports = 4
		UnoPlatformSpecific\UnoPlatformSpecific.Shared\UnoPlatformSpecific.Shared.projitems*{2b38cb9a-7eba-4757-aa49-5cf36999b636}*SharedItemsImports = 4
		UnoPlatformSpecific\UnoPlatformSpecific.Shared\UnoPlatformSpecific.Shared.projitems*{54a077a3-a3bf-4f95-88b2-07d50edce177}*SharedItemsImports = 5
		UnoPlatformSpecific\UnoPlatformSpecific.Shared\UnoPlatformSpecific.Shared.projitems*{6279c845-92f8-4333-ab99-3d213163593c}*SharedItemsImports = 13
		UnoPlatformSpecific\UnoPlatformSpecific.Shared\UnoPlatformSpecific.Shared.projitems*{64fcb819-d1ef-4ad6-8d86-38c0d562abf8}*SharedItemsImports = 5
		UnoPlatformSpecific\UnoPlatformSpecific.Shared\UnoPlatformSpecific.Shared.projitems*{82ab9537-ae0f-4f39-b4d1-8697ce8afc91}*SharedItemsImports = 4
		UnoPlatformSpecific\UnoPlatformSpecific.Shared\UnoPlatformSpecific.Shared.projitems*{902cae56-9ba5-4fc9-80f9-35ba0b7f17f2}*SharedItemsImports = 5
		UnoPlatformSpecific\UnoPlatformSpecific.Shared\UnoPlatformSpecific.Shared.projitems*{a066e98d-1e7f-4097-8efa-8831e5c4e406}*SharedItemsImports = 4
		UnoPlatformSpecific\UnoPlatformSpecific.Shared\UnoPlatformSpecific.Shared.projitems*{a8e4c2da-672c-48ac-a9ad-9c78f5cd0c93}*SharedItemsImports = 5
	EndGlobalSection
	GlobalSection(SolutionConfigurationPlatforms) = preSolution
		Ad-Hoc|Any CPU = Ad-Hoc|Any CPU
		Ad-Hoc|ARM = Ad-Hoc|ARM
		Ad-Hoc|ARM64 = Ad-Hoc|ARM64
		Ad-Hoc|iPhone = Ad-Hoc|iPhone
		Ad-Hoc|iPhoneSimulator = Ad-Hoc|iPhoneSimulator
		Ad-Hoc|x64 = Ad-Hoc|x64
		Ad-Hoc|x86 = Ad-Hoc|x86
		AppStore|Any CPU = AppStore|Any CPU
		AppStore|ARM = AppStore|ARM
		AppStore|ARM64 = AppStore|ARM64
		AppStore|iPhone = AppStore|iPhone
		AppStore|iPhoneSimulator = AppStore|iPhoneSimulator
		AppStore|x64 = AppStore|x64
		AppStore|x86 = AppStore|x86
		Debug|Any CPU = Debug|Any CPU
		Debug|ARM = Debug|ARM
		Debug|ARM64 = Debug|ARM64
		Debug|iPhone = Debug|iPhone
		Debug|iPhoneSimulator = Debug|iPhoneSimulator
		Debug|x64 = Debug|x64
		Debug|x86 = Debug|x86
		Release|Any CPU = Release|Any CPU
		Release|ARM = Release|ARM
		Release|ARM64 = Release|ARM64
		Release|iPhone = Release|iPhone
		Release|iPhoneSimulator = Release|iPhoneSimulator
		Release|x64 = Release|x64
		Release|x86 = Release|x86
	EndGlobalSection
	GlobalSection(ProjectConfigurationPlatforms) = postSolution
		{2B38CB9A-7EBA-4757-AA49-5CF36999B636}.Ad-Hoc|Any CPU.ActiveCfg = Debug|Any CPU
		{2B38CB9A-7EBA-4757-AA49-5CF36999B636}.Ad-Hoc|Any CPU.Build.0 = Debug|Any CPU
		{2B38CB9A-7EBA-4757-AA49-5CF36999B636}.Ad-Hoc|Any CPU.Deploy.0 = Debug|Any CPU
		{2B38CB9A-7EBA-4757-AA49-5CF36999B636}.Ad-Hoc|ARM.ActiveCfg = Debug|Any CPU
		{2B38CB9A-7EBA-4757-AA49-5CF36999B636}.Ad-Hoc|ARM.Build.0 = Debug|Any CPU
		{2B38CB9A-7EBA-4757-AA49-5CF36999B636}.Ad-Hoc|ARM.Deploy.0 = Debug|Any CPU
		{2B38CB9A-7EBA-4757-AA49-5CF36999B636}.Ad-Hoc|ARM64.ActiveCfg = Debug|Any CPU
		{2B38CB9A-7EBA-4757-AA49-5CF36999B636}.Ad-Hoc|ARM64.Build.0 = Debug|Any CPU
		{2B38CB9A-7EBA-4757-AA49-5CF36999B636}.Ad-Hoc|ARM64.Deploy.0 = Debug|Any CPU
		{2B38CB9A-7EBA-4757-AA49-5CF36999B636}.Ad-Hoc|iPhone.ActiveCfg = Debug|Any CPU
		{2B38CB9A-7EBA-4757-AA49-5CF36999B636}.Ad-Hoc|iPhone.Build.0 = Debug|Any CPU
		{2B38CB9A-7EBA-4757-AA49-5CF36999B636}.Ad-Hoc|iPhone.Deploy.0 = Debug|Any CPU
		{2B38CB9A-7EBA-4757-AA49-5CF36999B636}.Ad-Hoc|iPhoneSimulator.ActiveCfg = Debug|Any CPU
		{2B38CB9A-7EBA-4757-AA49-5CF36999B636}.Ad-Hoc|iPhoneSimulator.Build.0 = Debug|Any CPU
		{2B38CB9A-7EBA-4757-AA49-5CF36999B636}.Ad-Hoc|iPhoneSimulator.Deploy.0 = Debug|Any CPU
		{2B38CB9A-7EBA-4757-AA49-5CF36999B636}.Ad-Hoc|x64.ActiveCfg = Debug|Any CPU
		{2B38CB9A-7EBA-4757-AA49-5CF36999B636}.Ad-Hoc|x64.Build.0 = Debug|Any CPU
		{2B38CB9A-7EBA-4757-AA49-5CF36999B636}.Ad-Hoc|x64.Deploy.0 = Debug|Any CPU
		{2B38CB9A-7EBA-4757-AA49-5CF36999B636}.Ad-Hoc|x86.ActiveCfg = Debug|Any CPU
		{2B38CB9A-7EBA-4757-AA49-5CF36999B636}.Ad-Hoc|x86.Build.0 = Debug|Any CPU
		{2B38CB9A-7EBA-4757-AA49-5CF36999B636}.Ad-Hoc|x86.Deploy.0 = Debug|Any CPU
		{2B38CB9A-7EBA-4757-AA49-5CF36999B636}.AppStore|Any CPU.ActiveCfg = Debug|Any CPU
		{2B38CB9A-7EBA-4757-AA49-5CF36999B636}.AppStore|Any CPU.Build.0 = Debug|Any CPU
		{2B38CB9A-7EBA-4757-AA49-5CF36999B636}.AppStore|Any CPU.Deploy.0 = Debug|Any CPU
		{2B38CB9A-7EBA-4757-AA49-5CF36999B636}.AppStore|ARM.ActiveCfg = Debug|Any CPU
		{2B38CB9A-7EBA-4757-AA49-5CF36999B636}.AppStore|ARM.Build.0 = Debug|Any CPU
		{2B38CB9A-7EBA-4757-AA49-5CF36999B636}.AppStore|ARM.Deploy.0 = Debug|Any CPU
		{2B38CB9A-7EBA-4757-AA49-5CF36999B636}.AppStore|ARM64.ActiveCfg = Debug|Any CPU
		{2B38CB9A-7EBA-4757-AA49-5CF36999B636}.AppStore|ARM64.Build.0 = Debug|Any CPU
		{2B38CB9A-7EBA-4757-AA49-5CF36999B636}.AppStore|ARM64.Deploy.0 = Debug|Any CPU
		{2B38CB9A-7EBA-4757-AA49-5CF36999B636}.AppStore|iPhone.ActiveCfg = Debug|Any CPU
		{2B38CB9A-7EBA-4757-AA49-5CF36999B636}.AppStore|iPhone.Build.0 = Debug|Any CPU
		{2B38CB9A-7EBA-4757-AA49-5CF36999B636}.AppStore|iPhone.Deploy.0 = Debug|Any CPU
		{2B38CB9A-7EBA-4757-AA49-5CF36999B636}.AppStore|iPhoneSimulator.ActiveCfg = Debug|Any CPU
		{2B38CB9A-7EBA-4757-AA49-5CF36999B636}.AppStore|iPhoneSimulator.Build.0 = Debug|Any CPU
		{2B38CB9A-7EBA-4757-AA49-5CF36999B636}.AppStore|iPhoneSimulator.Deploy.0 = Debug|Any CPU
		{2B38CB9A-7EBA-4757-AA49-5CF36999B636}.AppStore|x64.ActiveCfg = Debug|Any CPU
		{2B38CB9A-7EBA-4757-AA49-5CF36999B636}.AppStore|x64.Build.0 = Debug|Any CPU
		{2B38CB9A-7EBA-4757-AA49-5CF36999B636}.AppStore|x64.Deploy.0 = Debug|Any CPU
		{2B38CB9A-7EBA-4757-AA49-5CF36999B636}.AppStore|x86.ActiveCfg = Debug|Any CPU
		{2B38CB9A-7EBA-4757-AA49-5CF36999B636}.AppStore|x86.Build.0 = Debug|Any CPU
		{2B38CB9A-7EBA-4757-AA49-5CF36999B636}.AppStore|x86.Deploy.0 = Debug|Any CPU
		{2B38CB9A-7EBA-4757-AA49-5CF36999B636}.Debug|Any CPU.ActiveCfg = Debug|Any CPU
		{2B38CB9A-7EBA-4757-AA49-5CF36999B636}.Debug|Any CPU.Build.0 = Debug|Any CPU
		{2B38CB9A-7EBA-4757-AA49-5CF36999B636}.Debug|Any CPU.Deploy.0 = Debug|Any CPU
		{2B38CB9A-7EBA-4757-AA49-5CF36999B636}.Debug|ARM.ActiveCfg = Debug|Any CPU
		{2B38CB9A-7EBA-4757-AA49-5CF36999B636}.Debug|ARM.Build.0 = Debug|Any CPU
		{2B38CB9A-7EBA-4757-AA49-5CF36999B636}.Debug|ARM.Deploy.0 = Debug|Any CPU
		{2B38CB9A-7EBA-4757-AA49-5CF36999B636}.Debug|ARM64.ActiveCfg = Debug|Any CPU
		{2B38CB9A-7EBA-4757-AA49-5CF36999B636}.Debug|ARM64.Build.0 = Debug|Any CPU
		{2B38CB9A-7EBA-4757-AA49-5CF36999B636}.Debug|ARM64.Deploy.0 = Debug|Any CPU
		{2B38CB9A-7EBA-4757-AA49-5CF36999B636}.Debug|iPhone.ActiveCfg = Debug|Any CPU
		{2B38CB9A-7EBA-4757-AA49-5CF36999B636}.Debug|iPhone.Build.0 = Debug|Any CPU
		{2B38CB9A-7EBA-4757-AA49-5CF36999B636}.Debug|iPhone.Deploy.0 = Debug|Any CPU
		{2B38CB9A-7EBA-4757-AA49-5CF36999B636}.Debug|iPhoneSimulator.ActiveCfg = Debug|Any CPU
		{2B38CB9A-7EBA-4757-AA49-5CF36999B636}.Debug|iPhoneSimulator.Build.0 = Debug|Any CPU
		{2B38CB9A-7EBA-4757-AA49-5CF36999B636}.Debug|iPhoneSimulator.Deploy.0 = Debug|Any CPU
		{2B38CB9A-7EBA-4757-AA49-5CF36999B636}.Debug|x64.ActiveCfg = Debug|Any CPU
		{2B38CB9A-7EBA-4757-AA49-5CF36999B636}.Debug|x64.Build.0 = Debug|Any CPU
		{2B38CB9A-7EBA-4757-AA49-5CF36999B636}.Debug|x64.Deploy.0 = Debug|Any CPU
		{2B38CB9A-7EBA-4757-AA49-5CF36999B636}.Debug|x86.ActiveCfg = Debug|Any CPU
		{2B38CB9A-7EBA-4757-AA49-5CF36999B636}.Debug|x86.Build.0 = Debug|Any CPU
		{2B38CB9A-7EBA-4757-AA49-5CF36999B636}.Debug|x86.Deploy.0 = Debug|Any CPU
		{2B38CB9A-7EBA-4757-AA49-5CF36999B636}.Release|Any CPU.ActiveCfg = Release|Any CPU
		{2B38CB9A-7EBA-4757-AA49-5CF36999B636}.Release|Any CPU.Build.0 = Release|Any CPU
		{2B38CB9A-7EBA-4757-AA49-5CF36999B636}.Release|Any CPU.Deploy.0 = Release|Any CPU
		{2B38CB9A-7EBA-4757-AA49-5CF36999B636}.Release|ARM.ActiveCfg = Release|Any CPU
		{2B38CB9A-7EBA-4757-AA49-5CF36999B636}.Release|ARM.Build.0 = Release|Any CPU
		{2B38CB9A-7EBA-4757-AA49-5CF36999B636}.Release|ARM.Deploy.0 = Release|Any CPU
		{2B38CB9A-7EBA-4757-AA49-5CF36999B636}.Release|ARM64.ActiveCfg = Release|Any CPU
		{2B38CB9A-7EBA-4757-AA49-5CF36999B636}.Release|ARM64.Build.0 = Release|Any CPU
		{2B38CB9A-7EBA-4757-AA49-5CF36999B636}.Release|ARM64.Deploy.0 = Release|Any CPU
		{2B38CB9A-7EBA-4757-AA49-5CF36999B636}.Release|iPhone.ActiveCfg = Release|Any CPU
		{2B38CB9A-7EBA-4757-AA49-5CF36999B636}.Release|iPhone.Build.0 = Release|Any CPU
		{2B38CB9A-7EBA-4757-AA49-5CF36999B636}.Release|iPhone.Deploy.0 = Release|Any CPU
		{2B38CB9A-7EBA-4757-AA49-5CF36999B636}.Release|iPhoneSimulator.ActiveCfg = Release|Any CPU
		{2B38CB9A-7EBA-4757-AA49-5CF36999B636}.Release|iPhoneSimulator.Build.0 = Release|Any CPU
		{2B38CB9A-7EBA-4757-AA49-5CF36999B636}.Release|iPhoneSimulator.Deploy.0 = Release|Any CPU
		{2B38CB9A-7EBA-4757-AA49-5CF36999B636}.Release|x64.ActiveCfg = Release|Any CPU
		{2B38CB9A-7EBA-4757-AA49-5CF36999B636}.Release|x64.Build.0 = Release|Any CPU
		{2B38CB9A-7EBA-4757-AA49-5CF36999B636}.Release|x64.Deploy.0 = Release|Any CPU
		{2B38CB9A-7EBA-4757-AA49-5CF36999B636}.Release|x86.ActiveCfg = Release|Any CPU
		{2B38CB9A-7EBA-4757-AA49-5CF36999B636}.Release|x86.Build.0 = Release|Any CPU
		{2B38CB9A-7EBA-4757-AA49-5CF36999B636}.Release|x86.Deploy.0 = Release|Any CPU
		{82AB9537-AE0F-4F39-B4D1-8697CE8AFC91}.Ad-Hoc|Any CPU.ActiveCfg = Ad-Hoc|iPhoneSimulator
		{82AB9537-AE0F-4F39-B4D1-8697CE8AFC91}.Ad-Hoc|ARM.ActiveCfg = Ad-Hoc|iPhoneSimulator
		{82AB9537-AE0F-4F39-B4D1-8697CE8AFC91}.Ad-Hoc|ARM64.ActiveCfg = Ad-Hoc|iPhoneSimulator
		{82AB9537-AE0F-4F39-B4D1-8697CE8AFC91}.Ad-Hoc|iPhone.ActiveCfg = Ad-Hoc|iPhone
		{82AB9537-AE0F-4F39-B4D1-8697CE8AFC91}.Ad-Hoc|iPhone.Build.0 = Ad-Hoc|iPhone
		{82AB9537-AE0F-4F39-B4D1-8697CE8AFC91}.Ad-Hoc|iPhoneSimulator.ActiveCfg = Ad-Hoc|iPhoneSimulator
		{82AB9537-AE0F-4F39-B4D1-8697CE8AFC91}.Ad-Hoc|iPhoneSimulator.Build.0 = Ad-Hoc|iPhoneSimulator
		{82AB9537-AE0F-4F39-B4D1-8697CE8AFC91}.Ad-Hoc|x64.ActiveCfg = Ad-Hoc|iPhoneSimulator
		{82AB9537-AE0F-4F39-B4D1-8697CE8AFC91}.Ad-Hoc|x86.ActiveCfg = Ad-Hoc|iPhoneSimulator
		{82AB9537-AE0F-4F39-B4D1-8697CE8AFC91}.AppStore|Any CPU.ActiveCfg = AppStore|iPhoneSimulator
		{82AB9537-AE0F-4F39-B4D1-8697CE8AFC91}.AppStore|ARM.ActiveCfg = AppStore|iPhoneSimulator
		{82AB9537-AE0F-4F39-B4D1-8697CE8AFC91}.AppStore|ARM64.ActiveCfg = AppStore|iPhoneSimulator
		{82AB9537-AE0F-4F39-B4D1-8697CE8AFC91}.AppStore|iPhone.ActiveCfg = AppStore|iPhone
		{82AB9537-AE0F-4F39-B4D1-8697CE8AFC91}.AppStore|iPhone.Build.0 = AppStore|iPhone
		{82AB9537-AE0F-4F39-B4D1-8697CE8AFC91}.AppStore|iPhoneSimulator.ActiveCfg = AppStore|iPhoneSimulator
		{82AB9537-AE0F-4F39-B4D1-8697CE8AFC91}.AppStore|iPhoneSimulator.Build.0 = AppStore|iPhoneSimulator
		{82AB9537-AE0F-4F39-B4D1-8697CE8AFC91}.AppStore|x64.ActiveCfg = AppStore|iPhoneSimulator
		{82AB9537-AE0F-4F39-B4D1-8697CE8AFC91}.AppStore|x86.ActiveCfg = AppStore|iPhoneSimulator
		{82AB9537-AE0F-4F39-B4D1-8697CE8AFC91}.Debug|Any CPU.ActiveCfg = Debug|iPhoneSimulator
		{82AB9537-AE0F-4F39-B4D1-8697CE8AFC91}.Debug|ARM.ActiveCfg = Debug|iPhoneSimulator
		{82AB9537-AE0F-4F39-B4D1-8697CE8AFC91}.Debug|ARM64.ActiveCfg = Debug|iPhoneSimulator
		{82AB9537-AE0F-4F39-B4D1-8697CE8AFC91}.Debug|iPhone.ActiveCfg = Debug|iPhone
		{82AB9537-AE0F-4F39-B4D1-8697CE8AFC91}.Debug|iPhone.Build.0 = Debug|iPhone
		{82AB9537-AE0F-4F39-B4D1-8697CE8AFC91}.Debug|iPhoneSimulator.ActiveCfg = Debug|iPhoneSimulator
		{82AB9537-AE0F-4F39-B4D1-8697CE8AFC91}.Debug|iPhoneSimulator.Build.0 = Debug|iPhoneSimulator
		{82AB9537-AE0F-4F39-B4D1-8697CE8AFC91}.Debug|x64.ActiveCfg = Debug|iPhoneSimulator
		{82AB9537-AE0F-4F39-B4D1-8697CE8AFC91}.Debug|x86.ActiveCfg = Debug|iPhoneSimulator
		{82AB9537-AE0F-4F39-B4D1-8697CE8AFC91}.Release|Any CPU.ActiveCfg = Release|iPhoneSimulator
		{82AB9537-AE0F-4F39-B4D1-8697CE8AFC91}.Release|ARM.ActiveCfg = Release|iPhoneSimulator
		{82AB9537-AE0F-4F39-B4D1-8697CE8AFC91}.Release|ARM64.ActiveCfg = Release|iPhoneSimulator
		{82AB9537-AE0F-4F39-B4D1-8697CE8AFC91}.Release|iPhone.ActiveCfg = Release|iPhone
		{82AB9537-AE0F-4F39-B4D1-8697CE8AFC91}.Release|iPhone.Build.0 = Release|iPhone
		{82AB9537-AE0F-4F39-B4D1-8697CE8AFC91}.Release|iPhoneSimulator.ActiveCfg = Release|iPhoneSimulator
		{82AB9537-AE0F-4F39-B4D1-8697CE8AFC91}.Release|iPhoneSimulator.Build.0 = Release|iPhoneSimulator
		{82AB9537-AE0F-4F39-B4D1-8697CE8AFC91}.Release|x64.ActiveCfg = Release|iPhoneSimulator
		{82AB9537-AE0F-4F39-B4D1-8697CE8AFC91}.Release|x86.ActiveCfg = Release|iPhoneSimulator
		{A066E98D-1E7F-4097-8EFA-8831E5C4E406}.Ad-Hoc|Any CPU.ActiveCfg = Debug|x86
		{A066E98D-1E7F-4097-8EFA-8831E5C4E406}.Ad-Hoc|Any CPU.Build.0 = Debug|x86
		{A066E98D-1E7F-4097-8EFA-8831E5C4E406}.Ad-Hoc|Any CPU.Deploy.0 = Debug|x86
		{A066E98D-1E7F-4097-8EFA-8831E5C4E406}.Ad-Hoc|ARM.ActiveCfg = Debug|ARM
		{A066E98D-1E7F-4097-8EFA-8831E5C4E406}.Ad-Hoc|ARM.Build.0 = Debug|ARM
		{A066E98D-1E7F-4097-8EFA-8831E5C4E406}.Ad-Hoc|ARM.Deploy.0 = Debug|ARM
		{A066E98D-1E7F-4097-8EFA-8831E5C4E406}.Ad-Hoc|ARM64.ActiveCfg = Debug|ARM64
		{A066E98D-1E7F-4097-8EFA-8831E5C4E406}.Ad-Hoc|ARM64.Build.0 = Debug|ARM64
		{A066E98D-1E7F-4097-8EFA-8831E5C4E406}.Ad-Hoc|ARM64.Deploy.0 = Debug|ARM64
		{A066E98D-1E7F-4097-8EFA-8831E5C4E406}.Ad-Hoc|iPhone.ActiveCfg = Debug|x86
		{A066E98D-1E7F-4097-8EFA-8831E5C4E406}.Ad-Hoc|iPhone.Build.0 = Debug|x86
		{A066E98D-1E7F-4097-8EFA-8831E5C4E406}.Ad-Hoc|iPhone.Deploy.0 = Debug|x86
		{A066E98D-1E7F-4097-8EFA-8831E5C4E406}.Ad-Hoc|iPhoneSimulator.ActiveCfg = Debug|x86
		{A066E98D-1E7F-4097-8EFA-8831E5C4E406}.Ad-Hoc|iPhoneSimulator.Build.0 = Debug|x86
		{A066E98D-1E7F-4097-8EFA-8831E5C4E406}.Ad-Hoc|iPhoneSimulator.Deploy.0 = Debug|x86
		{A066E98D-1E7F-4097-8EFA-8831E5C4E406}.Ad-Hoc|x64.ActiveCfg = Debug|x64
		{A066E98D-1E7F-4097-8EFA-8831E5C4E406}.Ad-Hoc|x64.Build.0 = Debug|x64
		{A066E98D-1E7F-4097-8EFA-8831E5C4E406}.Ad-Hoc|x64.Deploy.0 = Debug|x64
		{A066E98D-1E7F-4097-8EFA-8831E5C4E406}.Ad-Hoc|x86.ActiveCfg = Debug|x86
		{A066E98D-1E7F-4097-8EFA-8831E5C4E406}.Ad-Hoc|x86.Build.0 = Debug|x86
		{A066E98D-1E7F-4097-8EFA-8831E5C4E406}.Ad-Hoc|x86.Deploy.0 = Debug|x86
		{A066E98D-1E7F-4097-8EFA-8831E5C4E406}.AppStore|Any CPU.ActiveCfg = Debug|x86
		{A066E98D-1E7F-4097-8EFA-8831E5C4E406}.AppStore|Any CPU.Build.0 = Debug|x86
		{A066E98D-1E7F-4097-8EFA-8831E5C4E406}.AppStore|Any CPU.Deploy.0 = Debug|x86
		{A066E98D-1E7F-4097-8EFA-8831E5C4E406}.AppStore|ARM.ActiveCfg = Debug|ARM
		{A066E98D-1E7F-4097-8EFA-8831E5C4E406}.AppStore|ARM.Build.0 = Debug|ARM
		{A066E98D-1E7F-4097-8EFA-8831E5C4E406}.AppStore|ARM.Deploy.0 = Debug|ARM
		{A066E98D-1E7F-4097-8EFA-8831E5C4E406}.AppStore|ARM64.ActiveCfg = Debug|ARM64
		{A066E98D-1E7F-4097-8EFA-8831E5C4E406}.AppStore|ARM64.Build.0 = Debug|ARM64
		{A066E98D-1E7F-4097-8EFA-8831E5C4E406}.AppStore|ARM64.Deploy.0 = Debug|ARM64
		{A066E98D-1E7F-4097-8EFA-8831E5C4E406}.AppStore|iPhone.ActiveCfg = Debug|x86
		{A066E98D-1E7F-4097-8EFA-8831E5C4E406}.AppStore|iPhone.Build.0 = Debug|x86
		{A066E98D-1E7F-4097-8EFA-8831E5C4E406}.AppStore|iPhone.Deploy.0 = Debug|x86
		{A066E98D-1E7F-4097-8EFA-8831E5C4E406}.AppStore|iPhoneSimulator.ActiveCfg = Debug|x86
		{A066E98D-1E7F-4097-8EFA-8831E5C4E406}.AppStore|iPhoneSimulator.Build.0 = Debug|x86
		{A066E98D-1E7F-4097-8EFA-8831E5C4E406}.AppStore|iPhoneSimulator.Deploy.0 = Debug|x86
		{A066E98D-1E7F-4097-8EFA-8831E5C4E406}.AppStore|x64.ActiveCfg = Debug|x64
		{A066E98D-1E7F-4097-8EFA-8831E5C4E406}.AppStore|x64.Build.0 = Debug|x64
		{A066E98D-1E7F-4097-8EFA-8831E5C4E406}.AppStore|x64.Deploy.0 = Debug|x64
		{A066E98D-1E7F-4097-8EFA-8831E5C4E406}.AppStore|x86.ActiveCfg = Debug|x86
		{A066E98D-1E7F-4097-8EFA-8831E5C4E406}.AppStore|x86.Build.0 = Debug|x86
		{A066E98D-1E7F-4097-8EFA-8831E5C4E406}.AppStore|x86.Deploy.0 = Debug|x86
		{A066E98D-1E7F-4097-8EFA-8831E5C4E406}.Debug|Any CPU.ActiveCfg = Debug|x86
		{A066E98D-1E7F-4097-8EFA-8831E5C4E406}.Debug|ARM.ActiveCfg = Debug|ARM
		{A066E98D-1E7F-4097-8EFA-8831E5C4E406}.Debug|ARM.Build.0 = Debug|ARM
		{A066E98D-1E7F-4097-8EFA-8831E5C4E406}.Debug|ARM.Deploy.0 = Debug|ARM
		{A066E98D-1E7F-4097-8EFA-8831E5C4E406}.Debug|ARM64.ActiveCfg = Debug|ARM64
		{A066E98D-1E7F-4097-8EFA-8831E5C4E406}.Debug|ARM64.Build.0 = Debug|ARM64
		{A066E98D-1E7F-4097-8EFA-8831E5C4E406}.Debug|ARM64.Deploy.0 = Debug|ARM64
		{A066E98D-1E7F-4097-8EFA-8831E5C4E406}.Debug|iPhone.ActiveCfg = Debug|x86
		{A066E98D-1E7F-4097-8EFA-8831E5C4E406}.Debug|iPhoneSimulator.ActiveCfg = Debug|x86
		{A066E98D-1E7F-4097-8EFA-8831E5C4E406}.Debug|x64.ActiveCfg = Debug|x64
		{A066E98D-1E7F-4097-8EFA-8831E5C4E406}.Debug|x64.Build.0 = Debug|x64
		{A066E98D-1E7F-4097-8EFA-8831E5C4E406}.Debug|x64.Deploy.0 = Debug|x64
		{A066E98D-1E7F-4097-8EFA-8831E5C4E406}.Debug|x86.ActiveCfg = Debug|x86
		{A066E98D-1E7F-4097-8EFA-8831E5C4E406}.Debug|x86.Build.0 = Debug|x86
		{A066E98D-1E7F-4097-8EFA-8831E5C4E406}.Debug|x86.Deploy.0 = Debug|x86
		{A066E98D-1E7F-4097-8EFA-8831E5C4E406}.Release|Any CPU.ActiveCfg = Release|x86
		{A066E98D-1E7F-4097-8EFA-8831E5C4E406}.Release|ARM.ActiveCfg = Release|ARM
		{A066E98D-1E7F-4097-8EFA-8831E5C4E406}.Release|ARM.Build.0 = Release|ARM
		{A066E98D-1E7F-4097-8EFA-8831E5C4E406}.Release|ARM.Deploy.0 = Release|ARM
		{A066E98D-1E7F-4097-8EFA-8831E5C4E406}.Release|ARM64.ActiveCfg = Release|ARM64
		{A066E98D-1E7F-4097-8EFA-8831E5C4E406}.Release|ARM64.Build.0 = Release|ARM64
		{A066E98D-1E7F-4097-8EFA-8831E5C4E406}.Release|ARM64.Deploy.0 = Release|ARM64
		{A066E98D-1E7F-4097-8EFA-8831E5C4E406}.Release|iPhone.ActiveCfg = Release|x86
		{A066E98D-1E7F-4097-8EFA-8831E5C4E406}.Release|iPhoneSimulator.ActiveCfg = Release|x86
		{A066E98D-1E7F-4097-8EFA-8831E5C4E406}.Release|x64.ActiveCfg = Release|x64
		{A066E98D-1E7F-4097-8EFA-8831E5C4E406}.Release|x64.Build.0 = Release|x64
		{A066E98D-1E7F-4097-8EFA-8831E5C4E406}.Release|x64.Deploy.0 = Release|x64
		{A066E98D-1E7F-4097-8EFA-8831E5C4E406}.Release|x86.ActiveCfg = Release|x86
		{A066E98D-1E7F-4097-8EFA-8831E5C4E406}.Release|x86.Build.0 = Release|x86
		{A066E98D-1E7F-4097-8EFA-8831E5C4E406}.Release|x86.Deploy.0 = Release|x86
		{A8E4C2DA-672C-48AC-A9AD-9C78F5CD0C93}.Ad-Hoc|Any CPU.ActiveCfg = Debug|Any CPU
		{A8E4C2DA-672C-48AC-A9AD-9C78F5CD0C93}.Ad-Hoc|Any CPU.Build.0 = Debug|Any CPU
		{A8E4C2DA-672C-48AC-A9AD-9C78F5CD0C93}.Ad-Hoc|ARM.ActiveCfg = Debug|Any CPU
		{A8E4C2DA-672C-48AC-A9AD-9C78F5CD0C93}.Ad-Hoc|ARM.Build.0 = Debug|Any CPU
		{A8E4C2DA-672C-48AC-A9AD-9C78F5CD0C93}.Ad-Hoc|ARM64.ActiveCfg = Debug|Any CPU
		{A8E4C2DA-672C-48AC-A9AD-9C78F5CD0C93}.Ad-Hoc|ARM64.Build.0 = Debug|Any CPU
		{A8E4C2DA-672C-48AC-A9AD-9C78F5CD0C93}.Ad-Hoc|iPhone.ActiveCfg = Debug|Any CPU
		{A8E4C2DA-672C-48AC-A9AD-9C78F5CD0C93}.Ad-Hoc|iPhone.Build.0 = Debug|Any CPU
		{A8E4C2DA-672C-48AC-A9AD-9C78F5CD0C93}.Ad-Hoc|iPhoneSimulator.ActiveCfg = Debug|Any CPU
		{A8E4C2DA-672C-48AC-A9AD-9C78F5CD0C93}.Ad-Hoc|iPhoneSimulator.Build.0 = Debug|Any CPU
		{A8E4C2DA-672C-48AC-A9AD-9C78F5CD0C93}.Ad-Hoc|x64.ActiveCfg = Debug|Any CPU
		{A8E4C2DA-672C-48AC-A9AD-9C78F5CD0C93}.Ad-Hoc|x64.Build.0 = Debug|Any CPU
		{A8E4C2DA-672C-48AC-A9AD-9C78F5CD0C93}.Ad-Hoc|x86.ActiveCfg = Debug|Any CPU
		{A8E4C2DA-672C-48AC-A9AD-9C78F5CD0C93}.Ad-Hoc|x86.Build.0 = Debug|Any CPU
		{A8E4C2DA-672C-48AC-A9AD-9C78F5CD0C93}.AppStore|Any CPU.ActiveCfg = Debug|Any CPU
		{A8E4C2DA-672C-48AC-A9AD-9C78F5CD0C93}.AppStore|Any CPU.Build.0 = Debug|Any CPU
		{A8E4C2DA-672C-48AC-A9AD-9C78F5CD0C93}.AppStore|ARM.ActiveCfg = Debug|Any CPU
		{A8E4C2DA-672C-48AC-A9AD-9C78F5CD0C93}.AppStore|ARM.Build.0 = Debug|Any CPU
		{A8E4C2DA-672C-48AC-A9AD-9C78F5CD0C93}.AppStore|ARM64.ActiveCfg = Debug|Any CPU
		{A8E4C2DA-672C-48AC-A9AD-9C78F5CD0C93}.AppStore|ARM64.Build.0 = Debug|Any CPU
		{A8E4C2DA-672C-48AC-A9AD-9C78F5CD0C93}.AppStore|iPhone.ActiveCfg = Debug|Any CPU
		{A8E4C2DA-672C-48AC-A9AD-9C78F5CD0C93}.AppStore|iPhone.Build.0 = Debug|Any CPU
		{A8E4C2DA-672C-48AC-A9AD-9C78F5CD0C93}.AppStore|iPhoneSimulator.ActiveCfg = Debug|Any CPU
		{A8E4C2DA-672C-48AC-A9AD-9C78F5CD0C93}.AppStore|iPhoneSimulator.Build.0 = Debug|Any CPU
		{A8E4C2DA-672C-48AC-A9AD-9C78F5CD0C93}.AppStore|x64.ActiveCfg = Debug|Any CPU
		{A8E4C2DA-672C-48AC-A9AD-9C78F5CD0C93}.AppStore|x64.Build.0 = Debug|Any CPU
		{A8E4C2DA-672C-48AC-A9AD-9C78F5CD0C93}.AppStore|x86.ActiveCfg = Debug|Any CPU
		{A8E4C2DA-672C-48AC-A9AD-9C78F5CD0C93}.AppStore|x86.Build.0 = Debug|Any CPU
		{A8E4C2DA-672C-48AC-A9AD-9C78F5CD0C93}.Debug|Any CPU.ActiveCfg = Debug|Any CPU
		{A8E4C2DA-672C-48AC-A9AD-9C78F5CD0C93}.Debug|Any CPU.Build.0 = Debug|Any CPU
		{A8E4C2DA-672C-48AC-A9AD-9C78F5CD0C93}.Debug|ARM.ActiveCfg = Debug|Any CPU
		{A8E4C2DA-672C-48AC-A9AD-9C78F5CD0C93}.Debug|ARM.Build.0 = Debug|Any CPU
		{A8E4C2DA-672C-48AC-A9AD-9C78F5CD0C93}.Debug|ARM64.ActiveCfg = Debug|Any CPU
		{A8E4C2DA-672C-48AC-A9AD-9C78F5CD0C93}.Debug|ARM64.Build.0 = Debug|Any CPU
		{A8E4C2DA-672C-48AC-A9AD-9C78F5CD0C93}.Debug|iPhone.ActiveCfg = Debug|Any CPU
		{A8E4C2DA-672C-48AC-A9AD-9C78F5CD0C93}.Debug|iPhone.Build.0 = Debug|Any CPU
		{A8E4C2DA-672C-48AC-A9AD-9C78F5CD0C93}.Debug|iPhoneSimulator.ActiveCfg = Debug|Any CPU
		{A8E4C2DA-672C-48AC-A9AD-9C78F5CD0C93}.Debug|iPhoneSimulator.Build.0 = Debug|Any CPU
		{A8E4C2DA-672C-48AC-A9AD-9C78F5CD0C93}.Debug|x64.ActiveCfg = Debug|Any CPU
		{A8E4C2DA-672C-48AC-A9AD-9C78F5CD0C93}.Debug|x64.Build.0 = Debug|Any CPU
		{A8E4C2DA-672C-48AC-A9AD-9C78F5CD0C93}.Debug|x86.ActiveCfg = Debug|Any CPU
		{A8E4C2DA-672C-48AC-A9AD-9C78F5CD0C93}.Debug|x86.Build.0 = Debug|Any CPU
		{A8E4C2DA-672C-48AC-A9AD-9C78F5CD0C93}.Release|Any CPU.ActiveCfg = Release|Any CPU
		{A8E4C2DA-672C-48AC-A9AD-9C78F5CD0C93}.Release|Any CPU.Build.0 = Release|Any CPU
		{A8E4C2DA-672C-48AC-A9AD-9C78F5CD0C93}.Release|ARM.ActiveCfg = Release|Any CPU
		{A8E4C2DA-672C-48AC-A9AD-9C78F5CD0C93}.Release|ARM.Build.0 = Release|Any CPU
		{A8E4C2DA-672C-48AC-A9AD-9C78F5CD0C93}.Release|ARM64.ActiveCfg = Release|Any CPU
		{A8E4C2DA-672C-48AC-A9AD-9C78F5CD0C93}.Release|ARM64.Build.0 = Release|Any CPU
		{A8E4C2DA-672C-48AC-A9AD-9C78F5CD0C93}.Release|iPhone.ActiveCfg = Release|Any CPU
		{A8E4C2DA-672C-48AC-A9AD-9C78F5CD0C93}.Release|iPhone.Build.0 = Release|Any CPU
		{A8E4C2DA-672C-48AC-A9AD-9C78F5CD0C93}.Release|iPhoneSimulator.ActiveCfg = Release|Any CPU
		{A8E4C2DA-672C-48AC-A9AD-9C78F5CD0C93}.Release|iPhoneSimulator.Build.0 = Release|Any CPU
		{A8E4C2DA-672C-48AC-A9AD-9C78F5CD0C93}.Release|x64.ActiveCfg = Release|Any CPU
		{A8E4C2DA-672C-48AC-A9AD-9C78F5CD0C93}.Release|x64.Build.0 = Release|Any CPU
		{A8E4C2DA-672C-48AC-A9AD-9C78F5CD0C93}.Release|x86.ActiveCfg = Release|Any CPU
		{A8E4C2DA-672C-48AC-A9AD-9C78F5CD0C93}.Release|x86.Build.0 = Release|Any CPU
		{2423F5A9-9476-41F8-8621-159CC30C051B}.Ad-Hoc|Any CPU.ActiveCfg = Debug|iPhoneSimulator
		{2423F5A9-9476-41F8-8621-159CC30C051B}.Ad-Hoc|Any CPU.Build.0 = Debug|iPhoneSimulator
		{2423F5A9-9476-41F8-8621-159CC30C051B}.Ad-Hoc|ARM.ActiveCfg = Debug|iPhoneSimulator
		{2423F5A9-9476-41F8-8621-159CC30C051B}.Ad-Hoc|ARM.Build.0 = Debug|iPhoneSimulator
		{2423F5A9-9476-41F8-8621-159CC30C051B}.Ad-Hoc|ARM64.ActiveCfg = Debug|iPhoneSimulator
		{2423F5A9-9476-41F8-8621-159CC30C051B}.Ad-Hoc|ARM64.Build.0 = Debug|iPhoneSimulator
		{2423F5A9-9476-41F8-8621-159CC30C051B}.Ad-Hoc|iPhone.ActiveCfg = Debug|iPhoneSimulator
		{2423F5A9-9476-41F8-8621-159CC30C051B}.Ad-Hoc|iPhone.Build.0 = Debug|iPhoneSimulator
		{2423F5A9-9476-41F8-8621-159CC30C051B}.Ad-Hoc|iPhoneSimulator.ActiveCfg = Debug|iPhoneSimulator
		{2423F5A9-9476-41F8-8621-159CC30C051B}.Ad-Hoc|iPhoneSimulator.Build.0 = Debug|iPhoneSimulator
		{2423F5A9-9476-41F8-8621-159CC30C051B}.Ad-Hoc|x64.ActiveCfg = Debug|iPhoneSimulator
		{2423F5A9-9476-41F8-8621-159CC30C051B}.Ad-Hoc|x64.Build.0 = Debug|iPhoneSimulator
		{2423F5A9-9476-41F8-8621-159CC30C051B}.Ad-Hoc|x86.ActiveCfg = Debug|iPhoneSimulator
		{2423F5A9-9476-41F8-8621-159CC30C051B}.Ad-Hoc|x86.Build.0 = Debug|iPhoneSimulator
		{2423F5A9-9476-41F8-8621-159CC30C051B}.AppStore|Any CPU.ActiveCfg = Debug|iPhoneSimulator
		{2423F5A9-9476-41F8-8621-159CC30C051B}.AppStore|Any CPU.Build.0 = Debug|iPhoneSimulator
		{2423F5A9-9476-41F8-8621-159CC30C051B}.AppStore|ARM.ActiveCfg = Debug|iPhoneSimulator
		{2423F5A9-9476-41F8-8621-159CC30C051B}.AppStore|ARM.Build.0 = Debug|iPhoneSimulator
		{2423F5A9-9476-41F8-8621-159CC30C051B}.AppStore|ARM64.ActiveCfg = Debug|iPhoneSimulator
		{2423F5A9-9476-41F8-8621-159CC30C051B}.AppStore|ARM64.Build.0 = Debug|iPhoneSimulator
		{2423F5A9-9476-41F8-8621-159CC30C051B}.AppStore|iPhone.ActiveCfg = Debug|iPhoneSimulator
		{2423F5A9-9476-41F8-8621-159CC30C051B}.AppStore|iPhone.Build.0 = Debug|iPhoneSimulator
		{2423F5A9-9476-41F8-8621-159CC30C051B}.AppStore|iPhoneSimulator.ActiveCfg = Debug|iPhoneSimulator
		{2423F5A9-9476-41F8-8621-159CC30C051B}.AppStore|iPhoneSimulator.Build.0 = Debug|iPhoneSimulator
		{2423F5A9-9476-41F8-8621-159CC30C051B}.AppStore|x64.ActiveCfg = Debug|iPhoneSimulator
		{2423F5A9-9476-41F8-8621-159CC30C051B}.AppStore|x64.Build.0 = Debug|iPhoneSimulator
		{2423F5A9-9476-41F8-8621-159CC30C051B}.AppStore|x86.ActiveCfg = Debug|iPhoneSimulator
		{2423F5A9-9476-41F8-8621-159CC30C051B}.AppStore|x86.Build.0 = Debug|iPhoneSimulator
		{2423F5A9-9476-41F8-8621-159CC30C051B}.Debug|Any CPU.ActiveCfg = Debug|iPhoneSimulator
		{2423F5A9-9476-41F8-8621-159CC30C051B}.Debug|ARM.ActiveCfg = Debug|iPhoneSimulator
		{2423F5A9-9476-41F8-8621-159CC30C051B}.Debug|ARM64.ActiveCfg = Debug|iPhoneSimulator
		{2423F5A9-9476-41F8-8621-159CC30C051B}.Debug|iPhone.ActiveCfg = Debug|iPhoneSimulator
		{2423F5A9-9476-41F8-8621-159CC30C051B}.Debug|iPhoneSimulator.ActiveCfg = Debug|iPhoneSimulator
		{2423F5A9-9476-41F8-8621-159CC30C051B}.Debug|iPhoneSimulator.Build.0 = Debug|iPhoneSimulator
		{2423F5A9-9476-41F8-8621-159CC30C051B}.Debug|x64.ActiveCfg = Debug|iPhoneSimulator
		{2423F5A9-9476-41F8-8621-159CC30C051B}.Debug|x86.ActiveCfg = Debug|iPhoneSimulator
		{2423F5A9-9476-41F8-8621-159CC30C051B}.Release|Any CPU.ActiveCfg = Release|iPhoneSimulator
		{2423F5A9-9476-41F8-8621-159CC30C051B}.Release|ARM.ActiveCfg = Release|iPhoneSimulator
		{2423F5A9-9476-41F8-8621-159CC30C051B}.Release|ARM64.ActiveCfg = Release|iPhoneSimulator
		{2423F5A9-9476-41F8-8621-159CC30C051B}.Release|iPhone.ActiveCfg = Release|iPhoneSimulator
		{2423F5A9-9476-41F8-8621-159CC30C051B}.Release|iPhoneSimulator.ActiveCfg = Release|iPhoneSimulator
		{2423F5A9-9476-41F8-8621-159CC30C051B}.Release|iPhoneSimulator.Build.0 = Release|iPhoneSimulator
		{2423F5A9-9476-41F8-8621-159CC30C051B}.Release|x64.ActiveCfg = Release|iPhoneSimulator
		{2423F5A9-9476-41F8-8621-159CC30C051B}.Release|x86.ActiveCfg = Release|iPhoneSimulator
		{0970E795-FA97-4D9D-870C-87C6D88AADD6}.Ad-Hoc|Any CPU.ActiveCfg = Debug|Any CPU
		{0970E795-FA97-4D9D-870C-87C6D88AADD6}.Ad-Hoc|Any CPU.Build.0 = Debug|Any CPU
		{0970E795-FA97-4D9D-870C-87C6D88AADD6}.Ad-Hoc|ARM.ActiveCfg = Debug|Any CPU
		{0970E795-FA97-4D9D-870C-87C6D88AADD6}.Ad-Hoc|ARM.Build.0 = Debug|Any CPU
		{0970E795-FA97-4D9D-870C-87C6D88AADD6}.Ad-Hoc|ARM64.ActiveCfg = Debug|Any CPU
		{0970E795-FA97-4D9D-870C-87C6D88AADD6}.Ad-Hoc|ARM64.Build.0 = Debug|Any CPU
		{0970E795-FA97-4D9D-870C-87C6D88AADD6}.Ad-Hoc|iPhone.ActiveCfg = Debug|Any CPU
		{0970E795-FA97-4D9D-870C-87C6D88AADD6}.Ad-Hoc|iPhone.Build.0 = Debug|Any CPU
		{0970E795-FA97-4D9D-870C-87C6D88AADD6}.Ad-Hoc|iPhoneSimulator.ActiveCfg = Debug|Any CPU
		{0970E795-FA97-4D9D-870C-87C6D88AADD6}.Ad-Hoc|iPhoneSimulator.Build.0 = Debug|Any CPU
		{0970E795-FA97-4D9D-870C-87C6D88AADD6}.Ad-Hoc|x64.ActiveCfg = Debug|Any CPU
		{0970E795-FA97-4D9D-870C-87C6D88AADD6}.Ad-Hoc|x64.Build.0 = Debug|Any CPU
		{0970E795-FA97-4D9D-870C-87C6D88AADD6}.Ad-Hoc|x86.ActiveCfg = Debug|Any CPU
		{0970E795-FA97-4D9D-870C-87C6D88AADD6}.Ad-Hoc|x86.Build.0 = Debug|Any CPU
		{0970E795-FA97-4D9D-870C-87C6D88AADD6}.AppStore|Any CPU.ActiveCfg = Debug|Any CPU
		{0970E795-FA97-4D9D-870C-87C6D88AADD6}.AppStore|Any CPU.Build.0 = Debug|Any CPU
		{0970E795-FA97-4D9D-870C-87C6D88AADD6}.AppStore|ARM.ActiveCfg = Debug|Any CPU
		{0970E795-FA97-4D9D-870C-87C6D88AADD6}.AppStore|ARM.Build.0 = Debug|Any CPU
		{0970E795-FA97-4D9D-870C-87C6D88AADD6}.AppStore|ARM64.ActiveCfg = Debug|Any CPU
		{0970E795-FA97-4D9D-870C-87C6D88AADD6}.AppStore|ARM64.Build.0 = Debug|Any CPU
		{0970E795-FA97-4D9D-870C-87C6D88AADD6}.AppStore|iPhone.ActiveCfg = Debug|Any CPU
		{0970E795-FA97-4D9D-870C-87C6D88AADD6}.AppStore|iPhone.Build.0 = Debug|Any CPU
		{0970E795-FA97-4D9D-870C-87C6D88AADD6}.AppStore|iPhoneSimulator.ActiveCfg = Debug|Any CPU
		{0970E795-FA97-4D9D-870C-87C6D88AADD6}.AppStore|iPhoneSimulator.Build.0 = Debug|Any CPU
		{0970E795-FA97-4D9D-870C-87C6D88AADD6}.AppStore|x64.ActiveCfg = Debug|Any CPU
		{0970E795-FA97-4D9D-870C-87C6D88AADD6}.AppStore|x64.Build.0 = Debug|Any CPU
		{0970E795-FA97-4D9D-870C-87C6D88AADD6}.AppStore|x86.ActiveCfg = Debug|Any CPU
		{0970E795-FA97-4D9D-870C-87C6D88AADD6}.AppStore|x86.Build.0 = Debug|Any CPU
		{0970E795-FA97-4D9D-870C-87C6D88AADD6}.Debug|Any CPU.ActiveCfg = Debug|Any CPU
		{0970E795-FA97-4D9D-870C-87C6D88AADD6}.Debug|Any CPU.Build.0 = Debug|Any CPU
		{0970E795-FA97-4D9D-870C-87C6D88AADD6}.Debug|ARM.ActiveCfg = Debug|Any CPU
		{0970E795-FA97-4D9D-870C-87C6D88AADD6}.Debug|ARM.Build.0 = Debug|Any CPU
		{0970E795-FA97-4D9D-870C-87C6D88AADD6}.Debug|ARM64.ActiveCfg = Debug|Any CPU
		{0970E795-FA97-4D9D-870C-87C6D88AADD6}.Debug|ARM64.Build.0 = Debug|Any CPU
		{0970E795-FA97-4D9D-870C-87C6D88AADD6}.Debug|iPhone.ActiveCfg = Debug|Any CPU
		{0970E795-FA97-4D9D-870C-87C6D88AADD6}.Debug|iPhone.Build.0 = Debug|Any CPU
		{0970E795-FA97-4D9D-870C-87C6D88AADD6}.Debug|iPhoneSimulator.ActiveCfg = Debug|Any CPU
		{0970E795-FA97-4D9D-870C-87C6D88AADD6}.Debug|iPhoneSimulator.Build.0 = Debug|Any CPU
		{0970E795-FA97-4D9D-870C-87C6D88AADD6}.Debug|x64.ActiveCfg = Debug|Any CPU
		{0970E795-FA97-4D9D-870C-87C6D88AADD6}.Debug|x64.Build.0 = Debug|Any CPU
		{0970E795-FA97-4D9D-870C-87C6D88AADD6}.Debug|x86.ActiveCfg = Debug|Any CPU
		{0970E795-FA97-4D9D-870C-87C6D88AADD6}.Debug|x86.Build.0 = Debug|Any CPU
		{0970E795-FA97-4D9D-870C-87C6D88AADD6}.Release|Any CPU.ActiveCfg = Release|Any CPU
		{0970E795-FA97-4D9D-870C-87C6D88AADD6}.Release|Any CPU.Build.0 = Release|Any CPU
		{0970E795-FA97-4D9D-870C-87C6D88AADD6}.Release|ARM.ActiveCfg = Release|Any CPU
		{0970E795-FA97-4D9D-870C-87C6D88AADD6}.Release|ARM.Build.0 = Release|Any CPU
		{0970E795-FA97-4D9D-870C-87C6D88AADD6}.Release|ARM64.ActiveCfg = Release|Any CPU
		{0970E795-FA97-4D9D-870C-87C6D88AADD6}.Release|ARM64.Build.0 = Release|Any CPU
		{0970E795-FA97-4D9D-870C-87C6D88AADD6}.Release|iPhone.ActiveCfg = Release|Any CPU
		{0970E795-FA97-4D9D-870C-87C6D88AADD6}.Release|iPhone.Build.0 = Release|Any CPU
		{0970E795-FA97-4D9D-870C-87C6D88AADD6}.Release|iPhoneSimulator.ActiveCfg = Release|Any CPU
		{0970E795-FA97-4D9D-870C-87C6D88AADD6}.Release|iPhoneSimulator.Build.0 = Release|Any CPU
		{0970E795-FA97-4D9D-870C-87C6D88AADD6}.Release|x64.ActiveCfg = Release|Any CPU
		{0970E795-FA97-4D9D-870C-87C6D88AADD6}.Release|x64.Build.0 = Release|Any CPU
		{0970E795-FA97-4D9D-870C-87C6D88AADD6}.Release|x86.ActiveCfg = Release|Any CPU
		{0970E795-FA97-4D9D-870C-87C6D88AADD6}.Release|x86.Build.0 = Release|Any CPU
		{64FCB819-D1EF-4AD6-8D86-38C0D562ABF8}.Ad-Hoc|Any CPU.ActiveCfg = Debug|Any CPU
		{64FCB819-D1EF-4AD6-8D86-38C0D562ABF8}.Ad-Hoc|Any CPU.Build.0 = Debug|Any CPU
		{64FCB819-D1EF-4AD6-8D86-38C0D562ABF8}.Ad-Hoc|ARM.ActiveCfg = Debug|Any CPU
		{64FCB819-D1EF-4AD6-8D86-38C0D562ABF8}.Ad-Hoc|ARM.Build.0 = Debug|Any CPU
		{64FCB819-D1EF-4AD6-8D86-38C0D562ABF8}.Ad-Hoc|ARM64.ActiveCfg = Debug|Any CPU
		{64FCB819-D1EF-4AD6-8D86-38C0D562ABF8}.Ad-Hoc|ARM64.Build.0 = Debug|Any CPU
		{64FCB819-D1EF-4AD6-8D86-38C0D562ABF8}.Ad-Hoc|iPhone.ActiveCfg = Debug|Any CPU
		{64FCB819-D1EF-4AD6-8D86-38C0D562ABF8}.Ad-Hoc|iPhone.Build.0 = Debug|Any CPU
		{64FCB819-D1EF-4AD6-8D86-38C0D562ABF8}.Ad-Hoc|iPhoneSimulator.ActiveCfg = Debug|Any CPU
		{64FCB819-D1EF-4AD6-8D86-38C0D562ABF8}.Ad-Hoc|iPhoneSimulator.Build.0 = Debug|Any CPU
		{64FCB819-D1EF-4AD6-8D86-38C0D562ABF8}.Ad-Hoc|x64.ActiveCfg = Debug|Any CPU
		{64FCB819-D1EF-4AD6-8D86-38C0D562ABF8}.Ad-Hoc|x64.Build.0 = Debug|Any CPU
		{64FCB819-D1EF-4AD6-8D86-38C0D562ABF8}.Ad-Hoc|x86.ActiveCfg = Debug|Any CPU
		{64FCB819-D1EF-4AD6-8D86-38C0D562ABF8}.Ad-Hoc|x86.Build.0 = Debug|Any CPU
		{64FCB819-D1EF-4AD6-8D86-38C0D562ABF8}.AppStore|Any CPU.ActiveCfg = Debug|Any CPU
		{64FCB819-D1EF-4AD6-8D86-38C0D562ABF8}.AppStore|Any CPU.Build.0 = Debug|Any CPU
		{64FCB819-D1EF-4AD6-8D86-38C0D562ABF8}.AppStore|ARM.ActiveCfg = Debug|Any CPU
		{64FCB819-D1EF-4AD6-8D86-38C0D562ABF8}.AppStore|ARM.Build.0 = Debug|Any CPU
		{64FCB819-D1EF-4AD6-8D86-38C0D562ABF8}.AppStore|ARM64.ActiveCfg = Debug|Any CPU
		{64FCB819-D1EF-4AD6-8D86-38C0D562ABF8}.AppStore|ARM64.Build.0 = Debug|Any CPU
		{64FCB819-D1EF-4AD6-8D86-38C0D562ABF8}.AppStore|iPhone.ActiveCfg = Debug|Any CPU
		{64FCB819-D1EF-4AD6-8D86-38C0D562ABF8}.AppStore|iPhone.Build.0 = Debug|Any CPU
		{64FCB819-D1EF-4AD6-8D86-38C0D562ABF8}.AppStore|iPhoneSimulator.ActiveCfg = Debug|Any CPU
		{64FCB819-D1EF-4AD6-8D86-38C0D562ABF8}.AppStore|iPhoneSimulator.Build.0 = Debug|Any CPU
		{64FCB819-D1EF-4AD6-8D86-38C0D562ABF8}.AppStore|x64.ActiveCfg = Debug|Any CPU
		{64FCB819-D1EF-4AD6-8D86-38C0D562ABF8}.AppStore|x64.Build.0 = Debug|Any CPU
		{64FCB819-D1EF-4AD6-8D86-38C0D562ABF8}.AppStore|x86.ActiveCfg = Debug|Any CPU
		{64FCB819-D1EF-4AD6-8D86-38C0D562ABF8}.AppStore|x86.Build.0 = Debug|Any CPU
		{64FCB819-D1EF-4AD6-8D86-38C0D562ABF8}.Debug|Any CPU.ActiveCfg = Debug|Any CPU
		{64FCB819-D1EF-4AD6-8D86-38C0D562ABF8}.Debug|Any CPU.Build.0 = Debug|Any CPU
		{64FCB819-D1EF-4AD6-8D86-38C0D562ABF8}.Debug|ARM.ActiveCfg = Debug|Any CPU
		{64FCB819-D1EF-4AD6-8D86-38C0D562ABF8}.Debug|ARM.Build.0 = Debug|Any CPU
		{64FCB819-D1EF-4AD6-8D86-38C0D562ABF8}.Debug|ARM64.ActiveCfg = Debug|Any CPU
		{64FCB819-D1EF-4AD6-8D86-38C0D562ABF8}.Debug|ARM64.Build.0 = Debug|Any CPU
		{64FCB819-D1EF-4AD6-8D86-38C0D562ABF8}.Debug|iPhone.ActiveCfg = Debug|Any CPU
		{64FCB819-D1EF-4AD6-8D86-38C0D562ABF8}.Debug|iPhone.Build.0 = Debug|Any CPU
		{64FCB819-D1EF-4AD6-8D86-38C0D562ABF8}.Debug|iPhoneSimulator.ActiveCfg = Debug|Any CPU
		{64FCB819-D1EF-4AD6-8D86-38C0D562ABF8}.Debug|iPhoneSimulator.Build.0 = Debug|Any CPU
		{64FCB819-D1EF-4AD6-8D86-38C0D562ABF8}.Debug|x64.ActiveCfg = Debug|Any CPU
		{64FCB819-D1EF-4AD6-8D86-38C0D562ABF8}.Debug|x64.Build.0 = Debug|Any CPU
		{64FCB819-D1EF-4AD6-8D86-38C0D562ABF8}.Debug|x86.ActiveCfg = Debug|Any CPU
		{64FCB819-D1EF-4AD6-8D86-38C0D562ABF8}.Debug|x86.Build.0 = Debug|Any CPU
		{64FCB819-D1EF-4AD6-8D86-38C0D562ABF8}.Release|Any CPU.ActiveCfg = Release|Any CPU
		{64FCB819-D1EF-4AD6-8D86-38C0D562ABF8}.Release|Any CPU.Build.0 = Release|Any CPU
		{64FCB819-D1EF-4AD6-8D86-38C0D562ABF8}.Release|ARM.ActiveCfg = Release|Any CPU
		{64FCB819-D1EF-4AD6-8D86-38C0D562ABF8}.Release|ARM.Build.0 = Release|Any CPU
		{64FCB819-D1EF-4AD6-8D86-38C0D562ABF8}.Release|ARM64.ActiveCfg = Release|Any CPU
		{64FCB819-D1EF-4AD6-8D86-38C0D562ABF8}.Release|ARM64.Build.0 = Release|Any CPU
		{64FCB819-D1EF-4AD6-8D86-38C0D562ABF8}.Release|iPhone.ActiveCfg = Release|Any CPU
		{64FCB819-D1EF-4AD6-8D86-38C0D562ABF8}.Release|iPhone.Build.0 = Release|Any CPU
		{64FCB819-D1EF-4AD6-8D86-38C0D562ABF8}.Release|iPhoneSimulator.ActiveCfg = Release|Any CPU
		{64FCB819-D1EF-4AD6-8D86-38C0D562ABF8}.Release|iPhoneSimulator.Build.0 = Release|Any CPU
		{64FCB819-D1EF-4AD6-8D86-38C0D562ABF8}.Release|x64.ActiveCfg = Release|Any CPU
		{64FCB819-D1EF-4AD6-8D86-38C0D562ABF8}.Release|x64.Build.0 = Release|Any CPU
		{64FCB819-D1EF-4AD6-8D86-38C0D562ABF8}.Release|x86.ActiveCfg = Release|Any CPU
		{64FCB819-D1EF-4AD6-8D86-38C0D562ABF8}.Release|x86.Build.0 = Release|Any CPU
		{54A077A3-A3BF-4F95-88B2-07D50EDCE177}.Ad-Hoc|Any CPU.ActiveCfg = Debug|Any CPU
		{54A077A3-A3BF-4F95-88B2-07D50EDCE177}.Ad-Hoc|Any CPU.Build.0 = Debug|Any CPU
		{54A077A3-A3BF-4F95-88B2-07D50EDCE177}.Ad-Hoc|ARM.ActiveCfg = Debug|Any CPU
		{54A077A3-A3BF-4F95-88B2-07D50EDCE177}.Ad-Hoc|ARM.Build.0 = Debug|Any CPU
		{54A077A3-A3BF-4F95-88B2-07D50EDCE177}.Ad-Hoc|ARM64.ActiveCfg = Debug|Any CPU
		{54A077A3-A3BF-4F95-88B2-07D50EDCE177}.Ad-Hoc|ARM64.Build.0 = Debug|Any CPU
		{54A077A3-A3BF-4F95-88B2-07D50EDCE177}.Ad-Hoc|iPhone.ActiveCfg = Debug|Any CPU
		{54A077A3-A3BF-4F95-88B2-07D50EDCE177}.Ad-Hoc|iPhone.Build.0 = Debug|Any CPU
		{54A077A3-A3BF-4F95-88B2-07D50EDCE177}.Ad-Hoc|iPhoneSimulator.ActiveCfg = Debug|Any CPU
		{54A077A3-A3BF-4F95-88B2-07D50EDCE177}.Ad-Hoc|iPhoneSimulator.Build.0 = Debug|Any CPU
		{54A077A3-A3BF-4F95-88B2-07D50EDCE177}.Ad-Hoc|x64.ActiveCfg = Debug|Any CPU
		{54A077A3-A3BF-4F95-88B2-07D50EDCE177}.Ad-Hoc|x64.Build.0 = Debug|Any CPU
		{54A077A3-A3BF-4F95-88B2-07D50EDCE177}.Ad-Hoc|x86.ActiveCfg = Debug|Any CPU
		{54A077A3-A3BF-4F95-88B2-07D50EDCE177}.Ad-Hoc|x86.Build.0 = Debug|Any CPU
		{54A077A3-A3BF-4F95-88B2-07D50EDCE177}.AppStore|Any CPU.ActiveCfg = Debug|Any CPU
		{54A077A3-A3BF-4F95-88B2-07D50EDCE177}.AppStore|Any CPU.Build.0 = Debug|Any CPU
		{54A077A3-A3BF-4F95-88B2-07D50EDCE177}.AppStore|ARM.ActiveCfg = Debug|Any CPU
		{54A077A3-A3BF-4F95-88B2-07D50EDCE177}.AppStore|ARM.Build.0 = Debug|Any CPU
		{54A077A3-A3BF-4F95-88B2-07D50EDCE177}.AppStore|ARM64.ActiveCfg = Debug|Any CPU
		{54A077A3-A3BF-4F95-88B2-07D50EDCE177}.AppStore|ARM64.Build.0 = Debug|Any CPU
		{54A077A3-A3BF-4F95-88B2-07D50EDCE177}.AppStore|iPhone.ActiveCfg = Debug|Any CPU
		{54A077A3-A3BF-4F95-88B2-07D50EDCE177}.AppStore|iPhone.Build.0 = Debug|Any CPU
		{54A077A3-A3BF-4F95-88B2-07D50EDCE177}.AppStore|iPhoneSimulator.ActiveCfg = Debug|Any CPU
		{54A077A3-A3BF-4F95-88B2-07D50EDCE177}.AppStore|iPhoneSimulator.Build.0 = Debug|Any CPU
		{54A077A3-A3BF-4F95-88B2-07D50EDCE177}.AppStore|x64.ActiveCfg = Debug|Any CPU
		{54A077A3-A3BF-4F95-88B2-07D50EDCE177}.AppStore|x64.Build.0 = Debug|Any CPU
		{54A077A3-A3BF-4F95-88B2-07D50EDCE177}.AppStore|x86.ActiveCfg = Debug|Any CPU
		{54A077A3-A3BF-4F95-88B2-07D50EDCE177}.AppStore|x86.Build.0 = Debug|Any CPU
		{54A077A3-A3BF-4F95-88B2-07D50EDCE177}.Debug|Any CPU.ActiveCfg = Debug|Any CPU
		{54A077A3-A3BF-4F95-88B2-07D50EDCE177}.Debug|Any CPU.Build.0 = Debug|Any CPU
		{54A077A3-A3BF-4F95-88B2-07D50EDCE177}.Debug|ARM.ActiveCfg = Debug|Any CPU
		{54A077A3-A3BF-4F95-88B2-07D50EDCE177}.Debug|ARM.Build.0 = Debug|Any CPU
		{54A077A3-A3BF-4F95-88B2-07D50EDCE177}.Debug|ARM64.ActiveCfg = Debug|Any CPU
		{54A077A3-A3BF-4F95-88B2-07D50EDCE177}.Debug|ARM64.Build.0 = Debug|Any CPU
		{54A077A3-A3BF-4F95-88B2-07D50EDCE177}.Debug|iPhone.ActiveCfg = Debug|Any CPU
		{54A077A3-A3BF-4F95-88B2-07D50EDCE177}.Debug|iPhone.Build.0 = Debug|Any CPU
		{54A077A3-A3BF-4F95-88B2-07D50EDCE177}.Debug|iPhoneSimulator.ActiveCfg = Debug|Any CPU
		{54A077A3-A3BF-4F95-88B2-07D50EDCE177}.Debug|iPhoneSimulator.Build.0 = Debug|Any CPU
		{54A077A3-A3BF-4F95-88B2-07D50EDCE177}.Debug|x64.ActiveCfg = Debug|Any CPU
		{54A077A3-A3BF-4F95-88B2-07D50EDCE177}.Debug|x64.Build.0 = Debug|Any CPU
		{54A077A3-A3BF-4F95-88B2-07D50EDCE177}.Debug|x86.ActiveCfg = Debug|Any CPU
		{54A077A3-A3BF-4F95-88B2-07D50EDCE177}.Debug|x86.Build.0 = Debug|Any CPU
		{54A077A3-A3BF-4F95-88B2-07D50EDCE177}.Release|Any CPU.ActiveCfg = Release|Any CPU
		{54A077A3-A3BF-4F95-88B2-07D50EDCE177}.Release|Any CPU.Build.0 = Release|Any CPU
		{54A077A3-A3BF-4F95-88B2-07D50EDCE177}.Release|ARM.ActiveCfg = Release|Any CPU
		{54A077A3-A3BF-4F95-88B2-07D50EDCE177}.Release|ARM.Build.0 = Release|Any CPU
		{54A077A3-A3BF-4F95-88B2-07D50EDCE177}.Release|ARM64.ActiveCfg = Release|Any CPU
		{54A077A3-A3BF-4F95-88B2-07D50EDCE177}.Release|ARM64.Build.0 = Release|Any CPU
		{54A077A3-A3BF-4F95-88B2-07D50EDCE177}.Release|iPhone.ActiveCfg = Release|Any CPU
		{54A077A3-A3BF-4F95-88B2-07D50EDCE177}.Release|iPhone.Build.0 = Release|Any CPU
		{54A077A3-A3BF-4F95-88B2-07D50EDCE177}.Release|iPhoneSimulator.ActiveCfg = Release|Any CPU
		{54A077A3-A3BF-4F95-88B2-07D50EDCE177}.Release|iPhoneSimulator.Build.0 = Release|Any CPU
		{54A077A3-A3BF-4F95-88B2-07D50EDCE177}.Release|x64.ActiveCfg = Release|Any CPU
		{54A077A3-A3BF-4F95-88B2-07D50EDCE177}.Release|x64.Build.0 = Release|Any CPU
		{54A077A3-A3BF-4F95-88B2-07D50EDCE177}.Release|x86.ActiveCfg = Release|Any CPU
		{54A077A3-A3BF-4F95-88B2-07D50EDCE177}.Release|x86.Build.0 = Release|Any CPU
		{902CAE56-9BA5-4FC9-80F9-35BA0B7F17F2}.Ad-Hoc|Any CPU.ActiveCfg = Debug|Any CPU
		{902CAE56-9BA5-4FC9-80F9-35BA0B7F17F2}.Ad-Hoc|Any CPU.Build.0 = Debug|Any CPU
		{902CAE56-9BA5-4FC9-80F9-35BA0B7F17F2}.Ad-Hoc|ARM.ActiveCfg = Debug|Any CPU
		{902CAE56-9BA5-4FC9-80F9-35BA0B7F17F2}.Ad-Hoc|ARM.Build.0 = Debug|Any CPU
		{902CAE56-9BA5-4FC9-80F9-35BA0B7F17F2}.Ad-Hoc|ARM64.ActiveCfg = Debug|Any CPU
		{902CAE56-9BA5-4FC9-80F9-35BA0B7F17F2}.Ad-Hoc|ARM64.Build.0 = Debug|Any CPU
		{902CAE56-9BA5-4FC9-80F9-35BA0B7F17F2}.Ad-Hoc|iPhone.ActiveCfg = Debug|Any CPU
		{902CAE56-9BA5-4FC9-80F9-35BA0B7F17F2}.Ad-Hoc|iPhone.Build.0 = Debug|Any CPU
		{902CAE56-9BA5-4FC9-80F9-35BA0B7F17F2}.Ad-Hoc|iPhoneSimulator.ActiveCfg = Debug|Any CPU
		{902CAE56-9BA5-4FC9-80F9-35BA0B7F17F2}.Ad-Hoc|iPhoneSimulator.Build.0 = Debug|Any CPU
		{902CAE56-9BA5-4FC9-80F9-35BA0B7F17F2}.Ad-Hoc|x64.ActiveCfg = Debug|Any CPU
		{902CAE56-9BA5-4FC9-80F9-35BA0B7F17F2}.Ad-Hoc|x64.Build.0 = Debug|Any CPU
		{902CAE56-9BA5-4FC9-80F9-35BA0B7F17F2}.Ad-Hoc|x86.ActiveCfg = Debug|Any CPU
		{902CAE56-9BA5-4FC9-80F9-35BA0B7F17F2}.Ad-Hoc|x86.Build.0 = Debug|Any CPU
		{902CAE56-9BA5-4FC9-80F9-35BA0B7F17F2}.AppStore|Any CPU.ActiveCfg = Debug|Any CPU
		{902CAE56-9BA5-4FC9-80F9-35BA0B7F17F2}.AppStore|Any CPU.Build.0 = Debug|Any CPU
		{902CAE56-9BA5-4FC9-80F9-35BA0B7F17F2}.AppStore|ARM.ActiveCfg = Debug|Any CPU
		{902CAE56-9BA5-4FC9-80F9-35BA0B7F17F2}.AppStore|ARM.Build.0 = Debug|Any CPU
		{902CAE56-9BA5-4FC9-80F9-35BA0B7F17F2}.AppStore|ARM64.ActiveCfg = Debug|Any CPU
		{902CAE56-9BA5-4FC9-80F9-35BA0B7F17F2}.AppStore|ARM64.Build.0 = Debug|Any CPU
		{902CAE56-9BA5-4FC9-80F9-35BA0B7F17F2}.AppStore|iPhone.ActiveCfg = Debug|Any CPU
		{902CAE56-9BA5-4FC9-80F9-35BA0B7F17F2}.AppStore|iPhone.Build.0 = Debug|Any CPU
		{902CAE56-9BA5-4FC9-80F9-35BA0B7F17F2}.AppStore|iPhoneSimulator.ActiveCfg = Debug|Any CPU
		{902CAE56-9BA5-4FC9-80F9-35BA0B7F17F2}.AppStore|iPhoneSimulator.Build.0 = Debug|Any CPU
		{902CAE56-9BA5-4FC9-80F9-35BA0B7F17F2}.AppStore|x64.ActiveCfg = Debug|Any CPU
		{902CAE56-9BA5-4FC9-80F9-35BA0B7F17F2}.AppStore|x64.Build.0 = Debug|Any CPU
		{902CAE56-9BA5-4FC9-80F9-35BA0B7F17F2}.AppStore|x86.ActiveCfg = Debug|Any CPU
		{902CAE56-9BA5-4FC9-80F9-35BA0B7F17F2}.AppStore|x86.Build.0 = Debug|Any CPU
		{902CAE56-9BA5-4FC9-80F9-35BA0B7F17F2}.Debug|Any CPU.ActiveCfg = Debug|Any CPU
		{902CAE56-9BA5-4FC9-80F9-35BA0B7F17F2}.Debug|Any CPU.Build.0 = Debug|Any CPU
		{902CAE56-9BA5-4FC9-80F9-35BA0B7F17F2}.Debug|ARM.ActiveCfg = Debug|Any CPU
		{902CAE56-9BA5-4FC9-80F9-35BA0B7F17F2}.Debug|ARM.Build.0 = Debug|Any CPU
		{902CAE56-9BA5-4FC9-80F9-35BA0B7F17F2}.Debug|ARM64.ActiveCfg = Debug|Any CPU
		{902CAE56-9BA5-4FC9-80F9-35BA0B7F17F2}.Debug|ARM64.Build.0 = Debug|Any CPU
		{902CAE56-9BA5-4FC9-80F9-35BA0B7F17F2}.Debug|iPhone.ActiveCfg = Debug|Any CPU
		{902CAE56-9BA5-4FC9-80F9-35BA0B7F17F2}.Debug|iPhone.Build.0 = Debug|Any CPU
		{902CAE56-9BA5-4FC9-80F9-35BA0B7F17F2}.Debug|iPhoneSimulator.ActiveCfg = Debug|Any CPU
		{902CAE56-9BA5-4FC9-80F9-35BA0B7F17F2}.Debug|iPhoneSimulator.Build.0 = Debug|Any CPU
		{902CAE56-9BA5-4FC9-80F9-35BA0B7F17F2}.Debug|x64.ActiveCfg = Debug|Any CPU
		{902CAE56-9BA5-4FC9-80F9-35BA0B7F17F2}.Debug|x64.Build.0 = Debug|Any CPU
		{902CAE56-9BA5-4FC9-80F9-35BA0B7F17F2}.Debug|x86.ActiveCfg = Debug|Any CPU
		{902CAE56-9BA5-4FC9-80F9-35BA0B7F17F2}.Debug|x86.Build.0 = Debug|Any CPU
		{902CAE56-9BA5-4FC9-80F9-35BA0B7F17F2}.Release|Any CPU.ActiveCfg = Release|Any CPU
		{902CAE56-9BA5-4FC9-80F9-35BA0B7F17F2}.Release|Any CPU.Build.0 = Release|Any CPU
		{902CAE56-9BA5-4FC9-80F9-35BA0B7F17F2}.Release|ARM.ActiveCfg = Release|Any CPU
		{902CAE56-9BA5-4FC9-80F9-35BA0B7F17F2}.Release|ARM.Build.0 = Release|Any CPU
		{902CAE56-9BA5-4FC9-80F9-35BA0B7F17F2}.Release|ARM64.ActiveCfg = Release|Any CPU
		{902CAE56-9BA5-4FC9-80F9-35BA0B7F17F2}.Release|ARM64.Build.0 = Release|Any CPU
		{902CAE56-9BA5-4FC9-80F9-35BA0B7F17F2}.Release|iPhone.ActiveCfg = Release|Any CPU
		{902CAE56-9BA5-4FC9-80F9-35BA0B7F17F2}.Release|iPhone.Build.0 = Release|Any CPU
		{902CAE56-9BA5-4FC9-80F9-35BA0B7F17F2}.Release|iPhoneSimulator.ActiveCfg = Release|Any CPU
		{902CAE56-9BA5-4FC9-80F9-35BA0B7F17F2}.Release|iPhoneSimulator.Build.0 = Release|Any CPU
		{902CAE56-9BA5-4FC9-80F9-35BA0B7F17F2}.Release|x64.ActiveCfg = Release|Any CPU
		{902CAE56-9BA5-4FC9-80F9-35BA0B7F17F2}.Release|x64.Build.0 = Release|Any CPU
		{902CAE56-9BA5-4FC9-80F9-35BA0B7F17F2}.Release|x86.ActiveCfg = Release|Any CPU
		{902CAE56-9BA5-4FC9-80F9-35BA0B7F17F2}.Release|x86.Build.0 = Release|Any CPU
	EndGlobalSection
	GlobalSection(SolutionProperties) = preSolution
		HideSolutionNode = FALSE
	EndGlobalSection
	GlobalSection(NestedProjects) = preSolution
		{2B38CB9A-7EBA-4757-AA49-5CF36999B636} = {D59034A7-B113-4B75-B3DE-7D860578866B}
		{82AB9537-AE0F-4F39-B4D1-8697CE8AFC91} = {D59034A7-B113-4B75-B3DE-7D860578866B}
		{A066E98D-1E7F-4097-8EFA-8831E5C4E406} = {D59034A7-B113-4B75-B3DE-7D860578866B}
		{A8E4C2DA-672C-48AC-A9AD-9C78F5CD0C93} = {D59034A7-B113-4B75-B3DE-7D860578866B}
		{2423F5A9-9476-41F8-8621-159CC30C051B} = {D59034A7-B113-4B75-B3DE-7D860578866B}
		{0970E795-FA97-4D9D-870C-87C6D88AADD6} = {D59034A7-B113-4B75-B3DE-7D860578866B}
		{64FCB819-D1EF-4AD6-8D86-38C0D562ABF8} = {D59034A7-B113-4B75-B3DE-7D860578866B}
		{54A077A3-A3BF-4F95-88B2-07D50EDCE177} = {D59034A7-B113-4B75-B3DE-7D860578866B}
		{902CAE56-9BA5-4FC9-80F9-35BA0B7F17F2} = {D59034A7-B113-4B75-B3DE-7D860578866B}
	EndGlobalSection
	GlobalSection(ExtensibilityGlobals) = postSolution
		SolutionGuid = {396B3334-C561-42C2-BC79-DE2E153FDDB1}
	EndGlobalSection
EndGlobal
