
Microsoft Visual Studio Solution File, Format Version 12.00
# Visual Studio Version 16
VisualStudioVersion = 16.0.30709.64
MinimumVisualStudioVersion = 10.0.40219.1
Project("{2150E333-8FDC-42A3-9474-1A3956D46DE8}") = "Platforms", "Platforms", "{EBD9145D-0A8A-4C3F-9562-90281C6C9539}"
EndProject
Project("{FAE04EC0-301F-11D3-BF4B-00C04F79EFBC}") = "BasicSample.Droid", "BasicSample\BasicSample.Droid\BasicSample.Droid.csproj", "{35F53F05-8042-4F48-822D-D5BD6B3FD7C6}"
EndProject
Project("{FAE04EC0-301F-11D3-BF4B-00C04F79EFBC}") = "BasicSample.iOS", "BasicSample\BasicSample.iOS\BasicSample.iOS.csproj", "{1AC92890-5377-4AA5-9678-799E5D1C6CF2}"
EndProject
Project("{FAE04EC0-301F-11D3-BF4B-00C04F79EFBC}") = "BasicSample.UWP", "BasicSample\BasicSample.UWP\BasicSample.UWP.csproj", "{F22432A5-B891-477F-93E5-C3E7B7FB2EAB}"
EndProject
Project("{9A19103F-16F7-4668-BE54-9A1E7A4F7556}") = "BasicSample.Wasm", "BasicSample\BasicSample.Wasm\BasicSample.Wasm.csproj", "{07901C86-07EE-48C2-9F7A-BC999099791E}"
EndProject
Project("{FAE04EC0-301F-11D3-BF4B-00C04F79EFBC}") = "BasicSample.macOS", "BasicSample\BasicSample.macOS\BasicSample.macOS.csproj", "{BACDAB44-5EA8-4A27-BC3B-0CDB11798F85}"
EndProject
Project("{9A19103F-16F7-4668-BE54-9A1E7A4F7556}") = "BasicSample.Skia.Wpf.Host", "BasicSample\BasicSample.Skia.Wpf.Host\BasicSample.Skia.Wpf.Host.csproj", "{199A3A09-B8ED-4FD7-8978-C1E38777A31A}"
EndProject
Project("{9A19103F-16F7-4668-BE54-9A1E7A4F7556}") = "BasicSample.Skia.Wpf", "BasicSample\BasicSample.Skia.Wpf\BasicSample.Skia.Wpf.csproj", "{6048C977-C772-4D5A-B146-C2D7CC980113}"
EndProject
Project("{9A19103F-16F7-4668-BE54-9A1E7A4F7556}") = "BasicSample.Skia.Gtk", "BasicSample\BasicSample.Skia.Gtk\BasicSample.Skia.Gtk.csproj", "{A0DA5669-3692-4A7E-BD65-8BE0FA643C9E}"
EndProject
Project("{9A19103F-16F7-4668-BE54-9A1E7A4F7556}") = "BasicSample.Skia.Tizen", "BasicSample\BasicSample.Skia.Tizen\BasicSample.Skia.Tizen.csproj", "{CFE8D234-BEB6-4866-93CD-4143DBCE863B}"
EndProject
Project("{D954291E-2A0B-460D-934E-DC6B0785DB48}") = "BasicSample.Shared", "BasicSample\BasicSample.Shared\BasicSample.Shared.shproj", "{6279C845-92F8-4333-AB99-3D213163593C}"
EndProject
Global
	GlobalSection(SharedMSBuildProjectFiles) = preSolution
		BasicSample\BasicSample.Shared\BasicSample.Shared.projitems*{07901c86-07ee-48c2-9f7a-bc999099791e}*SharedItemsImports = 5
		BasicSample\BasicSample.Shared\BasicSample.Shared.projitems*{1ac92890-5377-4aa5-9678-799e5d1c6cf2}*SharedItemsImports = 4
		BasicSample\BasicSample.Shared\BasicSample.Shared.projitems*{35f53f05-8042-4f48-822d-d5bd6b3fd7c6}*SharedItemsImports = 4
		BasicSample\BasicSample.Shared\BasicSample.Shared.projitems*{6048c977-c772-4d5a-b146-c2d7cc980113}*SharedItemsImports = 5
		BasicSample\BasicSample.Shared\BasicSample.Shared.projitems*{6279c845-92f8-4333-ab99-3d213163593c}*SharedItemsImports = 13
		BasicSample\BasicSample.Shared\BasicSample.Shared.projitems*{a0da5669-3692-4a7e-bd65-8be0fa643c9e}*SharedItemsImports = 5
		BasicSample\BasicSample.Shared\BasicSample.Shared.projitems*{bacdab44-5ea8-4a27-bc3b-0cdb11798f85}*SharedItemsImports = 4
		BasicSample\BasicSample.Shared\BasicSample.Shared.projitems*{cfe8d234-beb6-4866-93cd-4143dbce863b}*SharedItemsImports = 5
		BasicSample\BasicSample.Shared\BasicSample.Shared.projitems*{f22432a5-b891-477f-93e5-c3e7b7fb2eab}*SharedItemsImports = 4
	EndGlobalSection
	GlobalSection(SolutionConfigurationPlatforms) = preSolution
		Ad-Hoc|Any CPU = Ad-Hoc|Any CPU
		Ad-Hoc|ARM = Ad-Hoc|ARM
		Ad-Hoc|ARM64 = Ad-Hoc|ARM64
		Ad-Hoc|iPhone = Ad-Hoc|iPhone
		Ad-Hoc|iPhoneSimulator = Ad-Hoc|iPhoneSimulator
		Ad-Hoc|x64 = Ad-Hoc|x64
		Ad-Hoc|x86 = Ad-Hoc|x86
		AppStore|Any CPU = AppStore|Any CPU
		AppStore|ARM = AppStore|ARM
		AppStore|ARM64 = AppStore|ARM64
		AppStore|iPhone = AppStore|iPhone
		AppStore|iPhoneSimulator = AppStore|iPhoneSimulator
		AppStore|x64 = AppStore|x64
		AppStore|x86 = AppStore|x86
		Debug|Any CPU = Debug|Any CPU
		Debug|ARM = Debug|ARM
		Debug|ARM64 = Debug|ARM64
		Debug|iPhone = Debug|iPhone
		Debug|iPhoneSimulator = Debug|iPhoneSimulator
		Debug|x64 = Debug|x64
		Debug|x86 = Debug|x86
		Release|Any CPU = Release|Any CPU
		Release|ARM = Release|ARM
		Release|ARM64 = Release|ARM64
		Release|iPhone = Release|iPhone
		Release|iPhoneSimulator = Release|iPhoneSimulator
		Release|x64 = Release|x64
		Release|x86 = Release|x86
	EndGlobalSection
	GlobalSection(ProjectConfigurationPlatforms) = postSolution
		{35F53F05-8042-4F48-822D-D5BD6B3FD7C6}.Ad-Hoc|Any CPU.ActiveCfg = Debug|Any CPU
		{35F53F05-8042-4F48-822D-D5BD6B3FD7C6}.Ad-Hoc|Any CPU.Build.0 = Debug|Any CPU
		{35F53F05-8042-4F48-822D-D5BD6B3FD7C6}.Ad-Hoc|Any CPU.Deploy.0 = Debug|Any CPU
		{35F53F05-8042-4F48-822D-D5BD6B3FD7C6}.Ad-Hoc|ARM.ActiveCfg = Debug|Any CPU
		{35F53F05-8042-4F48-822D-D5BD6B3FD7C6}.Ad-Hoc|ARM.Build.0 = Debug|Any CPU
		{35F53F05-8042-4F48-822D-D5BD6B3FD7C6}.Ad-Hoc|ARM.Deploy.0 = Debug|Any CPU
		{35F53F05-8042-4F48-822D-D5BD6B3FD7C6}.Ad-Hoc|ARM64.ActiveCfg = Debug|Any CPU
		{35F53F05-8042-4F48-822D-D5BD6B3FD7C6}.Ad-Hoc|ARM64.Build.0 = Debug|Any CPU
		{35F53F05-8042-4F48-822D-D5BD6B3FD7C6}.Ad-Hoc|ARM64.Deploy.0 = Debug|Any CPU
		{35F53F05-8042-4F48-822D-D5BD6B3FD7C6}.Ad-Hoc|iPhone.ActiveCfg = Debug|Any CPU
		{35F53F05-8042-4F48-822D-D5BD6B3FD7C6}.Ad-Hoc|iPhone.Build.0 = Debug|Any CPU
		{35F53F05-8042-4F48-822D-D5BD6B3FD7C6}.Ad-Hoc|iPhone.Deploy.0 = Debug|Any CPU
		{35F53F05-8042-4F48-822D-D5BD6B3FD7C6}.Ad-Hoc|iPhoneSimulator.ActiveCfg = Debug|Any CPU
		{35F53F05-8042-4F48-822D-D5BD6B3FD7C6}.Ad-Hoc|iPhoneSimulator.Build.0 = Debug|Any CPU
		{35F53F05-8042-4F48-822D-D5BD6B3FD7C6}.Ad-Hoc|iPhoneSimulator.Deploy.0 = Debug|Any CPU
		{35F53F05-8042-4F48-822D-D5BD6B3FD7C6}.Ad-Hoc|x64.ActiveCfg = Debug|Any CPU
		{35F53F05-8042-4F48-822D-D5BD6B3FD7C6}.Ad-Hoc|x64.Build.0 = Debug|Any CPU
		{35F53F05-8042-4F48-822D-D5BD6B3FD7C6}.Ad-Hoc|x64.Deploy.0 = Debug|Any CPU
		{35F53F05-8042-4F48-822D-D5BD6B3FD7C6}.Ad-Hoc|x86.ActiveCfg = Debug|Any CPU
		{35F53F05-8042-4F48-822D-D5BD6B3FD7C6}.Ad-Hoc|x86.Build.0 = Debug|Any CPU
		{35F53F05-8042-4F48-822D-D5BD6B3FD7C6}.Ad-Hoc|x86.Deploy.0 = Debug|Any CPU
		{35F53F05-8042-4F48-822D-D5BD6B3FD7C6}.AppStore|Any CPU.ActiveCfg = Debug|Any CPU
		{35F53F05-8042-4F48-822D-D5BD6B3FD7C6}.AppStore|Any CPU.Build.0 = Debug|Any CPU
		{35F53F05-8042-4F48-822D-D5BD6B3FD7C6}.AppStore|Any CPU.Deploy.0 = Debug|Any CPU
		{35F53F05-8042-4F48-822D-D5BD6B3FD7C6}.AppStore|ARM.ActiveCfg = Debug|Any CPU
		{35F53F05-8042-4F48-822D-D5BD6B3FD7C6}.AppStore|ARM.Build.0 = Debug|Any CPU
		{35F53F05-8042-4F48-822D-D5BD6B3FD7C6}.AppStore|ARM.Deploy.0 = Debug|Any CPU
		{35F53F05-8042-4F48-822D-D5BD6B3FD7C6}.AppStore|ARM64.ActiveCfg = Debug|Any CPU
		{35F53F05-8042-4F48-822D-D5BD6B3FD7C6}.AppStore|ARM64.Build.0 = Debug|Any CPU
		{35F53F05-8042-4F48-822D-D5BD6B3FD7C6}.AppStore|ARM64.Deploy.0 = Debug|Any CPU
		{35F53F05-8042-4F48-822D-D5BD6B3FD7C6}.AppStore|iPhone.ActiveCfg = Debug|Any CPU
		{35F53F05-8042-4F48-822D-D5BD6B3FD7C6}.AppStore|iPhone.Build.0 = Debug|Any CPU
		{35F53F05-8042-4F48-822D-D5BD6B3FD7C6}.AppStore|iPhone.Deploy.0 = Debug|Any CPU
		{35F53F05-8042-4F48-822D-D5BD6B3FD7C6}.AppStore|iPhoneSimulator.ActiveCfg = Debug|Any CPU
		{35F53F05-8042-4F48-822D-D5BD6B3FD7C6}.AppStore|iPhoneSimulator.Build.0 = Debug|Any CPU
		{35F53F05-8042-4F48-822D-D5BD6B3FD7C6}.AppStore|iPhoneSimulator.Deploy.0 = Debug|Any CPU
		{35F53F05-8042-4F48-822D-D5BD6B3FD7C6}.AppStore|x64.ActiveCfg = Debug|Any CPU
		{35F53F05-8042-4F48-822D-D5BD6B3FD7C6}.AppStore|x64.Build.0 = Debug|Any CPU
		{35F53F05-8042-4F48-822D-D5BD6B3FD7C6}.AppStore|x64.Deploy.0 = Debug|Any CPU
		{35F53F05-8042-4F48-822D-D5BD6B3FD7C6}.AppStore|x86.ActiveCfg = Debug|Any CPU
		{35F53F05-8042-4F48-822D-D5BD6B3FD7C6}.AppStore|x86.Build.0 = Debug|Any CPU
		{35F53F05-8042-4F48-822D-D5BD6B3FD7C6}.AppStore|x86.Deploy.0 = Debug|Any CPU
		{35F53F05-8042-4F48-822D-D5BD6B3FD7C6}.Debug|Any CPU.ActiveCfg = Debug|Any CPU
		{35F53F05-8042-4F48-822D-D5BD6B3FD7C6}.Debug|Any CPU.Build.0 = Debug|Any CPU
		{35F53F05-8042-4F48-822D-D5BD6B3FD7C6}.Debug|Any CPU.Deploy.0 = Debug|Any CPU
		{35F53F05-8042-4F48-822D-D5BD6B3FD7C6}.Debug|ARM.ActiveCfg = Debug|Any CPU
		{35F53F05-8042-4F48-822D-D5BD6B3FD7C6}.Debug|ARM.Build.0 = Debug|Any CPU
		{35F53F05-8042-4F48-822D-D5BD6B3FD7C6}.Debug|ARM.Deploy.0 = Debug|Any CPU
		{35F53F05-8042-4F48-822D-D5BD6B3FD7C6}.Debug|ARM64.ActiveCfg = Debug|Any CPU
		{35F53F05-8042-4F48-822D-D5BD6B3FD7C6}.Debug|ARM64.Build.0 = Debug|Any CPU
		{35F53F05-8042-4F48-822D-D5BD6B3FD7C6}.Debug|ARM64.Deploy.0 = Debug|Any CPU
		{35F53F05-8042-4F48-822D-D5BD6B3FD7C6}.Debug|iPhone.ActiveCfg = Debug|Any CPU
		{35F53F05-8042-4F48-822D-D5BD6B3FD7C6}.Debug|iPhone.Build.0 = Debug|Any CPU
		{35F53F05-8042-4F48-822D-D5BD6B3FD7C6}.Debug|iPhone.Deploy.0 = Debug|Any CPU
		{35F53F05-8042-4F48-822D-D5BD6B3FD7C6}.Debug|iPhoneSimulator.ActiveCfg = Debug|Any CPU
		{35F53F05-8042-4F48-822D-D5BD6B3FD7C6}.Debug|iPhoneSimulator.Build.0 = Debug|Any CPU
		{35F53F05-8042-4F48-822D-D5BD6B3FD7C6}.Debug|iPhoneSimulator.Deploy.0 = Debug|Any CPU
		{35F53F05-8042-4F48-822D-D5BD6B3FD7C6}.Debug|x64.ActiveCfg = Debug|Any CPU
		{35F53F05-8042-4F48-822D-D5BD6B3FD7C6}.Debug|x64.Build.0 = Debug|Any CPU
		{35F53F05-8042-4F48-822D-D5BD6B3FD7C6}.Debug|x64.Deploy.0 = Debug|Any CPU
		{35F53F05-8042-4F48-822D-D5BD6B3FD7C6}.Debug|x86.ActiveCfg = Debug|Any CPU
		{35F53F05-8042-4F48-822D-D5BD6B3FD7C6}.Debug|x86.Build.0 = Debug|Any CPU
		{35F53F05-8042-4F48-822D-D5BD6B3FD7C6}.Debug|x86.Deploy.0 = Debug|Any CPU
		{35F53F05-8042-4F48-822D-D5BD6B3FD7C6}.Release|Any CPU.ActiveCfg = Release|Any CPU
		{35F53F05-8042-4F48-822D-D5BD6B3FD7C6}.Release|Any CPU.Build.0 = Release|Any CPU
		{35F53F05-8042-4F48-822D-D5BD6B3FD7C6}.Release|Any CPU.Deploy.0 = Release|Any CPU
		{35F53F05-8042-4F48-822D-D5BD6B3FD7C6}.Release|ARM.ActiveCfg = Release|Any CPU
		{35F53F05-8042-4F48-822D-D5BD6B3FD7C6}.Release|ARM.Build.0 = Release|Any CPU
		{35F53F05-8042-4F48-822D-D5BD6B3FD7C6}.Release|ARM.Deploy.0 = Release|Any CPU
		{35F53F05-8042-4F48-822D-D5BD6B3FD7C6}.Release|ARM64.ActiveCfg = Release|Any CPU
		{35F53F05-8042-4F48-822D-D5BD6B3FD7C6}.Release|ARM64.Build.0 = Release|Any CPU
		{35F53F05-8042-4F48-822D-D5BD6B3FD7C6}.Release|ARM64.Deploy.0 = Release|Any CPU
		{35F53F05-8042-4F48-822D-D5BD6B3FD7C6}.Release|iPhone.ActiveCfg = Release|Any CPU
		{35F53F05-8042-4F48-822D-D5BD6B3FD7C6}.Release|iPhone.Build.0 = Release|Any CPU
		{35F53F05-8042-4F48-822D-D5BD6B3FD7C6}.Release|iPhone.Deploy.0 = Release|Any CPU
		{35F53F05-8042-4F48-822D-D5BD6B3FD7C6}.Release|iPhoneSimulator.ActiveCfg = Release|Any CPU
		{35F53F05-8042-4F48-822D-D5BD6B3FD7C6}.Release|iPhoneSimulator.Build.0 = Release|Any CPU
		{35F53F05-8042-4F48-822D-D5BD6B3FD7C6}.Release|iPhoneSimulator.Deploy.0 = Release|Any CPU
		{35F53F05-8042-4F48-822D-D5BD6B3FD7C6}.Release|x64.ActiveCfg = Release|Any CPU
		{35F53F05-8042-4F48-822D-D5BD6B3FD7C6}.Release|x64.Build.0 = Release|Any CPU
		{35F53F05-8042-4F48-822D-D5BD6B3FD7C6}.Release|x64.Deploy.0 = Release|Any CPU
		{35F53F05-8042-4F48-822D-D5BD6B3FD7C6}.Release|x86.ActiveCfg = Release|Any CPU
		{35F53F05-8042-4F48-822D-D5BD6B3FD7C6}.Release|x86.Build.0 = Release|Any CPU
		{35F53F05-8042-4F48-822D-D5BD6B3FD7C6}.Release|x86.Deploy.0 = Release|Any CPU
		{1AC92890-5377-4AA5-9678-799E5D1C6CF2}.Ad-Hoc|Any CPU.ActiveCfg = Ad-Hoc|iPhoneSimulator
		{1AC92890-5377-4AA5-9678-799E5D1C6CF2}.Ad-Hoc|ARM.ActiveCfg = Ad-Hoc|iPhoneSimulator
		{1AC92890-5377-4AA5-9678-799E5D1C6CF2}.Ad-Hoc|ARM64.ActiveCfg = Ad-Hoc|iPhoneSimulator
		{1AC92890-5377-4AA5-9678-799E5D1C6CF2}.Ad-Hoc|iPhone.ActiveCfg = Ad-Hoc|iPhone
		{1AC92890-5377-4AA5-9678-799E5D1C6CF2}.Ad-Hoc|iPhone.Build.0 = Ad-Hoc|iPhone
		{1AC92890-5377-4AA5-9678-799E5D1C6CF2}.Ad-Hoc|iPhoneSimulator.ActiveCfg = Ad-Hoc|iPhoneSimulator
		{1AC92890-5377-4AA5-9678-799E5D1C6CF2}.Ad-Hoc|iPhoneSimulator.Build.0 = Ad-Hoc|iPhoneSimulator
		{1AC92890-5377-4AA5-9678-799E5D1C6CF2}.Ad-Hoc|x64.ActiveCfg = Ad-Hoc|iPhoneSimulator
		{1AC92890-5377-4AA5-9678-799E5D1C6CF2}.Ad-Hoc|x86.ActiveCfg = Ad-Hoc|iPhoneSimulator
		{1AC92890-5377-4AA5-9678-799E5D1C6CF2}.AppStore|Any CPU.ActiveCfg = AppStore|iPhoneSimulator
		{1AC92890-5377-4AA5-9678-799E5D1C6CF2}.AppStore|ARM.ActiveCfg = AppStore|iPhoneSimulator
		{1AC92890-5377-4AA5-9678-799E5D1C6CF2}.AppStore|ARM64.ActiveCfg = AppStore|iPhoneSimulator
		{1AC92890-5377-4AA5-9678-799E5D1C6CF2}.AppStore|iPhone.ActiveCfg = AppStore|iPhone
		{1AC92890-5377-4AA5-9678-799E5D1C6CF2}.AppStore|iPhone.Build.0 = AppStore|iPhone
		{1AC92890-5377-4AA5-9678-799E5D1C6CF2}.AppStore|iPhoneSimulator.ActiveCfg = AppStore|iPhoneSimulator
		{1AC92890-5377-4AA5-9678-799E5D1C6CF2}.AppStore|iPhoneSimulator.Build.0 = AppStore|iPhoneSimulator
		{1AC92890-5377-4AA5-9678-799E5D1C6CF2}.AppStore|x64.ActiveCfg = AppStore|iPhoneSimulator
		{1AC92890-5377-4AA5-9678-799E5D1C6CF2}.AppStore|x86.ActiveCfg = AppStore|iPhoneSimulator
		{1AC92890-5377-4AA5-9678-799E5D1C6CF2}.Debug|Any CPU.ActiveCfg = Debug|iPhoneSimulator
		{1AC92890-5377-4AA5-9678-799E5D1C6CF2}.Debug|ARM.ActiveCfg = Debug|iPhoneSimulator
		{1AC92890-5377-4AA5-9678-799E5D1C6CF2}.Debug|ARM64.ActiveCfg = Debug|iPhoneSimulator
		{1AC92890-5377-4AA5-9678-799E5D1C6CF2}.Debug|iPhone.ActiveCfg = Debug|iPhone
		{1AC92890-5377-4AA5-9678-799E5D1C6CF2}.Debug|iPhone.Build.0 = Debug|iPhone
		{1AC92890-5377-4AA5-9678-799E5D1C6CF2}.Debug|iPhoneSimulator.ActiveCfg = Debug|iPhoneSimulator
		{1AC92890-5377-4AA5-9678-799E5D1C6CF2}.Debug|iPhoneSimulator.Build.0 = Debug|iPhoneSimulator
		{1AC92890-5377-4AA5-9678-799E5D1C6CF2}.Debug|x64.ActiveCfg = Debug|iPhoneSimulator
		{1AC92890-5377-4AA5-9678-799E5D1C6CF2}.Debug|x86.ActiveCfg = Debug|iPhoneSimulator
		{1AC92890-5377-4AA5-9678-799E5D1C6CF2}.Release|Any CPU.ActiveCfg = Release|iPhoneSimulator
		{1AC92890-5377-4AA5-9678-799E5D1C6CF2}.Release|ARM.ActiveCfg = Release|iPhoneSimulator
		{1AC92890-5377-4AA5-9678-799E5D1C6CF2}.Release|ARM64.ActiveCfg = Release|iPhoneSimulator
		{1AC92890-5377-4AA5-9678-799E5D1C6CF2}.Release|iPhone.ActiveCfg = Release|iPhone
		{1AC92890-5377-4AA5-9678-799E5D1C6CF2}.Release|iPhone.Build.0 = Release|iPhone
		{1AC92890-5377-4AA5-9678-799E5D1C6CF2}.Release|iPhoneSimulator.ActiveCfg = Release|iPhoneSimulator
		{1AC92890-5377-4AA5-9678-799E5D1C6CF2}.Release|iPhoneSimulator.Build.0 = Release|iPhoneSimulator
		{1AC92890-5377-4AA5-9678-799E5D1C6CF2}.Release|x64.ActiveCfg = Release|iPhoneSimulator
		{1AC92890-5377-4AA5-9678-799E5D1C6CF2}.Release|x86.ActiveCfg = Release|iPhoneSimulator
		{F22432A5-B891-477F-93E5-C3E7B7FB2EAB}.Ad-Hoc|Any CPU.ActiveCfg = Debug|x86
		{F22432A5-B891-477F-93E5-C3E7B7FB2EAB}.Ad-Hoc|Any CPU.Build.0 = Debug|x86
		{F22432A5-B891-477F-93E5-C3E7B7FB2EAB}.Ad-Hoc|Any CPU.Deploy.0 = Debug|x86
		{F22432A5-B891-477F-93E5-C3E7B7FB2EAB}.Ad-Hoc|ARM.ActiveCfg = Debug|ARM
		{F22432A5-B891-477F-93E5-C3E7B7FB2EAB}.Ad-Hoc|ARM.Build.0 = Debug|ARM
		{F22432A5-B891-477F-93E5-C3E7B7FB2EAB}.Ad-Hoc|ARM.Deploy.0 = Debug|ARM
		{F22432A5-B891-477F-93E5-C3E7B7FB2EAB}.Ad-Hoc|ARM64.ActiveCfg = Debug|ARM64
		{F22432A5-B891-477F-93E5-C3E7B7FB2EAB}.Ad-Hoc|ARM64.Build.0 = Debug|ARM64
		{F22432A5-B891-477F-93E5-C3E7B7FB2EAB}.Ad-Hoc|ARM64.Deploy.0 = Debug|ARM64
		{F22432A5-B891-477F-93E5-C3E7B7FB2EAB}.Ad-Hoc|iPhone.ActiveCfg = Debug|x86
		{F22432A5-B891-477F-93E5-C3E7B7FB2EAB}.Ad-Hoc|iPhone.Build.0 = Debug|x86
		{F22432A5-B891-477F-93E5-C3E7B7FB2EAB}.Ad-Hoc|iPhone.Deploy.0 = Debug|x86
		{F22432A5-B891-477F-93E5-C3E7B7FB2EAB}.Ad-Hoc|iPhoneSimulator.ActiveCfg = Debug|x86
		{F22432A5-B891-477F-93E5-C3E7B7FB2EAB}.Ad-Hoc|iPhoneSimulator.Build.0 = Debug|x86
		{F22432A5-B891-477F-93E5-C3E7B7FB2EAB}.Ad-Hoc|iPhoneSimulator.Deploy.0 = Debug|x86
		{F22432A5-B891-477F-93E5-C3E7B7FB2EAB}.Ad-Hoc|x64.ActiveCfg = Debug|x64
		{F22432A5-B891-477F-93E5-C3E7B7FB2EAB}.Ad-Hoc|x64.Build.0 = Debug|x64
		{F22432A5-B891-477F-93E5-C3E7B7FB2EAB}.Ad-Hoc|x64.Deploy.0 = Debug|x64
		{F22432A5-B891-477F-93E5-C3E7B7FB2EAB}.Ad-Hoc|x86.ActiveCfg = Debug|x86
		{F22432A5-B891-477F-93E5-C3E7B7FB2EAB}.Ad-Hoc|x86.Build.0 = Debug|x86
		{F22432A5-B891-477F-93E5-C3E7B7FB2EAB}.Ad-Hoc|x86.Deploy.0 = Debug|x86
		{F22432A5-B891-477F-93E5-C3E7B7FB2EAB}.AppStore|Any CPU.ActiveCfg = Debug|x86
		{F22432A5-B891-477F-93E5-C3E7B7FB2EAB}.AppStore|Any CPU.Build.0 = Debug|x86
		{F22432A5-B891-477F-93E5-C3E7B7FB2EAB}.AppStore|Any CPU.Deploy.0 = Debug|x86
		{F22432A5-B891-477F-93E5-C3E7B7FB2EAB}.AppStore|ARM.ActiveCfg = Debug|ARM
		{F22432A5-B891-477F-93E5-C3E7B7FB2EAB}.AppStore|ARM.Build.0 = Debug|ARM
		{F22432A5-B891-477F-93E5-C3E7B7FB2EAB}.AppStore|ARM.Deploy.0 = Debug|ARM
		{F22432A5-B891-477F-93E5-C3E7B7FB2EAB}.AppStore|ARM64.ActiveCfg = Debug|ARM64
		{F22432A5-B891-477F-93E5-C3E7B7FB2EAB}.AppStore|ARM64.Build.0 = Debug|ARM64
		{F22432A5-B891-477F-93E5-C3E7B7FB2EAB}.AppStore|ARM64.Deploy.0 = Debug|ARM64
		{F22432A5-B891-477F-93E5-C3E7B7FB2EAB}.AppStore|iPhone.ActiveCfg = Debug|x86
		{F22432A5-B891-477F-93E5-C3E7B7FB2EAB}.AppStore|iPhone.Build.0 = Debug|x86
		{F22432A5-B891-477F-93E5-C3E7B7FB2EAB}.AppStore|iPhone.Deploy.0 = Debug|x86
		{F22432A5-B891-477F-93E5-C3E7B7FB2EAB}.AppStore|iPhoneSimulator.ActiveCfg = Debug|x86
		{F22432A5-B891-477F-93E5-C3E7B7FB2EAB}.AppStore|iPhoneSimulator.Build.0 = Debug|x86
		{F22432A5-B891-477F-93E5-C3E7B7FB2EAB}.AppStore|iPhoneSimulator.Deploy.0 = Debug|x86
		{F22432A5-B891-477F-93E5-C3E7B7FB2EAB}.AppStore|x64.ActiveCfg = Debug|x64
		{F22432A5-B891-477F-93E5-C3E7B7FB2EAB}.AppStore|x64.Build.0 = Debug|x64
		{F22432A5-B891-477F-93E5-C3E7B7FB2EAB}.AppStore|x64.Deploy.0 = Debug|x64
		{F22432A5-B891-477F-93E5-C3E7B7FB2EAB}.AppStore|x86.ActiveCfg = Debug|x86
		{F22432A5-B891-477F-93E5-C3E7B7FB2EAB}.AppStore|x86.Build.0 = Debug|x86
		{F22432A5-B891-477F-93E5-C3E7B7FB2EAB}.AppStore|x86.Deploy.0 = Debug|x86
		{F22432A5-B891-477F-93E5-C3E7B7FB2EAB}.Debug|Any CPU.ActiveCfg = Debug|x86
		{F22432A5-B891-477F-93E5-C3E7B7FB2EAB}.Debug|ARM.ActiveCfg = Debug|ARM
		{F22432A5-B891-477F-93E5-C3E7B7FB2EAB}.Debug|ARM.Build.0 = Debug|ARM
		{F22432A5-B891-477F-93E5-C3E7B7FB2EAB}.Debug|ARM.Deploy.0 = Debug|ARM
		{F22432A5-B891-477F-93E5-C3E7B7FB2EAB}.Debug|ARM64.ActiveCfg = Debug|ARM64
		{F22432A5-B891-477F-93E5-C3E7B7FB2EAB}.Debug|ARM64.Build.0 = Debug|ARM64
		{F22432A5-B891-477F-93E5-C3E7B7FB2EAB}.Debug|ARM64.Deploy.0 = Debug|ARM64
		{F22432A5-B891-477F-93E5-C3E7B7FB2EAB}.Debug|iPhone.ActiveCfg = Debug|x86
		{F22432A5-B891-477F-93E5-C3E7B7FB2EAB}.Debug|iPhoneSimulator.ActiveCfg = Debug|x86
		{F22432A5-B891-477F-93E5-C3E7B7FB2EAB}.Debug|x64.ActiveCfg = Debug|x64
		{F22432A5-B891-477F-93E5-C3E7B7FB2EAB}.Debug|x64.Build.0 = Debug|x64
		{F22432A5-B891-477F-93E5-C3E7B7FB2EAB}.Debug|x64.Deploy.0 = Debug|x64
		{F22432A5-B891-477F-93E5-C3E7B7FB2EAB}.Debug|x86.ActiveCfg = Debug|x86
		{F22432A5-B891-477F-93E5-C3E7B7FB2EAB}.Debug|x86.Build.0 = Debug|x86
		{F22432A5-B891-477F-93E5-C3E7B7FB2EAB}.Debug|x86.Deploy.0 = Debug|x86
		{F22432A5-B891-477F-93E5-C3E7B7FB2EAB}.Release|Any CPU.ActiveCfg = Release|x86
		{F22432A5-B891-477F-93E5-C3E7B7FB2EAB}.Release|ARM.ActiveCfg = Release|ARM
		{F22432A5-B891-477F-93E5-C3E7B7FB2EAB}.Release|ARM.Build.0 = Release|ARM
		{F22432A5-B891-477F-93E5-C3E7B7FB2EAB}.Release|ARM.Deploy.0 = Release|ARM
		{F22432A5-B891-477F-93E5-C3E7B7FB2EAB}.Release|ARM64.ActiveCfg = Release|ARM64
		{F22432A5-B891-477F-93E5-C3E7B7FB2EAB}.Release|ARM64.Build.0 = Release|ARM64
		{F22432A5-B891-477F-93E5-C3E7B7FB2EAB}.Release|ARM64.Deploy.0 = Release|ARM64
		{F22432A5-B891-477F-93E5-C3E7B7FB2EAB}.Release|iPhone.ActiveCfg = Release|x86
		{F22432A5-B891-477F-93E5-C3E7B7FB2EAB}.Release|iPhoneSimulator.ActiveCfg = Release|x86
		{F22432A5-B891-477F-93E5-C3E7B7FB2EAB}.Release|x64.ActiveCfg = Release|x64
		{F22432A5-B891-477F-93E5-C3E7B7FB2EAB}.Release|x64.Build.0 = Release|x64
		{F22432A5-B891-477F-93E5-C3E7B7FB2EAB}.Release|x64.Deploy.0 = Release|x64
		{F22432A5-B891-477F-93E5-C3E7B7FB2EAB}.Release|x86.ActiveCfg = Release|x86
		{F22432A5-B891-477F-93E5-C3E7B7FB2EAB}.Release|x86.Build.0 = Release|x86
		{F22432A5-B891-477F-93E5-C3E7B7FB2EAB}.Release|x86.Deploy.0 = Release|x86
		{07901C86-07EE-48C2-9F7A-BC999099791E}.Ad-Hoc|Any CPU.ActiveCfg = Debug|Any CPU
		{07901C86-07EE-48C2-9F7A-BC999099791E}.Ad-Hoc|Any CPU.Build.0 = Debug|Any CPU
		{07901C86-07EE-48C2-9F7A-BC999099791E}.Ad-Hoc|ARM.ActiveCfg = Debug|Any CPU
		{07901C86-07EE-48C2-9F7A-BC999099791E}.Ad-Hoc|ARM.Build.0 = Debug|Any CPU
		{07901C86-07EE-48C2-9F7A-BC999099791E}.Ad-Hoc|ARM64.ActiveCfg = Debug|Any CPU
		{07901C86-07EE-48C2-9F7A-BC999099791E}.Ad-Hoc|ARM64.Build.0 = Debug|Any CPU
		{07901C86-07EE-48C2-9F7A-BC999099791E}.Ad-Hoc|iPhone.ActiveCfg = Debug|Any CPU
		{07901C86-07EE-48C2-9F7A-BC999099791E}.Ad-Hoc|iPhone.Build.0 = Debug|Any CPU
		{07901C86-07EE-48C2-9F7A-BC999099791E}.Ad-Hoc|iPhoneSimulator.ActiveCfg = Debug|Any CPU
		{07901C86-07EE-48C2-9F7A-BC999099791E}.Ad-Hoc|iPhoneSimulator.Build.0 = Debug|Any CPU
		{07901C86-07EE-48C2-9F7A-BC999099791E}.Ad-Hoc|x64.ActiveCfg = Debug|Any CPU
		{07901C86-07EE-48C2-9F7A-BC999099791E}.Ad-Hoc|x64.Build.0 = Debug|Any CPU
		{07901C86-07EE-48C2-9F7A-BC999099791E}.Ad-Hoc|x86.ActiveCfg = Debug|Any CPU
		{07901C86-07EE-48C2-9F7A-BC999099791E}.Ad-Hoc|x86.Build.0 = Debug|Any CPU
		{07901C86-07EE-48C2-9F7A-BC999099791E}.AppStore|Any CPU.ActiveCfg = Debug|Any CPU
		{07901C86-07EE-48C2-9F7A-BC999099791E}.AppStore|Any CPU.Build.0 = Debug|Any CPU
		{07901C86-07EE-48C2-9F7A-BC999099791E}.AppStore|ARM.ActiveCfg = Debug|Any CPU
		{07901C86-07EE-48C2-9F7A-BC999099791E}.AppStore|ARM.Build.0 = Debug|Any CPU
		{07901C86-07EE-48C2-9F7A-BC999099791E}.AppStore|ARM64.ActiveCfg = Debug|Any CPU
		{07901C86-07EE-48C2-9F7A-BC999099791E}.AppStore|ARM64.Build.0 = Debug|Any CPU
		{07901C86-07EE-48C2-9F7A-BC999099791E}.AppStore|iPhone.ActiveCfg = Debug|Any CPU
		{07901C86-07EE-48C2-9F7A-BC999099791E}.AppStore|iPhone.Build.0 = Debug|Any CPU
		{07901C86-07EE-48C2-9F7A-BC999099791E}.AppStore|iPhoneSimulator.ActiveCfg = Debug|Any CPU
		{07901C86-07EE-48C2-9F7A-BC999099791E}.AppStore|iPhoneSimulator.Build.0 = Debug|Any CPU
		{07901C86-07EE-48C2-9F7A-BC999099791E}.AppStore|x64.ActiveCfg = Debug|Any CPU
		{07901C86-07EE-48C2-9F7A-BC999099791E}.AppStore|x64.Build.0 = Debug|Any CPU
		{07901C86-07EE-48C2-9F7A-BC999099791E}.AppStore|x86.ActiveCfg = Debug|Any CPU
		{07901C86-07EE-48C2-9F7A-BC999099791E}.AppStore|x86.Build.0 = Debug|Any CPU
		{07901C86-07EE-48C2-9F7A-BC999099791E}.Debug|Any CPU.ActiveCfg = Debug|Any CPU
		{07901C86-07EE-48C2-9F7A-BC999099791E}.Debug|Any CPU.Build.0 = Debug|Any CPU
		{07901C86-07EE-48C2-9F7A-BC999099791E}.Debug|ARM.ActiveCfg = Debug|Any CPU
		{07901C86-07EE-48C2-9F7A-BC999099791E}.Debug|ARM.Build.0 = Debug|Any CPU
		{07901C86-07EE-48C2-9F7A-BC999099791E}.Debug|ARM64.ActiveCfg = Debug|Any CPU
		{07901C86-07EE-48C2-9F7A-BC999099791E}.Debug|ARM64.Build.0 = Debug|Any CPU
		{07901C86-07EE-48C2-9F7A-BC999099791E}.Debug|iPhone.ActiveCfg = Debug|Any CPU
		{07901C86-07EE-48C2-9F7A-BC999099791E}.Debug|iPhone.Build.0 = Debug|Any CPU
		{07901C86-07EE-48C2-9F7A-BC999099791E}.Debug|iPhoneSimulator.ActiveCfg = Debug|Any CPU
		{07901C86-07EE-48C2-9F7A-BC999099791E}.Debug|iPhoneSimulator.Build.0 = Debug|Any CPU
		{07901C86-07EE-48C2-9F7A-BC999099791E}.Debug|x64.ActiveCfg = Debug|Any CPU
		{07901C86-07EE-48C2-9F7A-BC999099791E}.Debug|x64.Build.0 = Debug|Any CPU
		{07901C86-07EE-48C2-9F7A-BC999099791E}.Debug|x86.ActiveCfg = Debug|Any CPU
		{07901C86-07EE-48C2-9F7A-BC999099791E}.Debug|x86.Build.0 = Debug|Any CPU
		{07901C86-07EE-48C2-9F7A-BC999099791E}.Release|Any CPU.ActiveCfg = Release|Any CPU
		{07901C86-07EE-48C2-9F7A-BC999099791E}.Release|Any CPU.Build.0 = Release|Any CPU
		{07901C86-07EE-48C2-9F7A-BC999099791E}.Release|ARM.ActiveCfg = Release|Any CPU
		{07901C86-07EE-48C2-9F7A-BC999099791E}.Release|ARM.Build.0 = Release|Any CPU
		{07901C86-07EE-48C2-9F7A-BC999099791E}.Release|ARM64.ActiveCfg = Release|Any CPU
		{07901C86-07EE-48C2-9F7A-BC999099791E}.Release|ARM64.Build.0 = Release|Any CPU
		{07901C86-07EE-48C2-9F7A-BC999099791E}.Release|iPhone.ActiveCfg = Release|Any CPU
		{07901C86-07EE-48C2-9F7A-BC999099791E}.Release|iPhone.Build.0 = Release|Any CPU
		{07901C86-07EE-48C2-9F7A-BC999099791E}.Release|iPhoneSimulator.ActiveCfg = Release|Any CPU
		{07901C86-07EE-48C2-9F7A-BC999099791E}.Release|iPhoneSimulator.Build.0 = Release|Any CPU
		{07901C86-07EE-48C2-9F7A-BC999099791E}.Release|x64.ActiveCfg = Release|Any CPU
		{07901C86-07EE-48C2-9F7A-BC999099791E}.Release|x64.Build.0 = Release|Any CPU
		{07901C86-07EE-48C2-9F7A-BC999099791E}.Release|x86.ActiveCfg = Release|Any CPU
		{07901C86-07EE-48C2-9F7A-BC999099791E}.Release|x86.Build.0 = Release|Any CPU
		{BACDAB44-5EA8-4A27-BC3B-0CDB11798F85}.Ad-Hoc|Any CPU.ActiveCfg = Debug|iPhoneSimulator
		{BACDAB44-5EA8-4A27-BC3B-0CDB11798F85}.Ad-Hoc|Any CPU.Build.0 = Debug|iPhoneSimulator
		{BACDAB44-5EA8-4A27-BC3B-0CDB11798F85}.Ad-Hoc|ARM.ActiveCfg = Debug|iPhoneSimulator
		{BACDAB44-5EA8-4A27-BC3B-0CDB11798F85}.Ad-Hoc|ARM.Build.0 = Debug|iPhoneSimulator
		{BACDAB44-5EA8-4A27-BC3B-0CDB11798F85}.Ad-Hoc|ARM64.ActiveCfg = Debug|iPhoneSimulator
		{BACDAB44-5EA8-4A27-BC3B-0CDB11798F85}.Ad-Hoc|ARM64.Build.0 = Debug|iPhoneSimulator
		{BACDAB44-5EA8-4A27-BC3B-0CDB11798F85}.Ad-Hoc|iPhone.ActiveCfg = Debug|iPhoneSimulator
		{BACDAB44-5EA8-4A27-BC3B-0CDB11798F85}.Ad-Hoc|iPhone.Build.0 = Debug|iPhoneSimulator
		{BACDAB44-5EA8-4A27-BC3B-0CDB11798F85}.Ad-Hoc|iPhoneSimulator.ActiveCfg = Debug|iPhoneSimulator
		{BACDAB44-5EA8-4A27-BC3B-0CDB11798F85}.Ad-Hoc|iPhoneSimulator.Build.0 = Debug|iPhoneSimulator
		{BACDAB44-5EA8-4A27-BC3B-0CDB11798F85}.Ad-Hoc|x64.ActiveCfg = Debug|iPhoneSimulator
		{BACDAB44-5EA8-4A27-BC3B-0CDB11798F85}.Ad-Hoc|x64.Build.0 = Debug|iPhoneSimulator
		{BACDAB44-5EA8-4A27-BC3B-0CDB11798F85}.Ad-Hoc|x86.ActiveCfg = Debug|iPhoneSimulator
		{BACDAB44-5EA8-4A27-BC3B-0CDB11798F85}.Ad-Hoc|x86.Build.0 = Debug|iPhoneSimulator
		{BACDAB44-5EA8-4A27-BC3B-0CDB11798F85}.AppStore|Any CPU.ActiveCfg = Debug|iPhoneSimulator
		{BACDAB44-5EA8-4A27-BC3B-0CDB11798F85}.AppStore|Any CPU.Build.0 = Debug|iPhoneSimulator
		{BACDAB44-5EA8-4A27-BC3B-0CDB11798F85}.AppStore|ARM.ActiveCfg = Debug|iPhoneSimulator
		{BACDAB44-5EA8-4A27-BC3B-0CDB11798F85}.AppStore|ARM.Build.0 = Debug|iPhoneSimulator
		{BACDAB44-5EA8-4A27-BC3B-0CDB11798F85}.AppStore|ARM64.ActiveCfg = Debug|iPhoneSimulator
		{BACDAB44-5EA8-4A27-BC3B-0CDB11798F85}.AppStore|ARM64.Build.0 = Debug|iPhoneSimulator
		{BACDAB44-5EA8-4A27-BC3B-0CDB11798F85}.AppStore|iPhone.ActiveCfg = Debug|iPhoneSimulator
		{BACDAB44-5EA8-4A27-BC3B-0CDB11798F85}.AppStore|iPhone.Build.0 = Debug|iPhoneSimulator
		{BACDAB44-5EA8-4A27-BC3B-0CDB11798F85}.AppStore|iPhoneSimulator.ActiveCfg = Debug|iPhoneSimulator
		{BACDAB44-5EA8-4A27-BC3B-0CDB11798F85}.AppStore|iPhoneSimulator.Build.0 = Debug|iPhoneSimulator
		{BACDAB44-5EA8-4A27-BC3B-0CDB11798F85}.AppStore|x64.ActiveCfg = Debug|iPhoneSimulator
		{BACDAB44-5EA8-4A27-BC3B-0CDB11798F85}.AppStore|x64.Build.0 = Debug|iPhoneSimulator
		{BACDAB44-5EA8-4A27-BC3B-0CDB11798F85}.AppStore|x86.ActiveCfg = Debug|iPhoneSimulator
		{BACDAB44-5EA8-4A27-BC3B-0CDB11798F85}.AppStore|x86.Build.0 = Debug|iPhoneSimulator
		{BACDAB44-5EA8-4A27-BC3B-0CDB11798F85}.Debug|Any CPU.ActiveCfg = Debug|iPhoneSimulator
		{BACDAB44-5EA8-4A27-BC3B-0CDB11798F85}.Debug|ARM.ActiveCfg = Debug|iPhoneSimulator
		{BACDAB44-5EA8-4A27-BC3B-0CDB11798F85}.Debug|ARM64.ActiveCfg = Debug|iPhoneSimulator
		{BACDAB44-5EA8-4A27-BC3B-0CDB11798F85}.Debug|iPhone.ActiveCfg = Debug|iPhoneSimulator
		{BACDAB44-5EA8-4A27-BC3B-0CDB11798F85}.Debug|iPhoneSimulator.ActiveCfg = Debug|iPhoneSimulator
		{BACDAB44-5EA8-4A27-BC3B-0CDB11798F85}.Debug|iPhoneSimulator.Build.0 = Debug|iPhoneSimulator
		{BACDAB44-5EA8-4A27-BC3B-0CDB11798F85}.Debug|x64.ActiveCfg = Debug|iPhoneSimulator
		{BACDAB44-5EA8-4A27-BC3B-0CDB11798F85}.Debug|x86.ActiveCfg = Debug|iPhoneSimulator
		{BACDAB44-5EA8-4A27-BC3B-0CDB11798F85}.Release|Any CPU.ActiveCfg = Release|iPhoneSimulator
		{BACDAB44-5EA8-4A27-BC3B-0CDB11798F85}.Release|ARM.ActiveCfg = Release|iPhoneSimulator
		{BACDAB44-5EA8-4A27-BC3B-0CDB11798F85}.Release|ARM64.ActiveCfg = Release|iPhoneSimulator
		{BACDAB44-5EA8-4A27-BC3B-0CDB11798F85}.Release|iPhone.ActiveCfg = Release|iPhoneSimulator
		{BACDAB44-5EA8-4A27-BC3B-0CDB11798F85}.Release|iPhoneSimulator.ActiveCfg = Release|iPhoneSimulator
		{BACDAB44-5EA8-4A27-BC3B-0CDB11798F85}.Release|iPhoneSimulator.Build.0 = Release|iPhoneSimulator
		{BACDAB44-5EA8-4A27-BC3B-0CDB11798F85}.Release|x64.ActiveCfg = Release|iPhoneSimulator
		{BACDAB44-5EA8-4A27-BC3B-0CDB11798F85}.Release|x86.ActiveCfg = Release|iPhoneSimulator
		{199A3A09-B8ED-4FD7-8978-C1E38777A31A}.Ad-Hoc|Any CPU.ActiveCfg = Debug|Any CPU
		{199A3A09-B8ED-4FD7-8978-C1E38777A31A}.Ad-Hoc|Any CPU.Build.0 = Debug|Any CPU
		{199A3A09-B8ED-4FD7-8978-C1E38777A31A}.Ad-Hoc|ARM.ActiveCfg = Debug|Any CPU
		{199A3A09-B8ED-4FD7-8978-C1E38777A31A}.Ad-Hoc|ARM.Build.0 = Debug|Any CPU
		{199A3A09-B8ED-4FD7-8978-C1E38777A31A}.Ad-Hoc|ARM64.ActiveCfg = Debug|Any CPU
		{199A3A09-B8ED-4FD7-8978-C1E38777A31A}.Ad-Hoc|ARM64.Build.0 = Debug|Any CPU
		{199A3A09-B8ED-4FD7-8978-C1E38777A31A}.Ad-Hoc|iPhone.ActiveCfg = Debug|Any CPU
		{199A3A09-B8ED-4FD7-8978-C1E38777A31A}.Ad-Hoc|iPhone.Build.0 = Debug|Any CPU
		{199A3A09-B8ED-4FD7-8978-C1E38777A31A}.Ad-Hoc|iPhoneSimulator.ActiveCfg = Debug|Any CPU
		{199A3A09-B8ED-4FD7-8978-C1E38777A31A}.Ad-Hoc|iPhoneSimulator.Build.0 = Debug|Any CPU
		{199A3A09-B8ED-4FD7-8978-C1E38777A31A}.Ad-Hoc|x64.ActiveCfg = Debug|Any CPU
		{199A3A09-B8ED-4FD7-8978-C1E38777A31A}.Ad-Hoc|x64.Build.0 = Debug|Any CPU
		{199A3A09-B8ED-4FD7-8978-C1E38777A31A}.Ad-Hoc|x86.ActiveCfg = Debug|Any CPU
		{199A3A09-B8ED-4FD7-8978-C1E38777A31A}.Ad-Hoc|x86.Build.0 = Debug|Any CPU
		{199A3A09-B8ED-4FD7-8978-C1E38777A31A}.AppStore|Any CPU.ActiveCfg = Debug|Any CPU
		{199A3A09-B8ED-4FD7-8978-C1E38777A31A}.AppStore|Any CPU.Build.0 = Debug|Any CPU
		{199A3A09-B8ED-4FD7-8978-C1E38777A31A}.AppStore|ARM.ActiveCfg = Debug|Any CPU
		{199A3A09-B8ED-4FD7-8978-C1E38777A31A}.AppStore|ARM.Build.0 = Debug|Any CPU
		{199A3A09-B8ED-4FD7-8978-C1E38777A31A}.AppStore|ARM64.ActiveCfg = Debug|Any CPU
		{199A3A09-B8ED-4FD7-8978-C1E38777A31A}.AppStore|ARM64.Build.0 = Debug|Any CPU
		{199A3A09-B8ED-4FD7-8978-C1E38777A31A}.AppStore|iPhone.ActiveCfg = Debug|Any CPU
		{199A3A09-B8ED-4FD7-8978-C1E38777A31A}.AppStore|iPhone.Build.0 = Debug|Any CPU
		{199A3A09-B8ED-4FD7-8978-C1E38777A31A}.AppStore|iPhoneSimulator.ActiveCfg = Debug|Any CPU
		{199A3A09-B8ED-4FD7-8978-C1E38777A31A}.AppStore|iPhoneSimulator.Build.0 = Debug|Any CPU
		{199A3A09-B8ED-4FD7-8978-C1E38777A31A}.AppStore|x64.ActiveCfg = Debug|Any CPU
		{199A3A09-B8ED-4FD7-8978-C1E38777A31A}.AppStore|x64.Build.0 = Debug|Any CPU
		{199A3A09-B8ED-4FD7-8978-C1E38777A31A}.AppStore|x86.ActiveCfg = Debug|Any CPU
		{199A3A09-B8ED-4FD7-8978-C1E38777A31A}.AppStore|x86.Build.0 = Debug|Any CPU
		{199A3A09-B8ED-4FD7-8978-C1E38777A31A}.Debug|Any CPU.ActiveCfg = Debug|Any CPU
		{199A3A09-B8ED-4FD7-8978-C1E38777A31A}.Debug|Any CPU.Build.0 = Debug|Any CPU
		{199A3A09-B8ED-4FD7-8978-C1E38777A31A}.Debug|ARM.ActiveCfg = Debug|Any CPU
		{199A3A09-B8ED-4FD7-8978-C1E38777A31A}.Debug|ARM.Build.0 = Debug|Any CPU
		{199A3A09-B8ED-4FD7-8978-C1E38777A31A}.Debug|ARM64.ActiveCfg = Debug|Any CPU
		{199A3A09-B8ED-4FD7-8978-C1E38777A31A}.Debug|ARM64.Build.0 = Debug|Any CPU
		{199A3A09-B8ED-4FD7-8978-C1E38777A31A}.Debug|iPhone.ActiveCfg = Debug|Any CPU
		{199A3A09-B8ED-4FD7-8978-C1E38777A31A}.Debug|iPhone.Build.0 = Debug|Any CPU
		{199A3A09-B8ED-4FD7-8978-C1E38777A31A}.Debug|iPhoneSimulator.ActiveCfg = Debug|Any CPU
		{199A3A09-B8ED-4FD7-8978-C1E38777A31A}.Debug|iPhoneSimulator.Build.0 = Debug|Any CPU
		{199A3A09-B8ED-4FD7-8978-C1E38777A31A}.Debug|x64.ActiveCfg = Debug|Any CPU
		{199A3A09-B8ED-4FD7-8978-C1E38777A31A}.Debug|x64.Build.0 = Debug|Any CPU
		{199A3A09-B8ED-4FD7-8978-C1E38777A31A}.Debug|x86.ActiveCfg = Debug|Any CPU
		{199A3A09-B8ED-4FD7-8978-C1E38777A31A}.Debug|x86.Build.0 = Debug|Any CPU
		{199A3A09-B8ED-4FD7-8978-C1E38777A31A}.Release|Any CPU.ActiveCfg = Release|Any CPU
		{199A3A09-B8ED-4FD7-8978-C1E38777A31A}.Release|Any CPU.Build.0 = Release|Any CPU
		{199A3A09-B8ED-4FD7-8978-C1E38777A31A}.Release|ARM.ActiveCfg = Release|Any CPU
		{199A3A09-B8ED-4FD7-8978-C1E38777A31A}.Release|ARM.Build.0 = Release|Any CPU
		{199A3A09-B8ED-4FD7-8978-C1E38777A31A}.Release|ARM64.ActiveCfg = Release|Any CPU
		{199A3A09-B8ED-4FD7-8978-C1E38777A31A}.Release|ARM64.Build.0 = Release|Any CPU
		{199A3A09-B8ED-4FD7-8978-C1E38777A31A}.Release|iPhone.ActiveCfg = Release|Any CPU
		{199A3A09-B8ED-4FD7-8978-C1E38777A31A}.Release|iPhone.Build.0 = Release|Any CPU
		{199A3A09-B8ED-4FD7-8978-C1E38777A31A}.Release|iPhoneSimulator.ActiveCfg = Release|Any CPU
		{199A3A09-B8ED-4FD7-8978-C1E38777A31A}.Release|iPhoneSimulator.Build.0 = Release|Any CPU
		{199A3A09-B8ED-4FD7-8978-C1E38777A31A}.Release|x64.ActiveCfg = Release|Any CPU
		{199A3A09-B8ED-4FD7-8978-C1E38777A31A}.Release|x64.Build.0 = Release|Any CPU
		{199A3A09-B8ED-4FD7-8978-C1E38777A31A}.Release|x86.ActiveCfg = Release|Any CPU
		{199A3A09-B8ED-4FD7-8978-C1E38777A31A}.Release|x86.Build.0 = Release|Any CPU
		{6048C977-C772-4D5A-B146-C2D7CC980113}.Ad-Hoc|Any CPU.ActiveCfg = Debug|Any CPU
		{6048C977-C772-4D5A-B146-C2D7CC980113}.Ad-Hoc|Any CPU.Build.0 = Debug|Any CPU
		{6048C977-C772-4D5A-B146-C2D7CC980113}.Ad-Hoc|ARM.ActiveCfg = Debug|Any CPU
		{6048C977-C772-4D5A-B146-C2D7CC980113}.Ad-Hoc|ARM.Build.0 = Debug|Any CPU
		{6048C977-C772-4D5A-B146-C2D7CC980113}.Ad-Hoc|ARM64.ActiveCfg = Debug|Any CPU
		{6048C977-C772-4D5A-B146-C2D7CC980113}.Ad-Hoc|ARM64.Build.0 = Debug|Any CPU
		{6048C977-C772-4D5A-B146-C2D7CC980113}.Ad-Hoc|iPhone.ActiveCfg = Debug|Any CPU
		{6048C977-C772-4D5A-B146-C2D7CC980113}.Ad-Hoc|iPhone.Build.0 = Debug|Any CPU
		{6048C977-C772-4D5A-B146-C2D7CC980113}.Ad-Hoc|iPhoneSimulator.ActiveCfg = Debug|Any CPU
		{6048C977-C772-4D5A-B146-C2D7CC980113}.Ad-Hoc|iPhoneSimulator.Build.0 = Debug|Any CPU
		{6048C977-C772-4D5A-B146-C2D7CC980113}.Ad-Hoc|x64.ActiveCfg = Debug|Any CPU
		{6048C977-C772-4D5A-B146-C2D7CC980113}.Ad-Hoc|x64.Build.0 = Debug|Any CPU
		{6048C977-C772-4D5A-B146-C2D7CC980113}.Ad-Hoc|x86.ActiveCfg = Debug|Any CPU
		{6048C977-C772-4D5A-B146-C2D7CC980113}.Ad-Hoc|x86.Build.0 = Debug|Any CPU
		{6048C977-C772-4D5A-B146-C2D7CC980113}.AppStore|Any CPU.ActiveCfg = Debug|Any CPU
		{6048C977-C772-4D5A-B146-C2D7CC980113}.AppStore|Any CPU.Build.0 = Debug|Any CPU
		{6048C977-C772-4D5A-B146-C2D7CC980113}.AppStore|ARM.ActiveCfg = Debug|Any CPU
		{6048C977-C772-4D5A-B146-C2D7CC980113}.AppStore|ARM.Build.0 = Debug|Any CPU
		{6048C977-C772-4D5A-B146-C2D7CC980113}.AppStore|ARM64.ActiveCfg = Debug|Any CPU
		{6048C977-C772-4D5A-B146-C2D7CC980113}.AppStore|ARM64.Build.0 = Debug|Any CPU
		{6048C977-C772-4D5A-B146-C2D7CC980113}.AppStore|iPhone.ActiveCfg = Debug|Any CPU
		{6048C977-C772-4D5A-B146-C2D7CC980113}.AppStore|iPhone.Build.0 = Debug|Any CPU
		{6048C977-C772-4D5A-B146-C2D7CC980113}.AppStore|iPhoneSimulator.ActiveCfg = Debug|Any CPU
		{6048C977-C772-4D5A-B146-C2D7CC980113}.AppStore|iPhoneSimulator.Build.0 = Debug|Any CPU
		{6048C977-C772-4D5A-B146-C2D7CC980113}.AppStore|x64.ActiveCfg = Debug|Any CPU
		{6048C977-C772-4D5A-B146-C2D7CC980113}.AppStore|x64.Build.0 = Debug|Any CPU
		{6048C977-C772-4D5A-B146-C2D7CC980113}.AppStore|x86.ActiveCfg = Debug|Any CPU
		{6048C977-C772-4D5A-B146-C2D7CC980113}.AppStore|x86.Build.0 = Debug|Any CPU
		{6048C977-C772-4D5A-B146-C2D7CC980113}.Debug|Any CPU.ActiveCfg = Debug|Any CPU
		{6048C977-C772-4D5A-B146-C2D7CC980113}.Debug|Any CPU.Build.0 = Debug|Any CPU
		{6048C977-C772-4D5A-B146-C2D7CC980113}.Debug|ARM.ActiveCfg = Debug|Any CPU
		{6048C977-C772-4D5A-B146-C2D7CC980113}.Debug|ARM.Build.0 = Debug|Any CPU
		{6048C977-C772-4D5A-B146-C2D7CC980113}.Debug|ARM64.ActiveCfg = Debug|Any CPU
		{6048C977-C772-4D5A-B146-C2D7CC980113}.Debug|ARM64.Build.0 = Debug|Any CPU
		{6048C977-C772-4D5A-B146-C2D7CC980113}.Debug|iPhone.ActiveCfg = Debug|Any CPU
		{6048C977-C772-4D5A-B146-C2D7CC980113}.Debug|iPhone.Build.0 = Debug|Any CPU
		{6048C977-C772-4D5A-B146-C2D7CC980113}.Debug|iPhoneSimulator.ActiveCfg = Debug|Any CPU
		{6048C977-C772-4D5A-B146-C2D7CC980113}.Debug|iPhoneSimulator.Build.0 = Debug|Any CPU
		{6048C977-C772-4D5A-B146-C2D7CC980113}.Debug|x64.ActiveCfg = Debug|Any CPU
		{6048C977-C772-4D5A-B146-C2D7CC980113}.Debug|x64.Build.0 = Debug|Any CPU
		{6048C977-C772-4D5A-B146-C2D7CC980113}.Debug|x86.ActiveCfg = Debug|Any CPU
		{6048C977-C772-4D5A-B146-C2D7CC980113}.Debug|x86.Build.0 = Debug|Any CPU
		{6048C977-C772-4D5A-B146-C2D7CC980113}.Release|Any CPU.ActiveCfg = Release|Any CPU
		{6048C977-C772-4D5A-B146-C2D7CC980113}.Release|Any CPU.Build.0 = Release|Any CPU
		{6048C977-C772-4D5A-B146-C2D7CC980113}.Release|ARM.ActiveCfg = Release|Any CPU
		{6048C977-C772-4D5A-B146-C2D7CC980113}.Release|ARM.Build.0 = Release|Any CPU
		{6048C977-C772-4D5A-B146-C2D7CC980113}.Release|ARM64.ActiveCfg = Release|Any CPU
		{6048C977-C772-4D5A-B146-C2D7CC980113}.Release|ARM64.Build.0 = Release|Any CPU
		{6048C977-C772-4D5A-B146-C2D7CC980113}.Release|iPhone.ActiveCfg = Release|Any CPU
		{6048C977-C772-4D5A-B146-C2D7CC980113}.Release|iPhone.Build.0 = Release|Any CPU
		{6048C977-C772-4D5A-B146-C2D7CC980113}.Release|iPhoneSimulator.ActiveCfg = Release|Any CPU
		{6048C977-C772-4D5A-B146-C2D7CC980113}.Release|iPhoneSimulator.Build.0 = Release|Any CPU
		{6048C977-C772-4D5A-B146-C2D7CC980113}.Release|x64.ActiveCfg = Release|Any CPU
		{6048C977-C772-4D5A-B146-C2D7CC980113}.Release|x64.Build.0 = Release|Any CPU
		{6048C977-C772-4D5A-B146-C2D7CC980113}.Release|x86.ActiveCfg = Release|Any CPU
		{6048C977-C772-4D5A-B146-C2D7CC980113}.Release|x86.Build.0 = Release|Any CPU
		{A0DA5669-3692-4A7E-BD65-8BE0FA643C9E}.Ad-Hoc|Any CPU.ActiveCfg = Debug|Any CPU
		{A0DA5669-3692-4A7E-BD65-8BE0FA643C9E}.Ad-Hoc|Any CPU.Build.0 = Debug|Any CPU
		{A0DA5669-3692-4A7E-BD65-8BE0FA643C9E}.Ad-Hoc|ARM.ActiveCfg = Debug|Any CPU
		{A0DA5669-3692-4A7E-BD65-8BE0FA643C9E}.Ad-Hoc|ARM.Build.0 = Debug|Any CPU
		{A0DA5669-3692-4A7E-BD65-8BE0FA643C9E}.Ad-Hoc|ARM64.ActiveCfg = Debug|Any CPU
		{A0DA5669-3692-4A7E-BD65-8BE0FA643C9E}.Ad-Hoc|ARM64.Build.0 = Debug|Any CPU
		{A0DA5669-3692-4A7E-BD65-8BE0FA643C9E}.Ad-Hoc|iPhone.ActiveCfg = Debug|Any CPU
		{A0DA5669-3692-4A7E-BD65-8BE0FA643C9E}.Ad-Hoc|iPhone.Build.0 = Debug|Any CPU
		{A0DA5669-3692-4A7E-BD65-8BE0FA643C9E}.Ad-Hoc|iPhoneSimulator.ActiveCfg = Debug|Any CPU
		{A0DA5669-3692-4A7E-BD65-8BE0FA643C9E}.Ad-Hoc|iPhoneSimulator.Build.0 = Debug|Any CPU
		{A0DA5669-3692-4A7E-BD65-8BE0FA643C9E}.Ad-Hoc|x64.ActiveCfg = Debug|Any CPU
		{A0DA5669-3692-4A7E-BD65-8BE0FA643C9E}.Ad-Hoc|x64.Build.0 = Debug|Any CPU
		{A0DA5669-3692-4A7E-BD65-8BE0FA643C9E}.Ad-Hoc|x86.ActiveCfg = Debug|Any CPU
		{A0DA5669-3692-4A7E-BD65-8BE0FA643C9E}.Ad-Hoc|x86.Build.0 = Debug|Any CPU
		{A0DA5669-3692-4A7E-BD65-8BE0FA643C9E}.AppStore|Any CPU.ActiveCfg = Debug|Any CPU
		{A0DA5669-3692-4A7E-BD65-8BE0FA643C9E}.AppStore|Any CPU.Build.0 = Debug|Any CPU
		{A0DA5669-3692-4A7E-BD65-8BE0FA643C9E}.AppStore|ARM.ActiveCfg = Debug|Any CPU
		{A0DA5669-3692-4A7E-BD65-8BE0FA643C9E}.AppStore|ARM.Build.0 = Debug|Any CPU
		{A0DA5669-3692-4A7E-BD65-8BE0FA643C9E}.AppStore|ARM64.ActiveCfg = Debug|Any CPU
		{A0DA5669-3692-4A7E-BD65-8BE0FA643C9E}.AppStore|ARM64.Build.0 = Debug|Any CPU
		{A0DA5669-3692-4A7E-BD65-8BE0FA643C9E}.AppStore|iPhone.ActiveCfg = Debug|Any CPU
		{A0DA5669-3692-4A7E-BD65-8BE0FA643C9E}.AppStore|iPhone.Build.0 = Debug|Any CPU
		{A0DA5669-3692-4A7E-BD65-8BE0FA643C9E}.AppStore|iPhoneSimulator.ActiveCfg = Debug|Any CPU
		{A0DA5669-3692-4A7E-BD65-8BE0FA643C9E}.AppStore|iPhoneSimulator.Build.0 = Debug|Any CPU
		{A0DA5669-3692-4A7E-BD65-8BE0FA643C9E}.AppStore|x64.ActiveCfg = Debug|Any CPU
		{A0DA5669-3692-4A7E-BD65-8BE0FA643C9E}.AppStore|x64.Build.0 = Debug|Any CPU
		{A0DA5669-3692-4A7E-BD65-8BE0FA643C9E}.AppStore|x86.ActiveCfg = Debug|Any CPU
		{A0DA5669-3692-4A7E-BD65-8BE0FA643C9E}.AppStore|x86.Build.0 = Debug|Any CPU
		{A0DA5669-3692-4A7E-BD65-8BE0FA643C9E}.Debug|Any CPU.ActiveCfg = Debug|Any CPU
		{A0DA5669-3692-4A7E-BD65-8BE0FA643C9E}.Debug|Any CPU.Build.0 = Debug|Any CPU
		{A0DA5669-3692-4A7E-BD65-8BE0FA643C9E}.Debug|ARM.ActiveCfg = Debug|Any CPU
		{A0DA5669-3692-4A7E-BD65-8BE0FA643C9E}.Debug|ARM.Build.0 = Debug|Any CPU
		{A0DA5669-3692-4A7E-BD65-8BE0FA643C9E}.Debug|ARM64.ActiveCfg = Debug|Any CPU
		{A0DA5669-3692-4A7E-BD65-8BE0FA643C9E}.Debug|ARM64.Build.0 = Debug|Any CPU
		{A0DA5669-3692-4A7E-BD65-8BE0FA643C9E}.Debug|iPhone.ActiveCfg = Debug|Any CPU
		{A0DA5669-3692-4A7E-BD65-8BE0FA643C9E}.Debug|iPhone.Build.0 = Debug|Any CPU
		{A0DA5669-3692-4A7E-BD65-8BE0FA643C9E}.Debug|iPhoneSimulator.ActiveCfg = Debug|Any CPU
		{A0DA5669-3692-4A7E-BD65-8BE0FA643C9E}.Debug|iPhoneSimulator.Build.0 = Debug|Any CPU
		{A0DA5669-3692-4A7E-BD65-8BE0FA643C9E}.Debug|x64.ActiveCfg = Debug|Any CPU
		{A0DA5669-3692-4A7E-BD65-8BE0FA643C9E}.Debug|x64.Build.0 = Debug|Any CPU
		{A0DA5669-3692-4A7E-BD65-8BE0FA643C9E}.Debug|x86.ActiveCfg = Debug|Any CPU
		{A0DA5669-3692-4A7E-BD65-8BE0FA643C9E}.Debug|x86.Build.0 = Debug|Any CPU
		{A0DA5669-3692-4A7E-BD65-8BE0FA643C9E}.Release|Any CPU.ActiveCfg = Release|Any CPU
		{A0DA5669-3692-4A7E-BD65-8BE0FA643C9E}.Release|Any CPU.Build.0 = Release|Any CPU
		{A0DA5669-3692-4A7E-BD65-8BE0FA643C9E}.Release|ARM.ActiveCfg = Release|Any CPU
		{A0DA5669-3692-4A7E-BD65-8BE0FA643C9E}.Release|ARM.Build.0 = Release|Any CPU
		{A0DA5669-3692-4A7E-BD65-8BE0FA643C9E}.Release|ARM64.ActiveCfg = Release|Any CPU
		{A0DA5669-3692-4A7E-BD65-8BE0FA643C9E}.Release|ARM64.Build.0 = Release|Any CPU
		{A0DA5669-3692-4A7E-BD65-8BE0FA643C9E}.Release|iPhone.ActiveCfg = Release|Any CPU
		{A0DA5669-3692-4A7E-BD65-8BE0FA643C9E}.Release|iPhone.Build.0 = Release|Any CPU
		{A0DA5669-3692-4A7E-BD65-8BE0FA643C9E}.Release|iPhoneSimulator.ActiveCfg = Release|Any CPU
		{A0DA5669-3692-4A7E-BD65-8BE0FA643C9E}.Release|iPhoneSimulator.Build.0 = Release|Any CPU
		{A0DA5669-3692-4A7E-BD65-8BE0FA643C9E}.Release|x64.ActiveCfg = Release|Any CPU
		{A0DA5669-3692-4A7E-BD65-8BE0FA643C9E}.Release|x64.Build.0 = Release|Any CPU
		{A0DA5669-3692-4A7E-BD65-8BE0FA643C9E}.Release|x86.ActiveCfg = Release|Any CPU
		{A0DA5669-3692-4A7E-BD65-8BE0FA643C9E}.Release|x86.Build.0 = Release|Any CPU
		{CFE8D234-BEB6-4866-93CD-4143DBCE863B}.Ad-Hoc|Any CPU.ActiveCfg = Debug|Any CPU
		{CFE8D234-BEB6-4866-93CD-4143DBCE863B}.Ad-Hoc|Any CPU.Build.0 = Debug|Any CPU
		{CFE8D234-BEB6-4866-93CD-4143DBCE863B}.Ad-Hoc|ARM.ActiveCfg = Debug|Any CPU
		{CFE8D234-BEB6-4866-93CD-4143DBCE863B}.Ad-Hoc|ARM.Build.0 = Debug|Any CPU
		{CFE8D234-BEB6-4866-93CD-4143DBCE863B}.Ad-Hoc|ARM64.ActiveCfg = Debug|Any CPU
		{CFE8D234-BEB6-4866-93CD-4143DBCE863B}.Ad-Hoc|ARM64.Build.0 = Debug|Any CPU
		{CFE8D234-BEB6-4866-93CD-4143DBCE863B}.Ad-Hoc|iPhone.ActiveCfg = Debug|Any CPU
		{CFE8D234-BEB6-4866-93CD-4143DBCE863B}.Ad-Hoc|iPhone.Build.0 = Debug|Any CPU
		{CFE8D234-BEB6-4866-93CD-4143DBCE863B}.Ad-Hoc|iPhoneSimulator.ActiveCfg = Debug|Any CPU
		{CFE8D234-BEB6-4866-93CD-4143DBCE863B}.Ad-Hoc|iPhoneSimulator.Build.0 = Debug|Any CPU
		{CFE8D234-BEB6-4866-93CD-4143DBCE863B}.Ad-Hoc|x64.ActiveCfg = Debug|Any CPU
		{CFE8D234-BEB6-4866-93CD-4143DBCE863B}.Ad-Hoc|x64.Build.0 = Debug|Any CPU
		{CFE8D234-BEB6-4866-93CD-4143DBCE863B}.Ad-Hoc|x86.ActiveCfg = Debug|Any CPU
		{CFE8D234-BEB6-4866-93CD-4143DBCE863B}.Ad-Hoc|x86.Build.0 = Debug|Any CPU
		{CFE8D234-BEB6-4866-93CD-4143DBCE863B}.AppStore|Any CPU.ActiveCfg = Debug|Any CPU
		{CFE8D234-BEB6-4866-93CD-4143DBCE863B}.AppStore|Any CPU.Build.0 = Debug|Any CPU
		{CFE8D234-BEB6-4866-93CD-4143DBCE863B}.AppStore|ARM.ActiveCfg = Debug|Any CPU
		{CFE8D234-BEB6-4866-93CD-4143DBCE863B}.AppStore|ARM.Build.0 = Debug|Any CPU
		{CFE8D234-BEB6-4866-93CD-4143DBCE863B}.AppStore|ARM64.ActiveCfg = Debug|Any CPU
		{CFE8D234-BEB6-4866-93CD-4143DBCE863B}.AppStore|ARM64.Build.0 = Debug|Any CPU
		{CFE8D234-BEB6-4866-93CD-4143DBCE863B}.AppStore|iPhone.ActiveCfg = Debug|Any CPU
		{CFE8D234-BEB6-4866-93CD-4143DBCE863B}.AppStore|iPhone.Build.0 = Debug|Any CPU
		{CFE8D234-BEB6-4866-93CD-4143DBCE863B}.AppStore|iPhoneSimulator.ActiveCfg = Debug|Any CPU
		{CFE8D234-BEB6-4866-93CD-4143DBCE863B}.AppStore|iPhoneSimulator.Build.0 = Debug|Any CPU
		{CFE8D234-BEB6-4866-93CD-4143DBCE863B}.AppStore|x64.ActiveCfg = Debug|Any CPU
		{CFE8D234-BEB6-4866-93CD-4143DBCE863B}.AppStore|x64.Build.0 = Debug|Any CPU
		{CFE8D234-BEB6-4866-93CD-4143DBCE863B}.AppStore|x86.ActiveCfg = Debug|Any CPU
		{CFE8D234-BEB6-4866-93CD-4143DBCE863B}.AppStore|x86.Build.0 = Debug|Any CPU
		{CFE8D234-BEB6-4866-93CD-4143DBCE863B}.Debug|Any CPU.ActiveCfg = Debug|Any CPU
		{CFE8D234-BEB6-4866-93CD-4143DBCE863B}.Debug|Any CPU.Build.0 = Debug|Any CPU
		{CFE8D234-BEB6-4866-93CD-4143DBCE863B}.Debug|ARM.ActiveCfg = Debug|Any CPU
		{CFE8D234-BEB6-4866-93CD-4143DBCE863B}.Debug|ARM.Build.0 = Debug|Any CPU
		{CFE8D234-BEB6-4866-93CD-4143DBCE863B}.Debug|ARM64.ActiveCfg = Debug|Any CPU
		{CFE8D234-BEB6-4866-93CD-4143DBCE863B}.Debug|ARM64.Build.0 = Debug|Any CPU
		{CFE8D234-BEB6-4866-93CD-4143DBCE863B}.Debug|iPhone.ActiveCfg = Debug|Any CPU
		{CFE8D234-BEB6-4866-93CD-4143DBCE863B}.Debug|iPhone.Build.0 = Debug|Any CPU
		{CFE8D234-BEB6-4866-93CD-4143DBCE863B}.Debug|iPhoneSimulator.ActiveCfg = Debug|Any CPU
		{CFE8D234-BEB6-4866-93CD-4143DBCE863B}.Debug|iPhoneSimulator.Build.0 = Debug|Any CPU
		{CFE8D234-BEB6-4866-93CD-4143DBCE863B}.Debug|x64.ActiveCfg = Debug|Any CPU
		{CFE8D234-BEB6-4866-93CD-4143DBCE863B}.Debug|x64.Build.0 = Debug|Any CPU
		{CFE8D234-BEB6-4866-93CD-4143DBCE863B}.Debug|x86.ActiveCfg = Debug|Any CPU
		{CFE8D234-BEB6-4866-93CD-4143DBCE863B}.Debug|x86.Build.0 = Debug|Any CPU
		{CFE8D234-BEB6-4866-93CD-4143DBCE863B}.Release|Any CPU.ActiveCfg = Release|Any CPU
		{CFE8D234-BEB6-4866-93CD-4143DBCE863B}.Release|Any CPU.Build.0 = Release|Any CPU
		{CFE8D234-BEB6-4866-93CD-4143DBCE863B}.Release|ARM.ActiveCfg = Release|Any CPU
		{CFE8D234-BEB6-4866-93CD-4143DBCE863B}.Release|ARM.Build.0 = Release|Any CPU
		{CFE8D234-BEB6-4866-93CD-4143DBCE863B}.Release|ARM64.ActiveCfg = Release|Any CPU
		{CFE8D234-BEB6-4866-93CD-4143DBCE863B}.Release|ARM64.Build.0 = Release|Any CPU
		{CFE8D234-BEB6-4866-93CD-4143DBCE863B}.Release|iPhone.ActiveCfg = Release|Any CPU
		{CFE8D234-BEB6-4866-93CD-4143DBCE863B}.Release|iPhone.Build.0 = Release|Any CPU
		{CFE8D234-BEB6-4866-93CD-4143DBCE863B}.Release|iPhoneSimulator.ActiveCfg = Release|Any CPU
		{CFE8D234-BEB6-4866-93CD-4143DBCE863B}.Release|iPhoneSimulator.Build.0 = Release|Any CPU
		{CFE8D234-BEB6-4866-93CD-4143DBCE863B}.Release|x64.ActiveCfg = Release|Any CPU
		{CFE8D234-BEB6-4866-93CD-4143DBCE863B}.Release|x64.Build.0 = Release|Any CPU
		{CFE8D234-BEB6-4866-93CD-4143DBCE863B}.Release|x86.ActiveCfg = Release|Any CPU
		{CFE8D234-BEB6-4866-93CD-4143DBCE863B}.Release|x86.Build.0 = Release|Any CPU
	EndGlobalSection
	GlobalSection(SolutionProperties) = preSolution
		HideSolutionNode = FALSE
	EndGlobalSection
	GlobalSection(NestedProjects) = preSolution
		{35F53F05-8042-4F48-822D-D5BD6B3FD7C6} = {EBD9145D-0A8A-4C3F-9562-90281C6C9539}
		{1AC92890-5377-4AA5-9678-799E5D1C6CF2} = {EBD9145D-0A8A-4C3F-9562-90281C6C9539}
		{F22432A5-B891-477F-93E5-C3E7B7FB2EAB} = {EBD9145D-0A8A-4C3F-9562-90281C6C9539}
		{07901C86-07EE-48C2-9F7A-BC999099791E} = {EBD9145D-0A8A-4C3F-9562-90281C6C9539}
		{BACDAB44-5EA8-4A27-BC3B-0CDB11798F85} = {EBD9145D-0A8A-4C3F-9562-90281C6C9539}
		{199A3A09-B8ED-4FD7-8978-C1E38777A31A} = {EBD9145D-0A8A-4C3F-9562-90281C6C9539}
		{6048C977-C772-4D5A-B146-C2D7CC980113} = {EBD9145D-0A8A-4C3F-9562-90281C6C9539}
		{A0DA5669-3692-4A7E-BD65-8BE0FA643C9E} = {EBD9145D-0A8A-4C3F-9562-90281C6C9539}
		{CFE8D234-BEB6-4866-93CD-4143DBCE863B} = {EBD9145D-0A8A-4C3F-9562-90281C6C9539}
	EndGlobalSection
	GlobalSection(ExtensibilityGlobals) = postSolution
		SolutionGuid = {4011194E-BC89-47A2-A103-2AF94D1ADC1F}
	EndGlobalSection
EndGlobal
